{
  "version": 4,
  "terraform_version": "0.13.4",
  "serial": 682,
  "lineage": "d317ad87-f5dc-769d-e392-e4e938209d1e",
  "outputs": {},
  "resources": [
    {
      "module": "module.ec2",
      "mode": "managed",
      "type": "aws_instance",
      "name": "bastion",
      "provider": "provider[\"registry.terraform.io/hashicorp/aws\"]",
      "instances": [
        {
          "schema_version": 1,
          "attributes": {
            "ami": "ami-0f96495a064477ffb",
            "arn": "arn:aws:ec2:ap-southeast-2:518667233221:instance/i-01fbba8bd926e6879",
            "associate_public_ip_address": false,
            "availability_zone": "ap-southeast-2a",
            "cpu_core_count": 1,
            "cpu_threads_per_core": 1,
            "credit_specification": [
              {
                "cpu_credits": "standard"
              }
            ],
            "disable_api_termination": false,
            "ebs_block_device": [],
            "ebs_optimized": false,
            "ephemeral_block_device": [],
            "get_password_data": false,
            "hibernation": false,
            "host_id": null,
            "iam_instance_profile": "",
            "id": "i-01fbba8bd926e6879",
            "instance_initiated_shutdown_behavior": null,
            "instance_state": "running",
            "instance_type": "t2.micro",
            "ipv6_address_count": 0,
            "ipv6_addresses": [],
            "key_name": "deployer-key",
            "metadata_options": [
              {
                "http_endpoint": "enabled",
                "http_put_response_hop_limit": 1,
                "http_tokens": "optional"
              }
            ],
            "monitoring": false,
            "network_interface": [],
            "outpost_arn": "",
            "password_data": "",
            "placement_group": "",
            "primary_network_interface_id": "eni-054d8f847619bd36a",
            "private_dns": "ip-10-43-192-184.ap-southeast-2.compute.internal",
            "private_ip": "10.43.192.184",
            "public_dns": "",
            "public_ip": "",
            "root_block_device": [
              {
                "delete_on_termination": true,
                "device_name": "/dev/xvda",
                "encrypted": false,
                "iops": 100,
                "kms_key_id": "",
                "volume_id": "vol-0115ecb5ab278eccc",
                "volume_size": 20,
                "volume_type": "gp2"
              }
            ],
            "secondary_private_ips": [],
            "security_groups": [],
            "source_dest_check": true,
            "subnet_id": "subnet-0925eaa11e5586e83",
            "tags": {
              "Name": "Bastion host"
            },
            "tenancy": "default",
            "timeouts": null,
            "user_data": null,
            "user_data_base64": null,
            "volume_tags": {},
            "vpc_security_group_ids": [
              "sg-0888a2440bccbf763"
            ]
          },
          "private": "eyJlMmJmYjczMC1lY2FhLTExZTYtOGY4OC0zNDM2M2JjN2M0YzAiOnsiY3JlYXRlIjo2MDAwMDAwMDAwMDAsImRlbGV0ZSI6MTIwMDAwMDAwMDAwMCwidXBkYXRlIjo2MDAwMDAwMDAwMDB9LCJzY2hlbWFfdmVyc2lvbiI6IjEifQ==",
          "dependencies": [
            "module.ec2.aws_key_pair.this",
            "module.ec2.aws_security_group.bastion-sg",
            "module.ec2.tls_private_key.this",
            "module.vpc.aws_subnet.public_subnet",
            "module.vpc.aws_vpc.this",
            "module.vpc.data.aws_availability_zones.available"
          ]
        }
      ]
    },
    {
      "module": "module.ec2",
      "mode": "managed",
      "type": "aws_key_pair",
      "name": "this",
      "provider": "provider[\"registry.terraform.io/hashicorp/aws\"]",
      "instances": [
        {
          "schema_version": 1,
          "attributes": {
            "arn": "arn:aws:ec2:ap-southeast-2:518667233221:key-pair/deployer-key",
            "fingerprint": "88:a5:b3:a5:0a:21:0c:76:cb:32:2f:00:82:eb:e8:06",
            "id": "deployer-key",
            "key_name": "deployer-key",
            "key_name_prefix": null,
            "key_pair_id": "key-079810faf31a1b3b0",
            "public_key": "ssh-rsa AAAAB3NzaC1yc2EAAAADAQABAAACAQDpuz3wcqKJW2l7ygFu/vUdxajLgAxaDiZE1H8+JBYEwL7lBNtLl8vp0B2xhs+XmJGdVaGG3SvWnqwXVDdpD018fXv/IsKqHhX0A7LJm8OCjVeYkaSrt+FnXxs2KtLG525RMcy/I6ZHW61QXQWR+l7h3QWRdeX3JayF/8JEVYh93eStZX+ZdP9UqzrBW3Scj76a7NZaZAZMebWC9nlKExnEqufGz8uOMIcXGUrsJuGQJ4xLZ0dPsJCeXI1TllBhx7NoswwDB2jUb1UvYU0+DIdk9Gq7lD24eJ9qFDzb0A9BeRvPxh6LaDnRKprZUBEqekq86TADoGb8vMZ/77mmUXhNxq9erc7JRxodwJCWzygwCnZHRvia2JS4zOHiEOXWok2+9SjyhxntJ6fT0dC9WvyRUeeJgBZcPl+lPZDqRFHjrNbjT8IGCH6Bp3G+PHNEAokZg9mqVcWxN/3V82as98WzAZDkHrZW95qme5nwTcowZR0uIpulq7c1zwI1RvayLtHGwQQwK1z6gFMv5QHNmTo6Nc/e+Zo0E6e9YMr/k79Ms1N72JRxli/l37+9Wh0v/avtnDR96i/shySG6PWh290NdBuIOlfC4PStjqzRx9qdNzqyvVIlazkFVJm0L4v/AoCOrBnP1oBMMMxCNZghWCzgfIqQA5PB83Xq9OVHZyTyJQ==",
            "tags": null
          },
          "private": "eyJzY2hlbWFfdmVyc2lvbiI6IjEifQ==",
          "dependencies": [
            "module.ec2.tls_private_key.this"
          ]
        }
      ]
    },
    {
      "module": "module.ec2",
      "mode": "managed",
      "type": "aws_security_group",
      "name": "bastion-sg",
      "provider": "provider[\"registry.terraform.io/hashicorp/aws\"]",
      "instances": [
        {
          "schema_version": 1,
          "attributes": {
            "arn": "arn:aws:ec2:ap-southeast-2:518667233221:security-group/sg-0888a2440bccbf763",
            "description": "kubectl_instance_sg",
            "egress": [
              {
                "cidr_blocks": [
                  "0.0.0.0/0"
                ],
                "description": "",
                "from_port": 0,
                "ipv6_cidr_blocks": [],
                "prefix_list_ids": [],
                "protocol": "-1",
                "security_groups": [],
                "self": false,
                "to_port": 0
              }
            ],
            "id": "sg-0888a2440bccbf763",
            "ingress": [
              {
                "cidr_blocks": [
                  "0.0.0.0/0"
                ],
                "description": "",
                "from_port": 22,
                "ipv6_cidr_blocks": [],
                "prefix_list_ids": [],
                "protocol": "tcp",
                "security_groups": [],
                "self": false,
                "to_port": 22
              }
            ],
            "name": "bastion-sg",
            "name_prefix": "",
            "owner_id": "518667233221",
            "revoke_rules_on_delete": false,
            "tags": {
              "Name": "bastion-security-group"
            },
            "timeouts": null,
            "vpc_id": "vpc-05f021fce4af88370"
          },
          "private": "eyJlMmJmYjczMC1lY2FhLTExZTYtOGY4OC0zNDM2M2JjN2M0YzAiOnsiY3JlYXRlIjo2MDAwMDAwMDAwMDAsImRlbGV0ZSI6NjAwMDAwMDAwMDAwfSwic2NoZW1hX3ZlcnNpb24iOiIxIn0=",
          "dependencies": [
            "module.vpc.aws_vpc.this"
          ]
        }
      ]
    },
    {
      "module": "module.ec2",
      "mode": "managed",
      "type": "tls_private_key",
      "name": "this",
      "provider": "provider[\"registry.terraform.io/hashicorp/tls\"]",
      "instances": [
        {
          "schema_version": 0,
          "attributes": {
            "algorithm": "RSA",
            "ecdsa_curve": "P224",
            "id": "9d2dab5566b665e411e3571e8637a0df7767eba4",
            "private_key_pem": "-----BEGIN RSA PRIVATE KEY-----\nMIIJKgIBAAKCAgEA6bs98HKiiVtpe8oBbv71HcWoy4AMWg4mRNR/PiQWBMC+5QTb\nS5fL6dAdsYbPl5iRnVWhht0r1p6sF1Q3aQ9NfH17/yLCqh4V9AOyyZvDgo1XmJGk\nq7fhZ18bNirSxuduUTHMvyOmR1utUF0Fkfpe4d0FkXXl9yWshf/CRFWIfd3krWV/\nmXT/VKs6wVt0nI++muzWWmQGTHm1gvZ5ShMZxKrnxs/LjjCHFxlK7CbhkCeMS2dH\nT7CQnlyNU5ZQYcezaLMMAwdo1G9VL2FNPgyHZPRqu5Q9uHifahQ829APQXkbz8Ye\ni2g50Sqa2VARKnpKvOkwA6Bm/LzGf++5plF4TcavXq3OyUcaHcCQls8oMAp2R0b4\nmtiUuMzh4hDl1qJNvvUo8ocZ7Sen09HQvVr8kVHniYAWXD5fpT2Q6kRR46zW40/C\nBgh+gadxvjxzRAKJGYPZqlXFsTf91fNmrPfFswGQ5B62VveapnuZ8E3KMGUdLiKb\npau3Nc8CNUb2si7RxsEEMCtc+oBTL+UBzZk6OjXP3vmaNBOnvWDK/5O/TLNTe9iU\ncZYv5d+/vVodL/2r7Zw0feov7Ickhuj1odvdDXQbiDpXwuD0rY6s0cfanTc6sr1S\nJWs5BVSZtC+L/wKAjqwZz9aATDDMQjWYIVgs4HyKkAOTwfN16vTlR2ck8iUCAwEA\nAQKCAgBSFZgjIZ9Dbf8VolPuj0u2MPyeu1GbLuzxr08gm7u/35ErDRGW8rCCZLyI\n5DdznflFsBUSMAp9TSxS5RiwpNcpqUgqyiJjbD15fPMFKtb2unzQ8BVM2T8n9pav\n50ou4Ig1q6+kUPjMhr3PQ1v5cFxyJhUWiLlCmtCEHtYy+Xb9/TeaTdMKKbSiH6B6\n14uUkEb4UcTV6drscLH2VGk0QpECKKNNhxyNyy0mR5Owa9c7sSfsM1EwA2pGs2pO\nuLNyI5g2ZOsLBUcjlBXuldVyvSOvqMbzKZSjfHk/3+ufpuo0rDvANGv1uZzUgInx\nV9UvfdNRlPNv0p1YlVOBCsfASUxeGFIXZIY2lCLOtJCHhhvNiOJzD/q4+RCTaMPg\nJZfxDvL2O/XFqIu9FWKYTUL/zMzankpdQ0rXJQylzdquB3HV00kIaY19J4UJd6k7\n82nIfBOx+2iUpqQLVIZKT81oDfBelvSiWi5zpwFbxzgXA+XHlCIdfmemPpFo+DGR\nqW+QvhoYE/JWGYUeNyyJybe2CwkKvt/paKKZtW8To9AaNhDmQI3zVyUVGovfwwf6\nppCWs12/85xfn5weZyEdm8+Pq6FU3Nt+a10TfERDmprnVS6fHLFEPPczeRYiROrP\nwRX9OaM3KmehgQD3N4a4FXl6qqfG3YcvWlM38uni07z84i+GAQKCAQEA7msfNHz6\nPvuO9moYykoy3fNSZO12e6yHSwYCAteg5pmWq1ml97Odhd5PuzGiBaaLi62fMqb/\nlYbB1NnzqTJJ68ekHW+noqx35YjX9NmFqKSbxMmABhwNmVn/2b6rhL9YwsOnxmdD\n4ZcHN3MV0oAVMD9kihCde92LdI49w0IOmJf+ddwQN1V/ZJ/pdte4hIwqr4bgWAPQ\nOzTdBhYL51zUosQYmxv+QXTUHYPoOnLOpQvteCrpCif5qD7xKtLiuPgLoR7jS8+D\n5/amW42hoO9iGOK4I+ZhEAThTY8fc1WxufBDNsdTe4KoBQ3K9ccPMWIoNImm3TYU\nJAH6rxpVVvoEtQKCAQEA+vejU541mfHbf65pH50Us6y76GLHPv3xsUtFHyOUmZQ+\ni7NXQbQEsm4oWZaCG/rpcXXZbAskPxhM6dJTkW0LgS7431NF30GFY7y5eGM+VJic\niz9TKZIgRswRpm2ipY/HWCAm6d+xlyjf3ERqO0Il87aHTH7g90MGV6qUtiT/nqW8\nv23GTk9KvlP3FAJmM5ETy+2bf+hnq9w3+BLZcbYQS8ZshslgYczXCwYGQfn1z/0g\nmpoNOQ9bNb+Jf1iheE5EUETcYUeRtecpSs66KVgYvBqSPlrEQ5sOGqZV9bglEWPi\nTvwKinq/Nz7e3b3ZbJ2AEyuRTum17a+rmvM/TvCNsQKCAQEAvVT8NuZ4o8OJSE4A\n2cQKmQ89g0DAMn5UAlQHDNLHx9h4OiK7FfXhRgnBL1q+29XiQ03heov7s3aMPsfG\nI7r30PF9dpLQgPKNVA5T0PFcnwv5V1DdBf0JH5rE/tnXw1dg2WoetgQTd/ZDmNkf\nn0ZvjR0Kbkm7hj3tHOZITeMLTEqHnHjht8+BlxsWf3XX5gqZa0KkrcB5gEr+qnKf\niV/CzG8FS0fzpW9tcvLpXGEHkTHjpuYMojAUpnM1eVh3C4SPV6f7wJxOl8rbWSEk\nFXWEZVbF/FxbACmf8cOSqjiHJq2R8tJfjVm4rCrD3mHxwrm8S9x0Un87h0y7EorK\n8oMhcQKCAQEA9f02xKYlKdCLcloUxhzkhrx/rmbrnw2wEjSR+tSYOfS5XZsaotb9\nZ5tbx3wj6aMFn+WAiEtfasy5ztIOgVOd3DCbVeK8cPk68qiwLpUwKiEwB7i5Hd0R\n7/LkNfnuW1NTdEiHe+N7oYs56R/R9GWA56H4ef0/Kn0ywUj83I/lUa5oFEZYArfr\nriSE4ML9Q/wmqFMsgLHes/B1l516Lt/ilzNVesP1ycbK3Q45of+MdiJJC+CFp3Eq\n2ML11bGdC1vDz92/GUbaRq7epWl9xTqJfA6bW60CBLX9nBd/2Ap3otUBpKOc/WEU\n/eSM9FG6xKCYQbIJioy/essebBGS8yAL8QKCAQEAurGmRb+41i3LA5kEaFp+NwoW\nj9ldcSuziwrn7n618vkEM1YjnmR9nIMYszRpNruxff/a6Z2KvodYgpLvPO+sisZF\nRf1CBgXak/E/7W+MmN7C7SmrWsIn1D7ziIucaqS1tv5M7ldZP5NLcazfTWL4VCxF\nGDUBj/SSRVJHvVxD6xoWoepleRtys/F4uVuANQzha965H3OO18NUJ2eCFH+PZ9yR\nhyH8vHrviX7vHK0zNACycnkNmkelncpSOFwvAzdWC70ZRhUs2iIdS438/Ymf2FM1\nADTu8X2CtixLSWHYgGND5XmTpvQW4VEz25kUmD4BrU2h5xX7K0Mlm3Jld15l4g==\n-----END RSA PRIVATE KEY-----\n",
            "public_key_fingerprint_md5": "ac:52:e4:e6:c2:a3:fc:20:4f:c8:2c:82:4b:96:85:34",
            "public_key_openssh": "ssh-rsa AAAAB3NzaC1yc2EAAAADAQABAAACAQDpuz3wcqKJW2l7ygFu/vUdxajLgAxaDiZE1H8+JBYEwL7lBNtLl8vp0B2xhs+XmJGdVaGG3SvWnqwXVDdpD018fXv/IsKqHhX0A7LJm8OCjVeYkaSrt+FnXxs2KtLG525RMcy/I6ZHW61QXQWR+l7h3QWRdeX3JayF/8JEVYh93eStZX+ZdP9UqzrBW3Scj76a7NZaZAZMebWC9nlKExnEqufGz8uOMIcXGUrsJuGQJ4xLZ0dPsJCeXI1TllBhx7NoswwDB2jUb1UvYU0+DIdk9Gq7lD24eJ9qFDzb0A9BeRvPxh6LaDnRKprZUBEqekq86TADoGb8vMZ/77mmUXhNxq9erc7JRxodwJCWzygwCnZHRvia2JS4zOHiEOXWok2+9SjyhxntJ6fT0dC9WvyRUeeJgBZcPl+lPZDqRFHjrNbjT8IGCH6Bp3G+PHNEAokZg9mqVcWxN/3V82as98WzAZDkHrZW95qme5nwTcowZR0uIpulq7c1zwI1RvayLtHGwQQwK1z6gFMv5QHNmTo6Nc/e+Zo0E6e9YMr/k79Ms1N72JRxli/l37+9Wh0v/avtnDR96i/shySG6PWh290NdBuIOlfC4PStjqzRx9qdNzqyvVIlazkFVJm0L4v/AoCOrBnP1oBMMMxCNZghWCzgfIqQA5PB83Xq9OVHZyTyJQ==\n",
            "public_key_pem": "-----BEGIN PUBLIC KEY-----\nMIICIjANBgkqhkiG9w0BAQEFAAOCAg8AMIICCgKCAgEA6bs98HKiiVtpe8oBbv71\nHcWoy4AMWg4mRNR/PiQWBMC+5QTbS5fL6dAdsYbPl5iRnVWhht0r1p6sF1Q3aQ9N\nfH17/yLCqh4V9AOyyZvDgo1XmJGkq7fhZ18bNirSxuduUTHMvyOmR1utUF0Fkfpe\n4d0FkXXl9yWshf/CRFWIfd3krWV/mXT/VKs6wVt0nI++muzWWmQGTHm1gvZ5ShMZ\nxKrnxs/LjjCHFxlK7CbhkCeMS2dHT7CQnlyNU5ZQYcezaLMMAwdo1G9VL2FNPgyH\nZPRqu5Q9uHifahQ829APQXkbz8Yei2g50Sqa2VARKnpKvOkwA6Bm/LzGf++5plF4\nTcavXq3OyUcaHcCQls8oMAp2R0b4mtiUuMzh4hDl1qJNvvUo8ocZ7Sen09HQvVr8\nkVHniYAWXD5fpT2Q6kRR46zW40/CBgh+gadxvjxzRAKJGYPZqlXFsTf91fNmrPfF\nswGQ5B62VveapnuZ8E3KMGUdLiKbpau3Nc8CNUb2si7RxsEEMCtc+oBTL+UBzZk6\nOjXP3vmaNBOnvWDK/5O/TLNTe9iUcZYv5d+/vVodL/2r7Zw0feov7Ickhuj1odvd\nDXQbiDpXwuD0rY6s0cfanTc6sr1SJWs5BVSZtC+L/wKAjqwZz9aATDDMQjWYIVgs\n4HyKkAOTwfN16vTlR2ck8iUCAwEAAQ==\n-----END PUBLIC KEY-----\n",
            "rsa_bits": 4096
          },
          "private": "bnVsbA=="
        }
      ]
    },
    {
      "module": "module.ecs",
      "mode": "data",
      "type": "template_file",
      "name": "user_data",
      "provider": "provider[\"registry.terraform.io/hashicorp/template\"]",
      "instances": [
        {
          "schema_version": 0,
          "attributes": {
            "filename": null,
            "id": "0ffc9191def4146bdf1142d5878a0fea0178c7783100ee1de8f4e073b26283f1",
            "rendered": "#!/bin/bash\r\nsudo yum update -y ecs-init\r\necho ECS_CLUSTER=ecs-demo \u003e\u003e /etc/ecs/ecs.config;\r\necho ECS_BACKEND_HOST= \u003e\u003e /etc/ecs/ecs.config;\r\necho ECS_ENGINE_TASK_CLEANUP_WAIT_DURATION=15m \u003e\u003e /etc/ecs/ecs.config;\r\necho ECS_IMAGE_CLEANUP_INTERVAL=10m \u003e\u003e /etc/ecs/ecs.config;\r\necho ECS_IMAGE_MINIMUM_CLEANUP_AGE=15m \u003e\u003e /etc/ecs/ecs.config;\r\ntouch /etc/sysctl.d/50-coredump.conf\r\necho \"kernel.core_pattern=|/bin/false\" \u003e\u003e /etc/sysctl.d/50-coredump.conf\r\nsysctl -p /etc/sysctl.d/50-coredump.conf\r\nsudo service docker restart \u0026\u0026 sudo start ecs",
            "template": "#!/bin/bash\r\nsudo yum update -y ecs-init\r\necho ECS_CLUSTER=${cluster_name} \u003e\u003e /etc/ecs/ecs.config;\r\necho ECS_BACKEND_HOST= \u003e\u003e /etc/ecs/ecs.config;\r\necho ECS_ENGINE_TASK_CLEANUP_WAIT_DURATION=15m \u003e\u003e /etc/ecs/ecs.config;\r\necho ECS_IMAGE_CLEANUP_INTERVAL=10m \u003e\u003e /etc/ecs/ecs.config;\r\necho ECS_IMAGE_MINIMUM_CLEANUP_AGE=15m \u003e\u003e /etc/ecs/ecs.config;\r\ntouch /etc/sysctl.d/50-coredump.conf\r\necho \"kernel.core_pattern=|/bin/false\" \u003e\u003e /etc/sysctl.d/50-coredump.conf\r\nsysctl -p /etc/sysctl.d/50-coredump.conf\r\nsudo service docker restart \u0026\u0026 sudo start ecs",
            "vars": {
              "cluster_name": "ecs-demo"
            }
          }
        }
      ]
    },
    {
      "module": "module.ecs",
      "mode": "managed",
      "type": "aws_appautoscaling_policy",
      "name": "demo-task-autoscale-policy",
      "provider": "provider[\"registry.terraform.io/hashicorp/aws\"]",
      "instances": [
        {
          "schema_version": 0,
          "attributes": {
            "arn": "arn:aws:autoscaling:ap-southeast-2:518667233221:scalingPolicy:0b37667c-b89a-4082-b006-8599dcfee879:resource/ecs/service/ecs-demo/ecs-service-demo:policyName/demo-task-autoscale-policy",
            "id": "demo-task-autoscale-policy",
            "name": "demo-task-autoscale-policy",
            "policy_type": "TargetTrackingScaling",
            "resource_id": "service/ecs-demo/ecs-service-demo",
            "scalable_dimension": "ecs:service:DesiredCount",
            "service_namespace": "ecs",
            "step_scaling_policy_configuration": [],
            "target_tracking_scaling_policy_configuration": [
              {
                "customized_metric_specification": [],
                "disable_scale_in": false,
                "predefined_metric_specification": [
                  {
                    "predefined_metric_type": "ECSServiceAverageCPUUtilization",
                    "resource_label": ""
                  }
                ],
                "scale_in_cooldown": 300,
                "scale_out_cooldown": 300,
                "target_value": 80
              }
            ]
          },
          "private": "bnVsbA==",
          "dependencies": [
            "module.ecs.aws_appautoscaling_target.demo-service-target",
            "module.ecs.aws_iam_role.ecs-autoscaling-role"
          ]
        }
      ]
    },
    {
      "module": "module.ecs",
      "mode": "managed",
      "type": "aws_appautoscaling_target",
      "name": "demo-service-target",
      "provider": "provider[\"registry.terraform.io/hashicorp/aws\"]",
      "instances": [
        {
          "schema_version": 0,
          "attributes": {
            "id": "service/ecs-demo/ecs-service-demo",
            "max_capacity": 6,
            "min_capacity": 1,
            "resource_id": "service/ecs-demo/ecs-service-demo",
            "role_arn": "arn:aws:iam::518667233221:role/aws-service-role/ecs.application-autoscaling.amazonaws.com/AWSServiceRoleForApplicationAutoScaling_ECSService",
            "scalable_dimension": "ecs:service:DesiredCount",
            "service_namespace": "ecs"
          },
          "private": "bnVsbA==",
          "dependencies": [
            "module.ecs.aws_iam_role.ecs-autoscaling-role"
          ]
        }
      ]
    },
    {
      "module": "module.ecs",
      "mode": "managed",
      "type": "aws_autoscaling_group",
      "name": "autoscaling-demo",
      "provider": "provider[\"registry.terraform.io/hashicorp/aws\"]",
      "instances": [
        {
          "schema_version": 0,
          "attributes": {
            "arn": "arn:aws:autoscaling:ap-southeast-2:518667233221:autoScalingGroup:3dcfe36c-888a-4d76-bdb2-c4a92af36695:autoScalingGroupName/autoscaling-instance-demo",
            "availability_zones": [
              "ap-southeast-2a",
              "ap-southeast-2b",
              "ap-southeast-2c"
            ],
            "default_cooldown": 300,
            "desired_capacity": 3,
            "enabled_metrics": null,
            "force_delete": false,
            "health_check_grace_period": 60,
            "health_check_type": "EC2",
            "id": "autoscaling-instance-demo",
            "initial_lifecycle_hook": [],
            "launch_configuration": "",
            "launch_template": [],
            "load_balancers": null,
            "max_instance_lifetime": 0,
            "max_size": 5,
            "metrics_granularity": "1Minute",
            "min_elb_capacity": null,
            "min_size": 1,
            "mixed_instances_policy": [
              {
                "instances_distribution": [
                  {
                    "on_demand_allocation_strategy": "prioritized",
                    "on_demand_base_capacity": 3,
                    "on_demand_percentage_above_base_capacity": 0,
                    "spot_allocation_strategy": "lowest-price",
                    "spot_instance_pools": 2,
                    "spot_max_price": ""
                  }
                ],
                "launch_template": [
                  {
                    "launch_template_specification": [
                      {
                        "launch_template_id": "lt-0e827db5ce52c0733",
                        "launch_template_name": "ecs-template-demo",
                        "version": "$Latest"
                      }
                    ],
                    "override": [
                      {
                        "instance_type": "t3.large",
                        "weighted_capacity": "3"
                      }
                    ]
                  }
                ]
              }
            ],
            "name": "autoscaling-instance-demo",
            "name_prefix": null,
            "placement_group": "",
            "protect_from_scale_in": true,
            "service_linked_role_arn": "arn:aws:iam::518667233221:role/aws-service-role/autoscaling.amazonaws.com/AWSServiceRoleForAutoScaling",
            "suspended_processes": null,
            "tag": [
              {
                "key": "AmazonECSManaged",
                "propagate_at_launch": true,
                "value": ""
              }
            ],
            "tags": null,
            "target_group_arns": null,
            "termination_policies": null,
            "timeouts": null,
            "vpc_zone_identifier": [
              "subnet-00addbf7795e681f4",
              "subnet-0ec5892d87b26b5f2",
              "subnet-0f9eeac4c2b4f68ec"
            ],
            "wait_for_capacity_timeout": "10m",
            "wait_for_elb_capacity": null
          },
          "private": "eyJlMmJmYjczMC1lY2FhLTExZTYtOGY4OC0zNDM2M2JjN2M0YzAiOnsiZGVsZXRlIjo2MDAwMDAwMDAwMDB9fQ==",
          "dependencies": [
            "module.ecs.aws_iam_instance_profile.demo-profile",
            "module.ecs.aws_iam_role.demo-role",
            "module.ecs.aws_key_pair.this",
            "module.ecs.aws_launch_template.ecs_instance_template",
            "module.ecs.aws_security_group.launch-templates-sg",
            "module.ecs.data.template_file.user_data",
            "module.ecs.tls_private_key.this",
            "module.vpc.aws_subnet.nodes_subnet",
            "module.vpc.aws_vpc.this",
            "module.vpc.data.aws_availability_zones.available"
          ]
        }
      ]
    },
    {
      "module": "module.ecs",
      "mode": "managed",
      "type": "aws_ecs_capacity_provider",
      "name": "capacity-provider",
      "provider": "provider[\"registry.terraform.io/hashicorp/aws\"]",
      "instances": [
        {
          "schema_version": 0,
          "attributes": {
            "arn": "arn:aws:ecs:ap-southeast-2:518667233221:capacity-provider/capacity-provider-demo",
            "auto_scaling_group_provider": [
              {
                "auto_scaling_group_arn": "arn:aws:autoscaling:ap-southeast-2:518667233221:autoScalingGroup:3dcfe36c-888a-4d76-bdb2-c4a92af36695:autoScalingGroupName/autoscaling-instance-demo",
                "managed_scaling": [
                  {
                    "maximum_scaling_step_size": 10000,
                    "minimum_scaling_step_size": 1,
                    "status": "ENABLED",
                    "target_capacity": 100
                  }
                ],
                "managed_termination_protection": "ENABLED"
              }
            ],
            "id": "arn:aws:ecs:ap-southeast-2:518667233221:capacity-provider/capacity-provider-demo",
            "name": "capacity-provider-demo",
            "tags": null
          },
          "private": "bnVsbA==",
          "dependencies": [
            "module.ecs.aws_autoscaling_group.autoscaling-demo",
            "module.ecs.aws_iam_instance_profile.demo-profile",
            "module.ecs.aws_iam_role.demo-role",
            "module.ecs.aws_key_pair.this",
            "module.ecs.aws_launch_template.ecs_instance_template",
            "module.ecs.aws_security_group.launch-templates-sg",
            "module.ecs.data.template_file.user_data",
            "module.ecs.tls_private_key.this",
            "module.vpc.aws_subnet.nodes_subnet",
            "module.vpc.aws_vpc.this",
            "module.vpc.data.aws_availability_zones.available"
          ]
        }
      ]
    },
    {
      "module": "module.ecs",
      "mode": "managed",
      "type": "aws_ecs_cluster",
      "name": "ecs-demo",
      "provider": "provider[\"registry.terraform.io/hashicorp/aws\"]",
      "instances": [
        {
          "schema_version": 0,
          "attributes": {
            "arn": "arn:aws:ecs:ap-southeast-2:518667233221:cluster/ecs-demo",
            "capacity_providers": [
              "capacity-provider-demo"
            ],
            "default_capacity_provider_strategy": [],
            "id": "arn:aws:ecs:ap-southeast-2:518667233221:cluster/ecs-demo",
            "name": "ecs-demo",
            "setting": [
              {
                "name": "containerInsights",
                "value": "disabled"
              }
            ],
            "tags": null
          },
          "private": "bnVsbA==",
          "dependencies": [
            "module.ecs.aws_autoscaling_group.autoscaling-demo",
            "module.ecs.aws_ecs_capacity_provider.capacity-provider",
            "module.ecs.aws_iam_instance_profile.demo-profile",
            "module.ecs.aws_iam_role.demo-role",
            "module.ecs.aws_key_pair.this",
            "module.ecs.aws_launch_template.ecs_instance_template",
            "module.ecs.aws_security_group.launch-templates-sg",
            "module.ecs.data.template_file.user_data",
            "module.ecs.tls_private_key.this",
            "module.vpc.aws_subnet.nodes_subnet",
            "module.vpc.aws_vpc.this",
            "module.vpc.data.aws_availability_zones.available"
          ]
        }
      ]
    },
    {
      "module": "module.ecs",
      "mode": "managed",
      "type": "aws_ecs_task_definition",
      "name": "task-definition-demo",
      "provider": "provider[\"registry.terraform.io/hashicorp/aws\"]",
      "instances": [
        {
          "schema_version": 1,
          "attributes": {
            "arn": "arn:aws:ecs:ap-southeast-2:518667233221:task-definition/task-definition-family-demo:9",
            "container_definitions": "[{\"cpu\":256,\"environment\":[],\"essential\":true,\"image\":\"518667233221.dkr.ecr.ap-southeast-2.amazonaws.com/go-demo:latest\",\"memory\":128,\"mountPoints\":[],\"name\":\"go-demo\",\"portMappings\":[{\"containerPort\":8080,\"hostPort\":8080,\"protocol\":\"tcp\"}],\"volumesFrom\":[]}]",
            "cpu": "",
            "execution_role_arn": "arn:aws:iam::518667233221:role/task-execution-role-demo",
            "family": "task-definition-family-demo",
            "id": "task-definition-family-demo",
            "inference_accelerator": [],
            "ipc_mode": "",
            "memory": "",
            "network_mode": "awsvpc",
            "pid_mode": "",
            "placement_constraints": [
              {
                "expression": "attribute:ecs.availability-zone in [ap-southeast-2a, ap-southeast-2b, ap-southeast-2c]",
                "type": "memberOf"
              }
            ],
            "proxy_configuration": [],
            "requires_compatibilities": null,
            "revision": 9,
            "tags": null,
            "task_role_arn": "arn:aws:iam::518667233221:role/task-definition-role-demo",
            "volume": [
              {
                "docker_volume_configuration": [],
                "efs_volume_configuration": [],
                "host_path": "/ecs/service-storage",
                "name": "demo-storage"
              }
            ]
          },
          "private": "eyJzY2hlbWFfdmVyc2lvbiI6IjEifQ==",
          "dependencies": [
            "module.ecs.aws_iam_role.task-definition-role-demo",
            "module.ecs.aws_iam_role.task-execution-role-demo"
          ]
        }
      ]
    },
    {
      "module": "module.ecs",
      "mode": "managed",
      "type": "aws_iam_instance_profile",
      "name": "demo-profile",
      "provider": "provider[\"registry.terraform.io/hashicorp/aws\"]",
      "instances": [
        {
          "schema_version": 0,
          "attributes": {
            "arn": "arn:aws:iam::518667233221:instance-profile/demo-profile",
            "create_date": "2020-10-13T13:43:58Z",
            "id": "demo-profile",
            "name": "demo-profile",
            "name_prefix": null,
            "path": "/",
            "role": "demo-role",
            "unique_id": "AIPAXRQXZ47CRJZB2JWEH"
          },
          "private": "bnVsbA==",
          "dependencies": [
            "module.ecs.aws_iam_role.demo-role"
          ]
        }
      ]
    },
    {
      "module": "module.ecs",
      "mode": "managed",
      "type": "aws_iam_role",
      "name": "demo-role",
      "provider": "provider[\"registry.terraform.io/hashicorp/aws\"]",
      "instances": [
        {
          "schema_version": 0,
          "attributes": {
            "arn": "arn:aws:iam::518667233221:role/demo-role",
            "assume_role_policy": "{\"Version\":\"2012-10-17\",\"Statement\":[{\"Sid\":\"\",\"Effect\":\"Allow\",\"Principal\":{\"Service\":\"ec2.amazonaws.com\"},\"Action\":\"sts:AssumeRole\"}]}",
            "create_date": "2020-10-13T13:43:56Z",
            "description": "",
            "force_detach_policies": false,
            "id": "demo-role",
            "max_session_duration": 3600,
            "name": "demo-role",
            "name_prefix": null,
            "path": "/",
            "permissions_boundary": null,
            "tags": null,
            "unique_id": "AROAXRQXZ47C2QD57SPZL"
          },
          "private": "bnVsbA=="
        }
      ]
    },
    {
      "module": "module.ecs",
      "mode": "managed",
      "type": "aws_iam_role",
      "name": "ecs-autoscaling-role",
      "provider": "provider[\"registry.terraform.io/hashicorp/aws\"]",
      "instances": [
        {
          "schema_version": 0,
          "attributes": {
            "arn": "arn:aws:iam::518667233221:role/ecs-autoscaling-role",
            "assume_role_policy": "{\"Version\":\"2012-10-17\",\"Statement\":[{\"Sid\":\"\",\"Effect\":\"Allow\",\"Principal\":{\"Service\":\"ec2.amazonaws.com\"},\"Action\":\"sts:AssumeRole\"}]}",
            "create_date": "2020-10-13T13:43:56Z",
            "description": "",
            "force_detach_policies": false,
            "id": "ecs-autoscaling-role",
            "max_session_duration": 3600,
            "name": "ecs-autoscaling-role",
            "name_prefix": null,
            "path": "/",
            "permissions_boundary": null,
            "tags": {
              "env": "demo"
            },
            "unique_id": "AROAXRQXZ47C7S5BVJOHK"
          },
          "private": "bnVsbA=="
        }
      ]
    },
    {
      "module": "module.ecs",
      "mode": "managed",
      "type": "aws_iam_role",
      "name": "ecs-service-role",
      "provider": "provider[\"registry.terraform.io/hashicorp/aws\"]",
      "instances": [
        {
          "schema_version": 0,
          "attributes": {
            "arn": "arn:aws:iam::518667233221:role/ecs-service-role",
            "assume_role_policy": "{\"Version\":\"2012-10-17\",\"Statement\":[{\"Sid\":\"\",\"Effect\":\"Allow\",\"Principal\":{\"Service\":\"ec2.amazonaws.com\"},\"Action\":\"sts:AssumeRole\"}]}",
            "create_date": "2020-10-13T13:43:56Z",
            "description": "",
            "force_detach_policies": false,
            "id": "ecs-service-role",
            "max_session_duration": 3600,
            "name": "ecs-service-role",
            "name_prefix": null,
            "path": "/",
            "permissions_boundary": null,
            "tags": null,
            "unique_id": "AROAXRQXZ47CU3WY2QETR"
          },
          "private": "bnVsbA=="
        }
      ]
    },
    {
      "module": "module.ecs",
      "mode": "managed",
      "type": "aws_iam_role",
      "name": "task-definition-role-demo",
      "provider": "provider[\"registry.terraform.io/hashicorp/aws\"]",
      "instances": [
        {
          "schema_version": 0,
          "attributes": {
            "arn": "arn:aws:iam::518667233221:role/task-definition-role-demo",
            "assume_role_policy": "{\"Version\":\"2012-10-17\",\"Statement\":[{\"Sid\":\"\",\"Effect\":\"Allow\",\"Principal\":{\"Service\":\"ecs-tasks.amazonaws.com\"},\"Action\":\"sts:AssumeRole\"}]}",
            "create_date": "2020-10-13T13:43:56Z",
            "description": "",
            "force_detach_policies": false,
            "id": "task-definition-role-demo",
            "max_session_duration": 3600,
            "name": "task-definition-role-demo",
            "name_prefix": null,
            "path": "/",
            "permissions_boundary": null,
            "tags": {
              "Name": "Task Definition Role"
            },
            "unique_id": "AROAXRQXZ47CQLLFTFMBZ"
          },
          "private": "bnVsbA=="
        }
      ]
    },
    {
      "module": "module.ecs",
      "mode": "managed",
      "type": "aws_iam_role",
      "name": "task-execution-role-demo",
      "provider": "provider[\"registry.terraform.io/hashicorp/aws\"]",
      "instances": [
        {
          "schema_version": 0,
          "attributes": {
            "arn": "arn:aws:iam::518667233221:role/task-execution-role-demo",
            "assume_role_policy": "{\"Version\":\"2012-10-17\",\"Statement\":[{\"Sid\":\"\",\"Effect\":\"Allow\",\"Principal\":{\"Service\":\"ecs-tasks.amazonaws.com\"},\"Action\":\"sts:AssumeRole\"}]}",
            "create_date": "2020-10-13T13:43:57Z",
            "description": "",
            "force_detach_policies": false,
            "id": "task-execution-role-demo",
            "max_session_duration": 3600,
            "name": "task-execution-role-demo",
            "name_prefix": null,
            "path": "/",
            "permissions_boundary": null,
            "tags": {
              "Name": "Task Execution Role"
            },
            "unique_id": "AROAXRQXZ47CQMCPOSEL5"
          },
          "private": "bnVsbA=="
        }
      ]
    },
    {
      "module": "module.ecs",
      "mode": "managed",
      "type": "aws_iam_role_policy",
      "name": "ecs-service-role-policy",
      "provider": "provider[\"registry.terraform.io/hashicorp/aws\"]",
      "instances": [
        {
          "schema_version": 0,
          "attributes": {
            "id": "ecs-service-role:ecs-service-role-policy",
            "name": "ecs-service-role-policy",
            "name_prefix": null,
            "policy": "{\r\n    \"Version\": \"2012-10-17\",\r\n    \"Statement\": [\r\n        {\r\n            \"Effect\": \"Allow\",\r\n            \"Action\": [\r\n                \"ec2:DescribeTags\",\r\n                \"ecs:CreateCluster\",\r\n                \"ecs:DeregisterContainerInstance\",\r\n                \"ecs:DiscoverPollEndpoint\",\r\n                \"ecs:Poll\",\r\n                \"ecs:RegisterContainerInstance\",\r\n                \"ecs:StartTelemetrySession\",\r\n                \"ecs:UpdateContainerInstancesState\",\r\n                \"ecs:Submit*\",\r\n                \"ecr:GetAuthorizationToken\",\r\n                \"ecr:BatchCheckLayerAvailability\",\r\n                \"ecr:GetDownloadUrlForLayer\",\r\n                \"ecr:BatchGetImage\",\r\n                \"logs:CreateLogStream\",\r\n                \"logs:PutLogEvents\"\r\n            ],\r\n            \"Resource\": \"*\"\r\n        }\r\n    ]\r\n}\r\n",
            "role": "ecs-service-role"
          },
          "private": "bnVsbA==",
          "dependencies": [
            "module.ecs.aws_iam_role.ecs-service-role"
          ]
        }
      ]
    },
    {
      "module": "module.ecs",
      "mode": "managed",
      "type": "aws_iam_role_policy_attachment",
      "name": "demo-profile-attachment",
      "provider": "provider[\"registry.terraform.io/hashicorp/aws\"]",
      "instances": [
        {
          "schema_version": 0,
          "attributes": {
            "id": "demo-role-20201013134358705500000003",
            "policy_arn": "arn:aws:iam::aws:policy/AdministratorAccess",
            "role": "demo-role"
          },
          "private": "bnVsbA==",
          "dependencies": [
            "module.ecs.aws_iam_role.demo-role"
          ]
        }
      ]
    },
    {
      "module": "module.ecs",
      "mode": "managed",
      "type": "aws_iam_role_policy_attachment",
      "name": "demo-role-attach",
      "provider": "provider[\"registry.terraform.io/hashicorp/aws\"]",
      "instances": [
        {
          "schema_version": 0,
          "attributes": {
            "id": "ecs-autoscaling-role-20201013134358695500000002",
            "policy_arn": "arn:aws:iam::aws:policy/service-role/AmazonEC2ContainerServiceAutoscaleRole",
            "role": "ecs-autoscaling-role"
          },
          "private": "bnVsbA==",
          "dependencies": [
            "module.ecs.aws_iam_role.ecs-autoscaling-role"
          ]
        }
      ]
    },
    {
      "module": "module.ecs",
      "mode": "managed",
      "type": "aws_iam_role_policy_attachment",
      "name": "iam-role-policy-attachment-task-definition-demo",
      "provider": "provider[\"registry.terraform.io/hashicorp/aws\"]",
      "instances": [
        {
          "schema_version": 0,
          "attributes": {
            "id": "task-definition-role-demo-20201013134358669500000001",
            "policy_arn": "arn:aws:iam::aws:policy/AdministratorAccess",
            "role": "task-definition-role-demo"
          },
          "private": "bnVsbA==",
          "dependencies": [
            "module.ecs.aws_iam_role.task-definition-role-demo"
          ]
        }
      ]
    },
    {
      "module": "module.ecs",
      "mode": "managed",
      "type": "aws_iam_role_policy_attachment",
      "name": "iam-role-policy-attachment-task-execution-demo",
      "provider": "provider[\"registry.terraform.io/hashicorp/aws\"]",
      "instances": [
        {
          "schema_version": 0,
          "attributes": {
            "id": "task-execution-role-demo-20201013134359940400000004",
            "policy_arn": "arn:aws:iam::aws:policy/service-role/AmazonECSTaskExecutionRolePolicy",
            "role": "task-execution-role-demo"
          },
          "private": "bnVsbA==",
          "dependencies": [
            "module.ecs.aws_iam_role.task-execution-role-demo"
          ]
        }
      ]
    },
    {
      "module": "module.ecs",
      "mode": "managed",
      "type": "aws_key_pair",
      "name": "this",
      "provider": "provider[\"registry.terraform.io/hashicorp/aws\"]",
      "instances": [
        {
          "schema_version": 1,
          "attributes": {
            "arn": "arn:aws:ec2:ap-southeast-2:518667233221:key-pair/deployer-key-autoscaling",
            "fingerprint": "43:57:29:88:b5:16:cc:20:e0:1f:98:a4:41:e8:2d:71",
            "id": "deployer-key-autoscaling",
            "key_name": "deployer-key-autoscaling",
            "key_name_prefix": null,
            "key_pair_id": "key-085a14613fb6bb520",
            "public_key": "ssh-rsa AAAAB3NzaC1yc2EAAAADAQABAAACAQC/iDF+uSDSog1ZhQIr2qVlHkPi40Q1GMrP3HPwift//az5ZhnfPg9FjhWfiyNlB2cilAl/Wii01fYEDLr8MuPAwuSjOJ7RMONnTcIt+HCtdksxdb3zo39eMQG5i0LQao0+fA62AeimPeOFaa8iW7xc9GjJF6MzBTfi298lm0Fug7e6iBgOKtoCXYk2GnrCo8RFgRLXoC2ZZz3pNkIxiNB2k0s35eVpniQAa84wZ6hBa0Yqh7G/rf4J1z7IZXFr+PNDQG4gcxxduBfkXdhX3T7A2diLosAGyprDAOG2Z9tuHBXk2uTlmshlea2RdpBOfeso1tZn7IlDh3asFMFLTBNDuqRqILEC+kPTn1TK93K76yHc99UX96Sg01SvRuDnyU8kap3hQDOAUQ/Q4tl5qymbyGeZmyN/YRYrXPUwUUd3fvizVwyqnkR0DHLqPmBEV7RYFjq0ZlCsS/HoUgV1GeORZjM2zYklfK1hZKe30I0PHYz0wK+z3gB3YItfXEuU9RpPQJEoDx7d0dkx6oGEMp7A15yu7DBUZhei+3FvhHbwHKZJNhZGL7021AfZN76slUA7Mhod+bvpgSIhfTcccxFySjyGJHRNSOE6pLoFJYUX31LMlWiiZxcvC5InosEUaciM0t/hTQguNPWditYtftQ2g9HO3S5QRxxm70tNtinKdQ==",
            "tags": null
          },
          "private": "eyJzY2hlbWFfdmVyc2lvbiI6IjEifQ==",
          "dependencies": [
            "module.ecs.tls_private_key.this"
          ]
        }
      ]
    },
    {
      "module": "module.ecs",
      "mode": "managed",
      "type": "aws_launch_template",
      "name": "ecs_instance_template",
      "provider": "provider[\"registry.terraform.io/hashicorp/aws\"]",
      "instances": [
        {
          "schema_version": 0,
          "attributes": {
            "arn": "arn:aws:ec2:ap-southeast-2:518667233221:launch-template/lt-0e827db5ce52c0733",
            "block_device_mappings": [],
            "capacity_reservation_specification": [],
            "cpu_options": [],
            "credit_specification": [],
            "default_version": 1,
            "description": "",
            "disable_api_termination": false,
            "ebs_optimized": "",
            "elastic_gpu_specifications": [],
            "elastic_inference_accelerator": [],
            "hibernation_options": [],
            "iam_instance_profile": [
              {
                "arn": "arn:aws:iam::518667233221:instance-profile/demo-profile",
                "name": ""
              }
            ],
            "id": "lt-0e827db5ce52c0733",
            "image_id": "ami-05c621ca32de56e7a",
            "instance_initiated_shutdown_behavior": "terminate",
            "instance_market_options": [],
            "instance_type": "t3.large",
            "kernel_id": "",
            "key_name": "deployer-key-autoscaling",
            "latest_version": 1,
            "license_specification": [],
            "metadata_options": [],
            "monitoring": [],
            "name": "ecs-template-demo",
            "name_prefix": null,
            "network_interfaces": [],
            "placement": [],
            "ram_disk_id": "",
            "security_group_names": null,
            "tag_specifications": [
              {
                "resource_type": "instance",
                "tags": {
                  "Name": "ecs-template-demo"
                }
              }
            ],
            "tags": null,
            "update_default_version": null,
            "user_data": "IyEvYmluL2Jhc2gNCnN1ZG8geXVtIHVwZGF0ZSAteSBlY3MtaW5pdA0KZWNobyBFQ1NfQ0xVU1RFUj1lY3MtZGVtbyA+PiAvZXRjL2Vjcy9lY3MuY29uZmlnOw0KZWNobyBFQ1NfQkFDS0VORF9IT1NUPSA+PiAvZXRjL2Vjcy9lY3MuY29uZmlnOw0KZWNobyBFQ1NfRU5HSU5FX1RBU0tfQ0xFQU5VUF9XQUlUX0RVUkFUSU9OPTE1bSA+PiAvZXRjL2Vjcy9lY3MuY29uZmlnOw0KZWNobyBFQ1NfSU1BR0VfQ0xFQU5VUF9JTlRFUlZBTD0xMG0gPj4gL2V0Yy9lY3MvZWNzLmNvbmZpZzsNCmVjaG8gRUNTX0lNQUdFX01JTklNVU1fQ0xFQU5VUF9BR0U9MTVtID4+IC9ldGMvZWNzL2Vjcy5jb25maWc7DQp0b3VjaCAvZXRjL3N5c2N0bC5kLzUwLWNvcmVkdW1wLmNvbmYNCmVjaG8gImtlcm5lbC5jb3JlX3BhdHRlcm49fC9iaW4vZmFsc2UiID4+IC9ldGMvc3lzY3RsLmQvNTAtY29yZWR1bXAuY29uZg0Kc3lzY3RsIC1wIC9ldGMvc3lzY3RsLmQvNTAtY29yZWR1bXAuY29uZg0Kc3VkbyBzZXJ2aWNlIGRvY2tlciByZXN0YXJ0ICYmIHN1ZG8gc3RhcnQgZWNz",
            "vpc_security_group_ids": [
              "sg-00d1c6d2c7f4acfaf"
            ]
          },
          "private": "bnVsbA==",
          "dependencies": [
            "module.ecs.aws_iam_instance_profile.demo-profile",
            "module.ecs.aws_iam_role.demo-role",
            "module.ecs.aws_key_pair.this",
            "module.ecs.aws_security_group.launch-templates-sg",
            "module.ecs.data.template_file.user_data",
            "module.ecs.tls_private_key.this",
            "module.vpc.aws_vpc.this"
          ]
        }
      ]
    },
    {
      "module": "module.ecs",
      "mode": "managed",
      "type": "aws_lb",
      "name": "demo-alb",
      "provider": "provider[\"registry.terraform.io/hashicorp/aws\"]",
      "instances": [
        {
          "schema_version": 0,
          "attributes": {
            "access_logs": [
              {
                "bucket": "",
                "enabled": false,
                "prefix": ""
              }
            ],
            "arn": "arn:aws:elasticloadbalancing:ap-southeast-2:518667233221:loadbalancer/app/demo-alb/b0de5e4f312623ee",
            "arn_suffix": "app/demo-alb/b0de5e4f312623ee",
            "customer_owned_ipv4_pool": "",
            "dns_name": "demo-alb-220872052.ap-southeast-2.elb.amazonaws.com",
            "drop_invalid_header_fields": false,
            "enable_cross_zone_load_balancing": null,
            "enable_deletion_protection": false,
            "enable_http2": true,
            "id": "arn:aws:elasticloadbalancing:ap-southeast-2:518667233221:loadbalancer/app/demo-alb/b0de5e4f312623ee",
            "idle_timeout": 60,
            "internal": false,
            "ip_address_type": "ipv4",
            "load_balancer_type": "application",
            "name": "demo-alb",
            "name_prefix": null,
            "security_groups": [
              "sg-005777bc151d6e969"
            ],
            "subnet_mapping": [
              {
                "allocation_id": "",
                "outpost_id": "",
                "private_ipv4_address": "",
                "subnet_id": "subnet-00c2d38e0f406c73f"
              },
              {
                "allocation_id": "",
                "outpost_id": "",
                "private_ipv4_address": "",
                "subnet_id": "subnet-032bd87ff241f0ad1"
              },
              {
                "allocation_id": "",
                "outpost_id": "",
                "private_ipv4_address": "",
                "subnet_id": "subnet-0925eaa11e5586e83"
              }
            ],
            "subnets": [
              "subnet-00c2d38e0f406c73f",
              "subnet-032bd87ff241f0ad1",
              "subnet-0925eaa11e5586e83"
            ],
            "tags": {
              "Name": "demo-alb"
            },
            "timeouts": null,
            "vpc_id": "vpc-05f021fce4af88370",
            "zone_id": "Z1GM3OXH4ZPM65"
          },
          "private": "eyJlMmJmYjczMC1lY2FhLTExZTYtOGY4OC0zNDM2M2JjN2M0YzAiOnsiY3JlYXRlIjo2MDAwMDAwMDAwMDAsImRlbGV0ZSI6NjAwMDAwMDAwMDAwLCJ1cGRhdGUiOjYwMDAwMDAwMDAwMH19",
          "dependencies": [
            "module.ecs.aws_security_group.alb-demo-sg",
            "module.vpc.aws_subnet.public_subnet",
            "module.vpc.aws_vpc.this",
            "module.vpc.data.aws_availability_zones.available"
          ]
        }
      ]
    },
    {
      "module": "module.ecs",
      "mode": "managed",
      "type": "aws_lb_listener",
      "name": "demo-http-listener",
      "provider": "provider[\"registry.terraform.io/hashicorp/aws\"]",
      "instances": [
        {
          "schema_version": 0,
          "attributes": {
            "arn": "arn:aws:elasticloadbalancing:ap-southeast-2:518667233221:listener/app/demo-alb/b0de5e4f312623ee/d94222c98a3be62e",
            "certificate_arn": null,
            "default_action": [
              {
                "authenticate_cognito": [],
                "authenticate_oidc": [],
                "fixed_response": [],
                "forward": [],
                "order": 1,
                "redirect": [],
                "target_group_arn": "arn:aws:elasticloadbalancing:ap-southeast-2:518667233221:targetgroup/demo-tg/bcc1900d3a0a226d",
                "type": "forward"
              }
            ],
            "id": "arn:aws:elasticloadbalancing:ap-southeast-2:518667233221:listener/app/demo-alb/b0de5e4f312623ee/d94222c98a3be62e",
            "load_balancer_arn": "arn:aws:elasticloadbalancing:ap-southeast-2:518667233221:loadbalancer/app/demo-alb/b0de5e4f312623ee",
            "port": 80,
            "protocol": "HTTP",
            "ssl_policy": "",
            "timeouts": null
          },
          "private": "eyJlMmJmYjczMC1lY2FhLTExZTYtOGY4OC0zNDM2M2JjN2M0YzAiOnsicmVhZCI6NjAwMDAwMDAwMDAwfX0=",
          "dependencies": [
            "module.ecs.aws_lb.demo-alb",
            "module.ecs.aws_lb_target_group.demo-tg",
            "module.ecs.aws_security_group.alb-demo-sg",
            "module.vpc.aws_subnet.public_subnet",
            "module.vpc.aws_vpc.this",
            "module.vpc.data.aws_availability_zones.available"
          ]
        }
      ]
    },
    {
      "module": "module.ecs",
      "mode": "managed",
      "type": "aws_lb_listener_rule",
      "name": "listener-rule-demo",
      "provider": "provider[\"registry.terraform.io/hashicorp/aws\"]",
      "instances": [
        {
          "schema_version": 0,
          "attributes": {
            "action": [
              {
                "authenticate_cognito": [],
                "authenticate_oidc": [],
                "fixed_response": [],
                "forward": [],
                "order": 1,
                "redirect": [],
                "target_group_arn": "arn:aws:elasticloadbalancing:ap-southeast-2:518667233221:targetgroup/demo-tg/bcc1900d3a0a226d",
                "type": "forward"
              }
            ],
            "arn": "arn:aws:elasticloadbalancing:ap-southeast-2:518667233221:listener-rule/app/demo-alb/b0de5e4f312623ee/d94222c98a3be62e/603d4251eadfa90b",
            "condition": [
              {
                "host_header": [],
                "http_header": [],
                "http_request_method": [
                  {
                    "values": [
                      "GET",
                      "HEAD"
                    ]
                  }
                ],
                "path_pattern": [],
                "query_string": [],
                "source_ip": []
              },
              {
                "host_header": [],
                "http_header": [],
                "http_request_method": [],
                "path_pattern": [
                  {
                    "values": [
                      "/static/*"
                    ]
                  }
                ],
                "query_string": [],
                "source_ip": []
              }
            ],
            "id": "arn:aws:elasticloadbalancing:ap-southeast-2:518667233221:listener-rule/app/demo-alb/b0de5e4f312623ee/d94222c98a3be62e/603d4251eadfa90b",
            "listener_arn": "arn:aws:elasticloadbalancing:ap-southeast-2:518667233221:listener/app/demo-alb/b0de5e4f312623ee/d94222c98a3be62e",
            "priority": 1
          },
          "private": "bnVsbA==",
          "dependencies": [
            "module.ecs.aws_lb.demo-alb",
            "module.ecs.aws_lb_listener.demo-http-listener",
            "module.ecs.aws_lb_target_group.demo-tg",
            "module.ecs.aws_security_group.alb-demo-sg",
            "module.vpc.aws_subnet.public_subnet",
            "module.vpc.aws_vpc.this",
            "module.vpc.data.aws_availability_zones.available"
          ]
        }
      ]
    },
    {
      "module": "module.ecs",
      "mode": "managed",
      "type": "aws_lb_target_group",
      "name": "demo-tg",
      "provider": "provider[\"registry.terraform.io/hashicorp/aws\"]",
      "instances": [
        {
          "schema_version": 0,
          "attributes": {
            "arn": "arn:aws:elasticloadbalancing:ap-southeast-2:518667233221:targetgroup/demo-tg/bcc1900d3a0a226d",
            "arn_suffix": "targetgroup/demo-tg/bcc1900d3a0a226d",
            "deregistration_delay": 300,
            "health_check": [
              {
                "enabled": true,
                "healthy_threshold": 5,
                "interval": 30,
                "matcher": "200",
                "path": "/",
                "port": "traffic-port",
                "protocol": "HTTP",
                "timeout": 5,
                "unhealthy_threshold": 2
              }
            ],
            "id": "arn:aws:elasticloadbalancing:ap-southeast-2:518667233221:targetgroup/demo-tg/bcc1900d3a0a226d",
            "lambda_multi_value_headers_enabled": false,
            "load_balancing_algorithm_type": "round_robin",
            "name": "demo-tg",
            "name_prefix": null,
            "port": 80,
            "protocol": "HTTP",
            "proxy_protocol_v2": false,
            "slow_start": 0,
            "stickiness": [
              {
                "cookie_duration": 86400,
                "enabled": false,
                "type": "lb_cookie"
              }
            ],
            "tags": null,
            "target_type": "ip",
            "vpc_id": "vpc-05f021fce4af88370"
          },
          "private": "bnVsbA==",
          "dependencies": [
            "module.ecs.aws_lb.demo-alb",
            "module.ecs.aws_security_group.alb-demo-sg",
            "module.vpc.aws_subnet.public_subnet",
            "module.vpc.aws_vpc.this",
            "module.vpc.data.aws_availability_zones.available"
          ]
        }
      ]
    },
    {
      "module": "module.ecs",
      "mode": "managed",
      "type": "aws_security_group",
      "name": "alb-demo-sg",
      "provider": "provider[\"registry.terraform.io/hashicorp/aws\"]",
      "instances": [
        {
          "schema_version": 1,
          "attributes": {
            "arn": "arn:aws:ec2:ap-southeast-2:518667233221:security-group/sg-005777bc151d6e969",
            "description": "Security Group for application Load Balancer",
            "egress": [
              {
                "cidr_blocks": [
                  "0.0.0.0/0"
                ],
                "description": "",
                "from_port": 0,
                "ipv6_cidr_blocks": [],
                "prefix_list_ids": [],
                "protocol": "-1",
                "security_groups": [],
                "self": false,
                "to_port": 0
              }
            ],
            "id": "sg-005777bc151d6e969",
            "ingress": [
              {
                "cidr_blocks": [
                  "0.0.0.0/0"
                ],
                "description": "",
                "from_port": 0,
                "ipv6_cidr_blocks": [],
                "prefix_list_ids": [],
                "protocol": "-1",
                "security_groups": [],
                "self": false,
                "to_port": 0
              }
            ],
            "name": "alb-demo-sg",
            "name_prefix": "",
            "owner_id": "518667233221",
            "revoke_rules_on_delete": false,
            "tags": {
              "Name": "alb-security-group"
            },
            "timeouts": null,
            "vpc_id": "vpc-05f021fce4af88370"
          },
          "private": "eyJlMmJmYjczMC1lY2FhLTExZTYtOGY4OC0zNDM2M2JjN2M0YzAiOnsiY3JlYXRlIjo2MDAwMDAwMDAwMDAsImRlbGV0ZSI6NjAwMDAwMDAwMDAwfSwic2NoZW1hX3ZlcnNpb24iOiIxIn0=",
          "dependencies": [
            "module.vpc.aws_vpc.this"
          ]
        }
      ]
    },
    {
      "module": "module.ecs",
      "mode": "managed",
      "type": "aws_security_group",
      "name": "ecs-service-demo-sg",
      "provider": "provider[\"registry.terraform.io/hashicorp/aws\"]",
      "instances": [
        {
          "schema_version": 1,
          "attributes": {
            "arn": "arn:aws:ec2:ap-southeast-2:518667233221:security-group/sg-0ebca8ca418bf9f06",
            "description": "Security Group for ECS Services",
            "egress": [
              {
                "cidr_blocks": [
                  "0.0.0.0/0"
                ],
                "description": "",
                "from_port": 0,
                "ipv6_cidr_blocks": [],
                "prefix_list_ids": [],
                "protocol": "-1",
                "security_groups": [],
                "self": false,
                "to_port": 0
              }
            ],
            "id": "sg-0ebca8ca418bf9f06",
            "ingress": [
              {
                "cidr_blocks": [
                  "0.0.0.0/0"
                ],
                "description": "",
                "from_port": 0,
                "ipv6_cidr_blocks": [],
                "prefix_list_ids": [],
                "protocol": "-1",
                "security_groups": [],
                "self": false,
                "to_port": 0
              }
            ],
            "name": "ecs-service-demo-sg",
            "name_prefix": "",
            "owner_id": "518667233221",
            "revoke_rules_on_delete": false,
            "tags": {
              "Name": "ecs-service-demo-sg"
            },
            "timeouts": null,
            "vpc_id": "vpc-05f021fce4af88370"
          },
          "private": "eyJlMmJmYjczMC1lY2FhLTExZTYtOGY4OC0zNDM2M2JjN2M0YzAiOnsiY3JlYXRlIjo2MDAwMDAwMDAwMDAsImRlbGV0ZSI6NjAwMDAwMDAwMDAwfSwic2NoZW1hX3ZlcnNpb24iOiIxIn0=",
          "dependencies": [
            "module.vpc.aws_vpc.this"
          ]
        }
      ]
    },
    {
      "module": "module.ecs",
      "mode": "managed",
      "type": "aws_security_group",
      "name": "launch-templates-sg",
      "provider": "provider[\"registry.terraform.io/hashicorp/aws\"]",
      "instances": [
        {
          "schema_version": 1,
          "attributes": {
            "arn": "arn:aws:ec2:ap-southeast-2:518667233221:security-group/sg-00d1c6d2c7f4acfaf",
            "description": "Security Group for Launch Template",
            "egress": [
              {
                "cidr_blocks": [
                  "0.0.0.0/0"
                ],
                "description": "",
                "from_port": 0,
                "ipv6_cidr_blocks": [],
                "prefix_list_ids": [],
                "protocol": "-1",
                "security_groups": [],
                "self": false,
                "to_port": 0
              }
            ],
            "id": "sg-00d1c6d2c7f4acfaf",
            "ingress": [
              {
                "cidr_blocks": [
                  "0.0.0.0/0"
                ],
                "description": "",
                "from_port": 0,
                "ipv6_cidr_blocks": [],
                "prefix_list_ids": [],
                "protocol": "-1",
                "security_groups": [],
                "self": false,
                "to_port": 0
              }
            ],
            "name": "launch-template-sg",
            "name_prefix": "",
            "owner_id": "518667233221",
            "revoke_rules_on_delete": false,
            "tags": {
              "Name": "launch-template-security-group"
            },
            "timeouts": null,
            "vpc_id": "vpc-05f021fce4af88370"
          },
          "private": "eyJlMmJmYjczMC1lY2FhLTExZTYtOGY4OC0zNDM2M2JjN2M0YzAiOnsiY3JlYXRlIjo2MDAwMDAwMDAwMDAsImRlbGV0ZSI6NjAwMDAwMDAwMDAwfSwic2NoZW1hX3ZlcnNpb24iOiIxIn0=",
          "dependencies": [
            "module.vpc.aws_vpc.this"
          ]
        }
      ]
    },
    {
      "module": "module.ecs",
      "mode": "managed",
      "type": "aws_service_discovery_private_dns_namespace",
      "name": "demo-service-discovery-private-dns",
      "provider": "provider[\"registry.terraform.io/hashicorp/aws\"]",
      "instances": [
        {
          "schema_version": 0,
          "attributes": {
            "arn": "arn:aws:servicediscovery:ap-southeast-2:518667233221:namespace/ns-noeaeg6k2ysmsvmb",
            "description": "Sample Service Discovery Private DNS",
            "hosted_zone": "Z0685265LLEKHF0H5WY4",
            "id": "ns-noeaeg6k2ysmsvmb",
            "name": "demo.ralali.local",
            "tags": null,
            "vpc": "vpc-05f021fce4af88370"
          },
          "private": "bnVsbA==",
          "dependencies": [
            "module.vpc.aws_vpc.this"
          ]
        }
      ]
    },
    {
      "module": "module.ecs",
      "mode": "managed",
      "type": "aws_service_discovery_service",
      "name": "service-discovery-demo",
      "provider": "provider[\"registry.terraform.io/hashicorp/aws\"]",
      "instances": [
        {
          "schema_version": 0,
          "attributes": {
            "arn": "arn:aws:servicediscovery:ap-southeast-2:518667233221:service/srv-mozmtsq23egqq6ak",
            "description": "",
            "dns_config": [
              {
                "dns_records": [
                  {
                    "ttl": 60,
                    "type": "A"
                  }
                ],
                "namespace_id": "ns-noeaeg6k2ysmsvmb",
                "routing_policy": "MULTIVALUE"
              }
            ],
            "health_check_config": [],
            "health_check_custom_config": [
              {
                "failure_threshold": 1
              }
            ],
            "id": "srv-mozmtsq23egqq6ak",
            "name": "service-discovery-demo",
            "namespace_id": "ns-noeaeg6k2ysmsvmb",
            "tags": null
          },
          "private": "bnVsbA==",
          "dependencies": [
            "module.ecs.aws_service_discovery_private_dns_namespace.demo-service-discovery-private-dns",
            "module.vpc.aws_vpc.this"
          ]
        }
      ]
    },
    {
      "module": "module.ecs",
      "mode": "managed",
      "type": "tls_private_key",
      "name": "this",
      "provider": "provider[\"registry.terraform.io/hashicorp/tls\"]",
      "instances": [
        {
          "schema_version": 0,
          "attributes": {
            "algorithm": "RSA",
            "ecdsa_curve": "P224",
            "id": "524608d6de19559c2d5238db82a446807e6a144d",
            "private_key_pem": "-----BEGIN RSA PRIVATE KEY-----\nMIIJKAIBAAKCAgEAv4gxfrkg0qINWYUCK9qlZR5D4uNENRjKz9xz8In7f/2s+WYZ\n3z4PRY4Vn4sjZQdnIpQJf1ootNX2BAy6/DLjwMLkozie0TDjZ03CLfhwrXZLMXW9\n86N/XjEBuYtC0GqNPnwOtgHopj3jhWmvIlu8XPRoyRejMwU34tvfJZtBboO3uogY\nDiraAl2JNhp6wqPERYES16AtmWc96TZCMYjQdpNLN+XlaZ4kAGvOMGeoQWtGKoex\nv63+Cdc+yGVxa/jzQ0BuIHMcXbgX5F3YV90+wNnYi6LABsqawwDhtmfbbhwV5Nrk\n5ZrIZXmtkXaQTn3rKNbWZ+yJQ4d2rBTBS0wTQ7qkaiCxAvpD059Uyvdyu+sh3PfV\nF/ekoNNUr0bg58lPJGqd4UAzgFEP0OLZeaspm8hnmZsjf2EWK1z1MFFHd374s1cM\nqp5EdAxy6j5gRFe0WBY6tGZQrEvx6FIFdRnjkWYzNs2JJXytYWSnt9CNDx2M9MCv\ns94Ad2CLX1xLlPUaT0CRKA8e3dHZMeqBhDKewNecruwwVGYXovtxb4R28BymSTYW\nRi+9NtQH2Te+rJVAOzIaHfm76YEiIX03HHMRcko8hiR0TUjhOqS6BSWFF99SzJVo\nomcXLwuSJ6LBFGnIjNLf4U0ILjT1nYrWLX7UNoPRzt0uUEccZu9LTbYpynUCAwEA\nAQKCAgAVSZnWr9TKFGDPdk0Ler2vQ3HgIcpO7HZ+K85nCa7+Rr+W6JYvjcI8xNH6\nbYh9jhkUasezc93aW32AbbnKlg1iO0cWLRDZx0k/DhFq8pXzcZZh5Og70Awz99Zt\nPOEsMOuJ6lfoOsYU1AQZq+lfNDr3SeLrlsj4vre7axyeHWdkVRdyj/W8fV7FrIe3\nj7HdOD50SyhA9viaeDMVXIZ24vHoe+58Q/z/hCgUM+cy0hKNUtL1nydOWpRFm7rK\noxu8GGtRKjQTPzgD4pYlN5j4CwsSfCPpQSl+l74jtlFf6KMm1dBJI1sVeeKUBLYZ\n2MepMa2VWGt0GYIYE1JJRfVF3Sq2xyHuwO0+T2CoPra0PeLK0xO07deALFiFaXXZ\nJ8mVQbHwzybNqvwmNLcLlZKKgXiTbZF17HmXZXlaLBYosrYpnw67+ZhuLjLrMAL/\nF2qhkEvqqD5OiTTbcbOoTE8//voxmOXYH039Q2LTvmUli6hCOmi+8gxefp8JEu+3\ncPIAhr28hxuEUFrNzyFdASYBFPakWPuriIfo2RXNvyL7+qbtL/+Sh+8S3cVBOiBv\nRIxQaVgcjsWhWE1HbOBECBM8f5FeAvTwi5/PQre1owfwWbIcSLNEFbmzwd92aAZW\nB8aKfWkCWowthP6oglxACV+NVmgaI1rENd7QVAH2tIgOSUeF8QKCAQEA1Tt81FNI\nHt/YasWt4Cq20A6lLfYLJPGnGGOFIp+xgtP+/aWQXSsmoKRaahw3GgWLzTjq7ah2\nNyX1iX7cBI4Pzww8KwLl9kSsRCHM+LmyUNIwxLldLyo8g6jt60u8HWRmPY5t4c5G\n8J09+JDU4ew7e8zgZJfFoUjbhyIDkDNKwvmSXqkvZjfAXMzE0k5g8pgxI1qRGgjU\nUzH9XQjjYtXh/yGr3+YTo8Mku9E0Uo6i/f1c/sn3KH8bQOOLLqXrryZ3BC8nfM4H\nQi1DpImHE/6QdbJIQbmDib04RM6ZLJAcMsk9y4eIIORMg41AtOOVqGLD957y79W5\n9TSbGUkQs8ST2wKCAQEA5fJ9k1w12DGGi1XK+GMgmBqrJuvprtOHXgsUkzflm0e+\n5yZB7BtJfegmCXbTXbhYTjwyMckQOcw70gt1lknpZs76LtXmuayBz2jnfCLPf7tj\nw1fFcus6jWmp2VDWbiaU6I7RdLkpkdLgClqCLvOQMwH3BTzidrlOdbYIaKcRy9hd\nHcrkI6l2zKkHpYUEx7JyeeqEBFyXhBzv0CYVSC/kZnQT3V8xrHJxtk9WanljOVV/\noL/pCKzb88dXdGjSwgZW6/nYqQr4MgnZGdxONo19DSPLAT16ZgZOzIBtNcjb9aTs\nNw3WY83u3zXzM5b6mRlIiF8EZHQQYvnWAsHkrUeT7wKCAQEAni5gHv6dDNJPsH1u\nzFHDhjqnDJ5ui/x8UZpaRGIlBAGSMsXkf0kogZkKvZaqxbIBkL89gAotkCGnsVUb\nkIF2dskDxYCD6ZnuFSjh7k2LW2th5D4CQ5/Yfm8N+DQZm9BEDDwhhZZJh+uN8lw2\noFZnliJZACaa5FexCuEPtaRnPJZ5n6FwWSrYl78L71tXjf+azDg+Vgrgv8rgwmh6\njnJOEb7/yrvaK+zyziWW4/uOLE8M8rIOmMsaA5wJPxS07xzgw4jbiTkpp0z+1gtz\n2kBJGBamhaNCUia9nEWK2cUaNg6VueuT75qMrDZYHxiJh/2klIgkfgiVx7I7sJlE\nO6eDawKCAQA46uMGfMafMvMYvi21eePxgnhm8/It4hIZxyhaoHVnEEVCtgePR9nT\nHol7wjvjcOP6yY+rHxezFsif31JF1xm85vKqcSvhPcAL9O2Hnp46AcpZ6fnnzi36\nHvN55TaOoWIuhlt2RvbxL39hULH0qTlCRvQ8CawMsyWmoV5HeUNAb9fsrfH2mdXc\nJuLLp7ddLuCDKPdwlPK0Mu1xWlveOGySp5zbKNsE0ncvJ0g+prlW0cD7q0UlbpQr\nLWaKW///Is6VLozgmuSAjkt8yTla637Op9NyBSOs6VbL6+YccBFyJlaJ8hTlM24z\nNgly9aYmC0oW514Q92Gu/iRpHlFaSuNlAoIBACqunZ4AQOws+frgdbQREiBEwrfE\nkJMMvyDGU5xSmI9Hu4hJy8ajPhX+4LTffAsoPWmrWZtZnLibkI9XW2WMvjNDyFG+\nPD7G7c9WYWfcg7SjtDwlGnQP3f94umUgQwHGm78yY5HAAm81vR4QbsTAWLHcUq6B\nZ5lKpxrEg1pe+GVSrlL0Gp6KexlKrq81zKC4/3P+sBLNyhV6MohXSHa/fuX/bvMX\nZb+YvTA+VtO+Nd+DKm0hgNFkqI81/K2aEoyaQA+9wkwk4+bRB9DGs81pF7lEBN9L\n/QJoDw5H1GRqHoOHz5Y1N1g292IHQy19DhDs3rSTJRwyfwZmJ9iWOnmFtGY=\n-----END RSA PRIVATE KEY-----\n",
            "public_key_fingerprint_md5": "c5:b0:e8:24:dc:52:b2:28:cd:0d:d7:83:f4:f2:55:6c",
            "public_key_openssh": "ssh-rsa AAAAB3NzaC1yc2EAAAADAQABAAACAQC/iDF+uSDSog1ZhQIr2qVlHkPi40Q1GMrP3HPwift//az5ZhnfPg9FjhWfiyNlB2cilAl/Wii01fYEDLr8MuPAwuSjOJ7RMONnTcIt+HCtdksxdb3zo39eMQG5i0LQao0+fA62AeimPeOFaa8iW7xc9GjJF6MzBTfi298lm0Fug7e6iBgOKtoCXYk2GnrCo8RFgRLXoC2ZZz3pNkIxiNB2k0s35eVpniQAa84wZ6hBa0Yqh7G/rf4J1z7IZXFr+PNDQG4gcxxduBfkXdhX3T7A2diLosAGyprDAOG2Z9tuHBXk2uTlmshlea2RdpBOfeso1tZn7IlDh3asFMFLTBNDuqRqILEC+kPTn1TK93K76yHc99UX96Sg01SvRuDnyU8kap3hQDOAUQ/Q4tl5qymbyGeZmyN/YRYrXPUwUUd3fvizVwyqnkR0DHLqPmBEV7RYFjq0ZlCsS/HoUgV1GeORZjM2zYklfK1hZKe30I0PHYz0wK+z3gB3YItfXEuU9RpPQJEoDx7d0dkx6oGEMp7A15yu7DBUZhei+3FvhHbwHKZJNhZGL7021AfZN76slUA7Mhod+bvpgSIhfTcccxFySjyGJHRNSOE6pLoFJYUX31LMlWiiZxcvC5InosEUaciM0t/hTQguNPWditYtftQ2g9HO3S5QRxxm70tNtinKdQ==\n",
            "public_key_pem": "-----BEGIN PUBLIC KEY-----\nMIICIjANBgkqhkiG9w0BAQEFAAOCAg8AMIICCgKCAgEAv4gxfrkg0qINWYUCK9ql\nZR5D4uNENRjKz9xz8In7f/2s+WYZ3z4PRY4Vn4sjZQdnIpQJf1ootNX2BAy6/DLj\nwMLkozie0TDjZ03CLfhwrXZLMXW986N/XjEBuYtC0GqNPnwOtgHopj3jhWmvIlu8\nXPRoyRejMwU34tvfJZtBboO3uogYDiraAl2JNhp6wqPERYES16AtmWc96TZCMYjQ\ndpNLN+XlaZ4kAGvOMGeoQWtGKoexv63+Cdc+yGVxa/jzQ0BuIHMcXbgX5F3YV90+\nwNnYi6LABsqawwDhtmfbbhwV5Nrk5ZrIZXmtkXaQTn3rKNbWZ+yJQ4d2rBTBS0wT\nQ7qkaiCxAvpD059Uyvdyu+sh3PfVF/ekoNNUr0bg58lPJGqd4UAzgFEP0OLZeasp\nm8hnmZsjf2EWK1z1MFFHd374s1cMqp5EdAxy6j5gRFe0WBY6tGZQrEvx6FIFdRnj\nkWYzNs2JJXytYWSnt9CNDx2M9MCvs94Ad2CLX1xLlPUaT0CRKA8e3dHZMeqBhDKe\nwNecruwwVGYXovtxb4R28BymSTYWRi+9NtQH2Te+rJVAOzIaHfm76YEiIX03HHMR\ncko8hiR0TUjhOqS6BSWFF99SzJVoomcXLwuSJ6LBFGnIjNLf4U0ILjT1nYrWLX7U\nNoPRzt0uUEccZu9LTbYpynUCAwEAAQ==\n-----END PUBLIC KEY-----\n",
            "rsa_bits": 4096
          },
          "private": "bnVsbA=="
        }
      ]
    },
    {
      "module": "module.vpc",
      "mode": "data",
      "type": "aws_availability_zones",
      "name": "available",
      "provider": "provider[\"registry.terraform.io/hashicorp/aws\"]",
      "instances": [
        {
          "schema_version": 0,
          "attributes": {
            "all_availability_zones": null,
            "exclude_names": null,
            "exclude_zone_ids": null,
            "filter": null,
            "group_names": [
              "ap-southeast-2"
            ],
            "id": "2020-10-13 13:43:42.8510139 +0000 UTC",
            "names": [
              "ap-southeast-2a",
              "ap-southeast-2b",
              "ap-southeast-2c"
            ],
            "state": null,
            "zone_ids": [
              "apse2-az3",
              "apse2-az1",
              "apse2-az2"
            ]
          }
        }
      ]
    },
    {
      "module": "module.vpc",
      "mode": "managed",
      "type": "aws_eip",
      "name": "eip",
      "provider": "provider[\"registry.terraform.io/hashicorp/aws\"]",
      "instances": [
        {
          "index_key": 0,
          "schema_version": 0,
          "attributes": {
            "allocation_id": null,
            "associate_with_private_ip": null,
            "association_id": "",
            "customer_owned_ip": "",
            "customer_owned_ipv4_pool": "",
            "domain": "vpc",
            "id": "eipalloc-08f13e5b6719fd833",
            "instance": "",
            "network_interface": "",
            "private_dns": null,
            "private_ip": "",
            "public_dns": "ec2-54-252-123-102.ap-southeast-2.compute.amazonaws.com",
            "public_ip": "54.252.123.102",
            "public_ipv4_pool": "amazon",
            "tags": {
              "Name": "Elastic IP Nat"
            },
            "timeouts": null,
            "vpc": true
          },
          "private": "eyJlMmJmYjczMC1lY2FhLTExZTYtOGY4OC0zNDM2M2JjN2M0YzAiOnsiZGVsZXRlIjoxODAwMDAwMDAwMDAsInJlYWQiOjkwMDAwMDAwMDAwMCwidXBkYXRlIjozMDAwMDAwMDAwMDB9fQ=="
        },
        {
          "index_key": 1,
          "schema_version": 0,
          "attributes": {
            "allocation_id": null,
            "associate_with_private_ip": null,
            "association_id": "",
            "customer_owned_ip": "",
            "customer_owned_ipv4_pool": "",
            "domain": "vpc",
            "id": "eipalloc-0512fe63b0ad17c87",
            "instance": "",
            "network_interface": "",
            "private_dns": null,
            "private_ip": "",
            "public_dns": "ec2-3-105-74-186.ap-southeast-2.compute.amazonaws.com",
            "public_ip": "3.105.74.186",
            "public_ipv4_pool": "amazon",
            "tags": {
              "Name": "Elastic IP Nat"
            },
            "timeouts": null,
            "vpc": true
          },
          "private": "eyJlMmJmYjczMC1lY2FhLTExZTYtOGY4OC0zNDM2M2JjN2M0YzAiOnsiZGVsZXRlIjoxODAwMDAwMDAwMDAsInJlYWQiOjkwMDAwMDAwMDAwMCwidXBkYXRlIjozMDAwMDAwMDAwMDB9fQ=="
        },
        {
          "index_key": 2,
          "schema_version": 0,
          "attributes": {
            "allocation_id": null,
            "associate_with_private_ip": null,
            "association_id": "",
            "customer_owned_ip": "",
            "customer_owned_ipv4_pool": "",
            "domain": "vpc",
            "id": "eipalloc-0002bf15fd9adf188",
            "instance": "",
            "network_interface": "",
            "private_dns": null,
            "private_ip": "",
            "public_dns": "ec2-52-62-234-0.ap-southeast-2.compute.amazonaws.com",
            "public_ip": "52.62.234.0",
            "public_ipv4_pool": "amazon",
            "tags": {
              "Name": "Elastic IP Nat"
            },
            "timeouts": null,
            "vpc": true
          },
          "private": "eyJlMmJmYjczMC1lY2FhLTExZTYtOGY4OC0zNDM2M2JjN2M0YzAiOnsiZGVsZXRlIjoxODAwMDAwMDAwMDAsInJlYWQiOjkwMDAwMDAwMDAwMCwidXBkYXRlIjozMDAwMDAwMDAwMDB9fQ=="
        }
      ]
    },
    {
      "module": "module.vpc",
      "mode": "managed",
      "type": "aws_internet_gateway",
      "name": "igw",
      "provider": "provider[\"registry.terraform.io/hashicorp/aws\"]",
      "instances": [
        {
          "schema_version": 0,
          "attributes": {
            "arn": "arn:aws:ec2:ap-southeast-2:518667233221:internet-gateway/igw-012dfc73c316606be",
            "id": "igw-012dfc73c316606be",
            "owner_id": "518667233221",
            "tags": {
              "Name": "Internet-Gateway"
            },
            "vpc_id": "vpc-05f021fce4af88370"
          },
          "private": "bnVsbA==",
          "dependencies": [
            "module.vpc.aws_vpc.this"
          ]
        }
      ]
    },
    {
      "module": "module.vpc",
      "mode": "managed",
      "type": "aws_nat_gateway",
      "name": "nat-gw",
      "provider": "provider[\"registry.terraform.io/hashicorp/aws\"]",
      "instances": [
        {
          "index_key": 0,
          "schema_version": 0,
          "attributes": {
            "allocation_id": "eipalloc-08f13e5b6719fd833",
            "id": "nat-0b1725c392c2569a5",
            "network_interface_id": "eni-01a6ce370380f5ac9",
            "private_ip": "10.43.192.185",
            "public_ip": "54.252.123.102",
            "subnet_id": "subnet-0925eaa11e5586e83",
            "tags": {
              "Name": "NAT-ap-southeast-2a"
            }
          },
          "private": "bnVsbA==",
          "dependencies": [
            "module.vpc.aws_eip.eip",
            "module.vpc.aws_subnet.public_subnet",
            "module.vpc.aws_vpc.this",
            "module.vpc.data.aws_availability_zones.available"
          ]
        },
        {
          "index_key": 1,
          "schema_version": 0,
          "attributes": {
            "allocation_id": "eipalloc-0512fe63b0ad17c87",
            "id": "nat-0350639816b27c2b9",
            "network_interface_id": "eni-07bd8aa96f30821ec",
            "private_ip": "10.43.192.204",
            "public_ip": "3.105.74.186",
            "subnet_id": "subnet-032bd87ff241f0ad1",
            "tags": {
              "Name": "NAT-ap-southeast-2b"
            }
          },
          "private": "bnVsbA==",
          "dependencies": [
            "module.vpc.aws_eip.eip",
            "module.vpc.aws_subnet.public_subnet",
            "module.vpc.aws_vpc.this",
            "module.vpc.data.aws_availability_zones.available"
          ]
        },
        {
          "index_key": 2,
          "schema_version": 0,
          "attributes": {
            "allocation_id": "eipalloc-0002bf15fd9adf188",
            "id": "nat-0a4514a5f3317d351",
            "network_interface_id": "eni-0dc775ad56b51798b",
            "private_ip": "10.43.192.213",
            "public_ip": "52.62.234.0",
            "subnet_id": "subnet-00c2d38e0f406c73f",
            "tags": {
              "Name": "NAT-ap-southeast-2c"
            }
          },
          "private": "bnVsbA==",
          "dependencies": [
            "module.vpc.aws_eip.eip",
            "module.vpc.aws_subnet.public_subnet",
            "module.vpc.aws_vpc.this",
            "module.vpc.data.aws_availability_zones.available"
          ]
        }
      ]
    },
    {
      "module": "module.vpc",
      "mode": "managed",
      "type": "aws_route_table",
      "name": "node-rt",
      "provider": "provider[\"registry.terraform.io/hashicorp/aws\"]",
      "instances": [
        {
          "index_key": 0,
          "schema_version": 0,
          "attributes": {
            "id": "rtb-0ee688e934a7f9148",
            "owner_id": "518667233221",
            "propagating_vgws": [],
            "route": [
              {
                "cidr_block": "0.0.0.0/0",
                "egress_only_gateway_id": "",
                "gateway_id": "nat-0b1725c392c2569a5",
                "instance_id": "",
                "ipv6_cidr_block": "",
                "local_gateway_id": "",
                "nat_gateway_id": "",
                "network_interface_id": "",
                "transit_gateway_id": "",
                "vpc_peering_connection_id": ""
              }
            ],
            "tags": {
              "Name": "Nodes-RT-ap-southeast-2a"
            },
            "vpc_id": "vpc-05f021fce4af88370"
          },
          "private": "bnVsbA==",
          "dependencies": [
            "module.vpc.aws_eip.eip",
            "module.vpc.aws_nat_gateway.nat-gw",
            "module.vpc.aws_subnet.public_subnet",
            "module.vpc.aws_vpc.this",
            "module.vpc.data.aws_availability_zones.available"
          ]
        },
        {
          "index_key": 1,
          "schema_version": 0,
          "attributes": {
            "id": "rtb-0ccb3cf50420fdc66",
            "owner_id": "518667233221",
            "propagating_vgws": [],
            "route": [
              {
                "cidr_block": "0.0.0.0/0",
                "egress_only_gateway_id": "",
                "gateway_id": "nat-0350639816b27c2b9",
                "instance_id": "",
                "ipv6_cidr_block": "",
                "local_gateway_id": "",
                "nat_gateway_id": "",
                "network_interface_id": "",
                "transit_gateway_id": "",
                "vpc_peering_connection_id": ""
              }
            ],
            "tags": {
              "Name": "Nodes-RT-ap-southeast-2b"
            },
            "vpc_id": "vpc-05f021fce4af88370"
          },
          "private": "bnVsbA==",
          "dependencies": [
            "module.vpc.aws_eip.eip",
            "module.vpc.aws_nat_gateway.nat-gw",
            "module.vpc.aws_subnet.public_subnet",
            "module.vpc.aws_vpc.this",
            "module.vpc.data.aws_availability_zones.available"
          ]
        },
        {
          "index_key": 2,
          "schema_version": 0,
          "attributes": {
            "id": "rtb-0c12f0ebd7fabfaba",
            "owner_id": "518667233221",
            "propagating_vgws": [],
            "route": [
              {
                "cidr_block": "0.0.0.0/0",
                "egress_only_gateway_id": "",
                "gateway_id": "nat-0a4514a5f3317d351",
                "instance_id": "",
                "ipv6_cidr_block": "",
                "local_gateway_id": "",
                "nat_gateway_id": "",
                "network_interface_id": "",
                "transit_gateway_id": "",
                "vpc_peering_connection_id": ""
              }
            ],
            "tags": {
              "Name": "Nodes-RT-ap-southeast-2c"
            },
            "vpc_id": "vpc-05f021fce4af88370"
          },
          "private": "bnVsbA==",
          "dependencies": [
            "module.vpc.aws_eip.eip",
            "module.vpc.aws_nat_gateway.nat-gw",
            "module.vpc.aws_subnet.public_subnet",
            "module.vpc.aws_vpc.this",
            "module.vpc.data.aws_availability_zones.available"
          ]
        }
      ]
    },
    {
      "module": "module.vpc",
      "mode": "managed",
      "type": "aws_route_table",
      "name": "public-rt",
      "provider": "provider[\"registry.terraform.io/hashicorp/aws\"]",
      "instances": [
        {
          "schema_version": 0,
          "attributes": {
            "id": "rtb-01f8c1f64a51d80b9",
            "owner_id": "518667233221",
            "propagating_vgws": [],
            "route": [
              {
                "cidr_block": "0.0.0.0/0",
                "egress_only_gateway_id": "",
                "gateway_id": "igw-012dfc73c316606be",
                "instance_id": "",
                "ipv6_cidr_block": "",
                "local_gateway_id": "",
                "nat_gateway_id": "",
                "network_interface_id": "",
                "transit_gateway_id": "",
                "vpc_peering_connection_id": ""
              }
            ],
            "tags": {
              "Name": "Public RT"
            },
            "vpc_id": "vpc-05f021fce4af88370"
          },
          "private": "bnVsbA==",
          "dependencies": [
            "module.vpc.aws_internet_gateway.igw",
            "module.vpc.aws_vpc.this"
          ]
        }
      ]
    },
    {
      "module": "module.vpc",
      "mode": "managed",
      "type": "aws_route_table_association",
      "name": "node_route_assc",
      "provider": "provider[\"registry.terraform.io/hashicorp/aws\"]",
      "instances": [
        {
          "index_key": 0,
          "schema_version": 0,
          "attributes": {
            "gateway_id": null,
            "id": "rtbassoc-02bb9b06cec84f895",
            "route_table_id": "rtb-0ee688e934a7f9148",
            "subnet_id": "subnet-0ec5892d87b26b5f2"
          },
          "private": "bnVsbA==",
          "dependencies": [
            "module.vpc.aws_eip.eip",
            "module.vpc.aws_nat_gateway.nat-gw",
            "module.vpc.aws_route_table.node-rt",
            "module.vpc.aws_subnet.nodes_subnet",
            "module.vpc.aws_subnet.public_subnet",
            "module.vpc.aws_vpc.this",
            "module.vpc.data.aws_availability_zones.available"
          ]
        },
        {
          "index_key": 1,
          "schema_version": 0,
          "attributes": {
            "gateway_id": null,
            "id": "rtbassoc-0f4a70005575824e9",
            "route_table_id": "rtb-0ccb3cf50420fdc66",
            "subnet_id": "subnet-00addbf7795e681f4"
          },
          "private": "bnVsbA==",
          "dependencies": [
            "module.vpc.aws_eip.eip",
            "module.vpc.aws_nat_gateway.nat-gw",
            "module.vpc.aws_route_table.node-rt",
            "module.vpc.aws_subnet.nodes_subnet",
            "module.vpc.aws_subnet.public_subnet",
            "module.vpc.aws_vpc.this",
            "module.vpc.data.aws_availability_zones.available"
          ]
        },
        {
          "index_key": 2,
          "schema_version": 0,
          "attributes": {
            "gateway_id": null,
            "id": "rtbassoc-04e27bb7ea30f5d4d",
            "route_table_id": "rtb-0c12f0ebd7fabfaba",
            "subnet_id": "subnet-0f9eeac4c2b4f68ec"
          },
          "private": "bnVsbA==",
          "dependencies": [
            "module.vpc.aws_eip.eip",
            "module.vpc.aws_nat_gateway.nat-gw",
            "module.vpc.aws_route_table.node-rt",
            "module.vpc.aws_subnet.nodes_subnet",
            "module.vpc.aws_subnet.public_subnet",
            "module.vpc.aws_vpc.this",
            "module.vpc.data.aws_availability_zones.available"
          ]
        }
      ]
    },
    {
      "module": "module.vpc",
      "mode": "managed",
      "type": "aws_route_table_association",
      "name": "public_route_assc",
      "provider": "provider[\"registry.terraform.io/hashicorp/aws\"]",
      "instances": [
        {
          "index_key": 0,
          "schema_version": 0,
          "attributes": {
            "gateway_id": null,
            "id": "rtbassoc-008ee042a75bc5b2c",
            "route_table_id": "rtb-01f8c1f64a51d80b9",
            "subnet_id": "subnet-0925eaa11e5586e83"
          },
          "private": "bnVsbA==",
          "dependencies": [
            "module.vpc.aws_internet_gateway.igw",
            "module.vpc.aws_route_table.public-rt",
            "module.vpc.aws_subnet.public_subnet",
            "module.vpc.aws_vpc.this",
            "module.vpc.data.aws_availability_zones.available"
          ]
        },
        {
          "index_key": 1,
          "schema_version": 0,
          "attributes": {
            "gateway_id": null,
            "id": "rtbassoc-02e08a24d7d418de1",
            "route_table_id": "rtb-01f8c1f64a51d80b9",
            "subnet_id": "subnet-032bd87ff241f0ad1"
          },
          "private": "bnVsbA==",
          "dependencies": [
            "module.vpc.aws_internet_gateway.igw",
            "module.vpc.aws_route_table.public-rt",
            "module.vpc.aws_subnet.public_subnet",
            "module.vpc.aws_vpc.this",
            "module.vpc.data.aws_availability_zones.available"
          ]
        },
        {
          "index_key": 2,
          "schema_version": 0,
          "attributes": {
            "gateway_id": null,
            "id": "rtbassoc-04b58221433ef2b10",
            "route_table_id": "rtb-01f8c1f64a51d80b9",
            "subnet_id": "subnet-00c2d38e0f406c73f"
          },
          "private": "bnVsbA==",
          "dependencies": [
            "module.vpc.aws_internet_gateway.igw",
            "module.vpc.aws_route_table.public-rt",
            "module.vpc.aws_subnet.public_subnet",
            "module.vpc.aws_vpc.this",
            "module.vpc.data.aws_availability_zones.available"
          ]
        }
      ]
    },
    {
      "module": "module.vpc",
      "mode": "managed",
      "type": "aws_subnet",
      "name": "nodes_subnet",
      "provider": "provider[\"registry.terraform.io/hashicorp/aws\"]",
      "instances": [
        {
          "index_key": 0,
          "schema_version": 1,
          "attributes": {
            "arn": "arn:aws:ec2:ap-southeast-2:518667233221:subnet/subnet-0ec5892d87b26b5f2",
            "assign_ipv6_address_on_creation": false,
            "availability_zone": "ap-southeast-2a",
            "availability_zone_id": "apse2-az3",
            "cidr_block": "10.43.192.128/28",
            "id": "subnet-0ec5892d87b26b5f2",
            "ipv6_cidr_block": "",
            "ipv6_cidr_block_association_id": "",
            "map_public_ip_on_launch": false,
            "outpost_arn": "",
            "owner_id": "518667233221",
            "tags": {
              "Name": "nodes-subnet-ap-southeast-2a"
            },
            "timeouts": null,
            "vpc_id": "vpc-05f021fce4af88370"
          },
          "private": "eyJlMmJmYjczMC1lY2FhLTExZTYtOGY4OC0zNDM2M2JjN2M0YzAiOnsiY3JlYXRlIjo2MDAwMDAwMDAwMDAsImRlbGV0ZSI6MTIwMDAwMDAwMDAwMH0sInNjaGVtYV92ZXJzaW9uIjoiMSJ9",
          "dependencies": [
            "module.vpc.aws_vpc.this",
            "module.vpc.data.aws_availability_zones.available"
          ]
        },
        {
          "index_key": 1,
          "schema_version": 1,
          "attributes": {
            "arn": "arn:aws:ec2:ap-southeast-2:518667233221:subnet/subnet-00addbf7795e681f4",
            "assign_ipv6_address_on_creation": false,
            "availability_zone": "ap-southeast-2b",
            "availability_zone_id": "apse2-az1",
            "cidr_block": "10.43.192.144/28",
            "id": "subnet-00addbf7795e681f4",
            "ipv6_cidr_block": "",
            "ipv6_cidr_block_association_id": "",
            "map_public_ip_on_launch": false,
            "outpost_arn": "",
            "owner_id": "518667233221",
            "tags": {
              "Name": "nodes-subnet-ap-southeast-2b"
            },
            "timeouts": null,
            "vpc_id": "vpc-05f021fce4af88370"
          },
          "private": "eyJlMmJmYjczMC1lY2FhLTExZTYtOGY4OC0zNDM2M2JjN2M0YzAiOnsiY3JlYXRlIjo2MDAwMDAwMDAwMDAsImRlbGV0ZSI6MTIwMDAwMDAwMDAwMH0sInNjaGVtYV92ZXJzaW9uIjoiMSJ9",
          "dependencies": [
            "module.vpc.aws_vpc.this",
            "module.vpc.data.aws_availability_zones.available"
          ]
        },
        {
          "index_key": 2,
          "schema_version": 1,
          "attributes": {
            "arn": "arn:aws:ec2:ap-southeast-2:518667233221:subnet/subnet-0f9eeac4c2b4f68ec",
            "assign_ipv6_address_on_creation": false,
            "availability_zone": "ap-southeast-2c",
            "availability_zone_id": "apse2-az2",
            "cidr_block": "10.43.192.160/28",
            "id": "subnet-0f9eeac4c2b4f68ec",
            "ipv6_cidr_block": "",
            "ipv6_cidr_block_association_id": "",
            "map_public_ip_on_launch": false,
            "outpost_arn": "",
            "owner_id": "518667233221",
            "tags": {
              "Name": "nodes-subnet-ap-southeast-2c"
            },
            "timeouts": null,
            "vpc_id": "vpc-05f021fce4af88370"
          },
          "private": "eyJlMmJmYjczMC1lY2FhLTExZTYtOGY4OC0zNDM2M2JjN2M0YzAiOnsiY3JlYXRlIjo2MDAwMDAwMDAwMDAsImRlbGV0ZSI6MTIwMDAwMDAwMDAwMH0sInNjaGVtYV92ZXJzaW9uIjoiMSJ9",
          "dependencies": [
            "module.vpc.aws_vpc.this",
            "module.vpc.data.aws_availability_zones.available"
          ]
        }
      ]
    },
    {
      "module": "module.vpc",
      "mode": "managed",
      "type": "aws_subnet",
      "name": "public_subnet",
      "provider": "provider[\"registry.terraform.io/hashicorp/aws\"]",
      "instances": [
        {
          "index_key": 0,
          "schema_version": 1,
          "attributes": {
            "arn": "arn:aws:ec2:ap-southeast-2:518667233221:subnet/subnet-0925eaa11e5586e83",
            "assign_ipv6_address_on_creation": false,
            "availability_zone": "ap-southeast-2a",
            "availability_zone_id": "apse2-az3",
            "cidr_block": "10.43.192.176/28",
            "id": "subnet-0925eaa11e5586e83",
            "ipv6_cidr_block": "",
            "ipv6_cidr_block_association_id": "",
            "map_public_ip_on_launch": false,
            "outpost_arn": "",
            "owner_id": "518667233221",
            "tags": {
              "Name": "public-subnet-ap-southeast-2a"
            },
            "timeouts": null,
            "vpc_id": "vpc-05f021fce4af88370"
          },
          "private": "eyJlMmJmYjczMC1lY2FhLTExZTYtOGY4OC0zNDM2M2JjN2M0YzAiOnsiY3JlYXRlIjo2MDAwMDAwMDAwMDAsImRlbGV0ZSI6MTIwMDAwMDAwMDAwMH0sInNjaGVtYV92ZXJzaW9uIjoiMSJ9",
          "dependencies": [
            "module.vpc.aws_vpc.this",
            "module.vpc.data.aws_availability_zones.available"
          ]
        },
        {
          "index_key": 1,
          "schema_version": 1,
          "attributes": {
            "arn": "arn:aws:ec2:ap-southeast-2:518667233221:subnet/subnet-032bd87ff241f0ad1",
            "assign_ipv6_address_on_creation": false,
            "availability_zone": "ap-southeast-2b",
            "availability_zone_id": "apse2-az1",
            "cidr_block": "10.43.192.192/28",
            "id": "subnet-032bd87ff241f0ad1",
            "ipv6_cidr_block": "",
            "ipv6_cidr_block_association_id": "",
            "map_public_ip_on_launch": false,
            "outpost_arn": "",
            "owner_id": "518667233221",
            "tags": {
              "Name": "public-subnet-ap-southeast-2b"
            },
            "timeouts": null,
            "vpc_id": "vpc-05f021fce4af88370"
          },
          "private": "eyJlMmJmYjczMC1lY2FhLTExZTYtOGY4OC0zNDM2M2JjN2M0YzAiOnsiY3JlYXRlIjo2MDAwMDAwMDAwMDAsImRlbGV0ZSI6MTIwMDAwMDAwMDAwMH0sInNjaGVtYV92ZXJzaW9uIjoiMSJ9",
          "dependencies": [
            "module.vpc.aws_vpc.this",
            "module.vpc.data.aws_availability_zones.available"
          ]
        },
        {
          "index_key": 2,
          "schema_version": 1,
          "attributes": {
            "arn": "arn:aws:ec2:ap-southeast-2:518667233221:subnet/subnet-00c2d38e0f406c73f",
            "assign_ipv6_address_on_creation": false,
            "availability_zone": "ap-southeast-2c",
            "availability_zone_id": "apse2-az2",
            "cidr_block": "10.43.192.208/28",
            "id": "subnet-00c2d38e0f406c73f",
            "ipv6_cidr_block": "",
            "ipv6_cidr_block_association_id": "",
            "map_public_ip_on_launch": false,
            "outpost_arn": "",
            "owner_id": "518667233221",
            "tags": {
              "Name": "public-subnet-ap-southeast-2c"
            },
            "timeouts": null,
            "vpc_id": "vpc-05f021fce4af88370"
          },
          "private": "eyJlMmJmYjczMC1lY2FhLTExZTYtOGY4OC0zNDM2M2JjN2M0YzAiOnsiY3JlYXRlIjo2MDAwMDAwMDAwMDAsImRlbGV0ZSI6MTIwMDAwMDAwMDAwMH0sInNjaGVtYV92ZXJzaW9uIjoiMSJ9",
          "dependencies": [
            "module.vpc.aws_vpc.this",
            "module.vpc.data.aws_availability_zones.available"
          ]
        }
      ]
    },
    {
      "module": "module.vpc",
      "mode": "managed",
      "type": "aws_vpc",
      "name": "this",
      "provider": "provider[\"registry.terraform.io/hashicorp/aws\"]",
      "instances": [
        {
          "schema_version": 1,
          "attributes": {
            "arn": "arn:aws:ec2:ap-southeast-2:518667233221:vpc/vpc-05f021fce4af88370",
            "assign_generated_ipv6_cidr_block": false,
            "cidr_block": "10.43.192.128/25",
            "default_network_acl_id": "acl-0d169a6ff1ef2d93b",
            "default_route_table_id": "rtb-05dfb2803b6375ae4",
            "default_security_group_id": "sg-0d7ea1f8de7bfb8bf",
            "dhcp_options_id": "dopt-41d6ac26",
            "enable_classiclink": false,
            "enable_classiclink_dns_support": false,
            "enable_dns_hostnames": true,
            "enable_dns_support": true,
            "id": "vpc-05f021fce4af88370",
            "instance_tenancy": "default",
            "ipv6_association_id": "",
            "ipv6_cidr_block": "",
            "main_route_table_id": "rtb-05dfb2803b6375ae4",
            "owner_id": "518667233221",
            "tags": {
              "Name": "Demo-VPC"
            }
          },
          "private": "eyJzY2hlbWFfdmVyc2lvbiI6IjEifQ=="
        }
      ]
    }
  ]
}
