{
  "version": 4,
  "terraform_version": "0.13.4",
  "serial": 418,
  "lineage": "d317ad87-f5dc-769d-e392-e4e938209d1e",
  "outputs": {},
  "resources": [
    {
      "module": "module.ec2",
      "mode": "managed",
      "type": "aws_instance",
      "name": "bastion",
      "provider": "provider[\"registry.terraform.io/hashicorp/aws\"]",
      "instances": [
        {
          "schema_version": 1,
          "attributes": {
            "ami": "ami-0f96495a064477ffb",
            "arn": "arn:aws:ec2:ap-southeast-2:518667233221:instance/i-07a505183d6eedeac",
            "associate_public_ip_address": false,
            "availability_zone": "ap-southeast-2a",
            "cpu_core_count": 1,
            "cpu_threads_per_core": 1,
            "credit_specification": [
              {
                "cpu_credits": "standard"
              }
            ],
            "disable_api_termination": false,
            "ebs_block_device": [],
            "ebs_optimized": false,
            "ephemeral_block_device": [],
            "get_password_data": false,
            "hibernation": false,
            "host_id": null,
            "iam_instance_profile": "",
            "id": "i-07a505183d6eedeac",
            "instance_initiated_shutdown_behavior": null,
            "instance_state": "running",
            "instance_type": "t2.micro",
            "ipv6_address_count": 0,
            "ipv6_addresses": [],
            "key_name": "deployer-key",
            "metadata_options": [
              {
                "http_endpoint": "enabled",
                "http_put_response_hop_limit": 1,
                "http_tokens": "optional"
              }
            ],
            "monitoring": false,
            "network_interface": [],
            "outpost_arn": "",
            "password_data": "",
            "placement_group": "",
            "primary_network_interface_id": "eni-0a141d5a8fc289cd2",
            "private_dns": "ip-10-43-192-180.ap-southeast-2.compute.internal",
            "private_ip": "10.43.192.180",
            "public_dns": "",
            "public_ip": "",
            "root_block_device": [
              {
                "delete_on_termination": true,
                "device_name": "/dev/xvda",
                "encrypted": false,
                "iops": 100,
                "kms_key_id": "",
                "volume_id": "vol-08fbf579f04f7c5b7",
                "volume_size": 20,
                "volume_type": "gp2"
              }
            ],
            "secondary_private_ips": [],
            "security_groups": [],
            "source_dest_check": true,
            "subnet_id": "subnet-08985685fd55df739",
            "tags": {
              "Name": "Bastion host"
            },
            "tenancy": "default",
            "timeouts": null,
            "user_data": null,
            "user_data_base64": null,
            "volume_tags": {},
            "vpc_security_group_ids": [
              "sg-0e1c1e20322da5dc2"
            ]
          },
          "private": "eyJlMmJmYjczMC1lY2FhLTExZTYtOGY4OC0zNDM2M2JjN2M0YzAiOnsiY3JlYXRlIjo2MDAwMDAwMDAwMDAsImRlbGV0ZSI6MTIwMDAwMDAwMDAwMCwidXBkYXRlIjo2MDAwMDAwMDAwMDB9LCJzY2hlbWFfdmVyc2lvbiI6IjEifQ==",
          "dependencies": [
            "module.ec2.aws_key_pair.this",
            "module.ec2.aws_security_group.bastion-sg",
            "module.ec2.tls_private_key.this",
            "module.vpc.aws_subnet.public_subnet",
            "module.vpc.aws_vpc.this",
            "module.vpc.data.aws_availability_zones.available"
          ]
        }
      ]
    },
    {
      "module": "module.ec2",
      "mode": "managed",
      "type": "aws_key_pair",
      "name": "this",
      "provider": "provider[\"registry.terraform.io/hashicorp/aws\"]",
      "instances": [
        {
          "schema_version": 1,
          "attributes": {
            "arn": "arn:aws:ec2:ap-southeast-2:518667233221:key-pair/deployer-key",
            "fingerprint": "b4:ae:d9:4f:5b:5f:41:e0:79:ae:13:a2:96:e8:e3:4c",
            "id": "deployer-key",
            "key_name": "deployer-key",
            "key_name_prefix": null,
            "key_pair_id": "key-0403c254b4c9eca59",
            "public_key": "ssh-rsa AAAAB3NzaC1yc2EAAAADAQABAAACAQCd2gZrivRtgijLOVtf4k804UV4hLdlJuvaWGgP4yBvJYuv2l70YuNunHF4JaThgjeQ5hPXkgG7iPex3p1Kj1J63bvOjOmVNCFC9u1fctqR+6tYSPj6pIVwI6O62bZELRpZRyZ6ttq1iHNTtTw08KPvh6DErJkDEcnkwdbs16RhozqgrP1hh7+9400hFYeQugSfzDW7us7YZoX2TQ87gVPKbIj6H0KkzfiwZcJDr8xCwEjXTpMSstaG6vjpZgA/uSn604fc2re1lINjzpb1rWLE/Bt2Q1FVFNAjR2DGC7rsPvtQP5wbUBFC9i9Uu0YyHg7qLXlN0P9O79ehr3jb+7U9qd+Y43nFPp9mJ74YzKCXWrgjVb3PiZJNP7z+5rQhHFPJ6cxTOd36BJdysiq3R6FWKRMsWFkNBahf51XzNOznr7Ar+uUXXfMpMSrjlhZljnmUeXgghB3/91x+91Lp89V+iwnOq9veyQqgihuEJwRKD50HWJN6eAXaa/VT6NCwiBuTM8RXoMU4qZSsn3/aIC7Gs07/3xu+owZyEEXkFgldJTyLodIPkup+9dA53rBquDWGhMU4ncLDmx+Xz3NDdvsGBquBn16iq1qHJP9yzILDgWBZff6+zDkvzPs2RVKFrtDzyMo2/xmODbcQXkuQ5L1ohL5t2kA4fLOr8FdqEuPDMQ==",
            "tags": null
          },
          "private": "eyJzY2hlbWFfdmVyc2lvbiI6IjEifQ==",
          "dependencies": [
            "module.ec2.tls_private_key.this"
          ]
        }
      ]
    },
    {
      "module": "module.ec2",
      "mode": "managed",
      "type": "aws_security_group",
      "name": "bastion-sg",
      "provider": "provider[\"registry.terraform.io/hashicorp/aws\"]",
      "instances": [
        {
          "schema_version": 1,
          "attributes": {
            "arn": "arn:aws:ec2:ap-southeast-2:518667233221:security-group/sg-0e1c1e20322da5dc2",
            "description": "kubectl_instance_sg",
            "egress": [
              {
                "cidr_blocks": [
                  "0.0.0.0/0"
                ],
                "description": "",
                "from_port": 0,
                "ipv6_cidr_blocks": [],
                "prefix_list_ids": [],
                "protocol": "-1",
                "security_groups": [],
                "self": false,
                "to_port": 0
              }
            ],
            "id": "sg-0e1c1e20322da5dc2",
            "ingress": [
              {
                "cidr_blocks": [
                  "0.0.0.0/0"
                ],
                "description": "",
                "from_port": 22,
                "ipv6_cidr_blocks": [],
                "prefix_list_ids": [],
                "protocol": "tcp",
                "security_groups": [],
                "self": false,
                "to_port": 22
              }
            ],
            "name": "bastion-sg",
            "name_prefix": "",
            "owner_id": "518667233221",
            "revoke_rules_on_delete": false,
            "tags": {
              "Name": "bastion-security-group"
            },
            "timeouts": null,
            "vpc_id": "vpc-04d3a949a75864a5e"
          },
          "private": "eyJlMmJmYjczMC1lY2FhLTExZTYtOGY4OC0zNDM2M2JjN2M0YzAiOnsiY3JlYXRlIjo2MDAwMDAwMDAwMDAsImRlbGV0ZSI6NjAwMDAwMDAwMDAwfSwic2NoZW1hX3ZlcnNpb24iOiIxIn0=",
          "dependencies": [
            "module.vpc.aws_vpc.this"
          ]
        }
      ]
    },
    {
      "module": "module.ec2",
      "mode": "managed",
      "type": "tls_private_key",
      "name": "this",
      "provider": "provider[\"registry.terraform.io/hashicorp/tls\"]",
      "instances": [
        {
          "schema_version": 0,
          "attributes": {
            "algorithm": "RSA",
            "ecdsa_curve": "P224",
            "id": "34452aabafbd45c661e767681d813dcf9d12a4e5",
            "private_key_pem": "-----BEGIN RSA PRIVATE KEY-----\nMIIJKAIBAAKCAgEAndoGa4r0bYIoyzlbX+JPNOFFeIS3ZSbr2lhoD+MgbyWLr9pe\n9GLjbpxxeCWk4YI3kOYT15IBu4j3sd6dSo9Set27zozplTQhQvbtX3LakfurWEj4\n+qSFcCOjutm2RC0aWUcmerbatYhzU7U8NPCj74egxKyZAxHJ5MHW7NekYaM6oKz9\nYYe/veNNIRWHkLoEn8w1u7rO2GaF9k0PO4FTymyI+h9CpM34sGXCQ6/MQsBI106T\nErLWhur46WYAP7kp+tOH3Nq3tZSDY86W9a1ixPwbdkNRVRTQI0dgxgu67D77UD+c\nG1ARQvYvVLtGMh4O6i15TdD/Tu/Xoa942/u1PanfmON5xT6fZie+GMygl1q4I1W9\nz4mSTT+8/ua0IRxTyenMUznd+gSXcrIqt0ehVikTLFhZDQWoX+dV8zTs56+wK/rl\nF13zKTEq45YWZY55lHl4IIQd//dcfvdS6fPVfosJzqvb3skKoIobhCcESg+dB1iT\nengF2mv1U+jQsIgbkzPEV6DFOKmUrJ9/2iAuxrNO/98bvqMGchBF5BYJXSU8i6HS\nD5LqfvXQOd6warg1hoTFOJ3Cw5sfl89zQ3b7BgargZ9eoqtahyT/csyCw4FgWX3+\nvsw5L8z7NkVSha7Q88jKNv8Zjg23EF5LkOS9aIS+bdpAOHyzq/BXahLjwzECAwEA\nAQKCAgAVs43CZz4neAeHuQD487IUAQx9/zD/dRRj1leoJ3+kCDNmH82CJ75AzL1E\n2VgLsM1W3GrJ7kbSs4fqKkLRp1adkbJqOTE71AjmnfAQeUfXXhQ2dQHV45x8yEmQ\nPLI0OUcwEvoVUOJMps/EKFx4osTG/4x4vYnjxCRPkN6tfRAaZEiBIodLS1BvGLrX\n24/hs9FC7t5MSuh5E89DB2EauzL712QVjwqogbC4/6RvjdG1M55QC3tozLF1pwRF\ngkJygFBnLYG2OVOcYSiXJiXW7NlxX3+fCK471jqvPvbtA1vVcus2IyihEKbu382u\nBnkmFr/SLiJJMnyHK64nimpBRB+sfVCvM56gW8D8SfQnF7WSb2XbkgxNiMMobj/i\n306bVOFdqPEkqajkEWFAAkyXXO9+T7ETvnekoN+Vt3Ep6knPsry1u7kLoUQPX6f9\n1TVJ9G1dvlcpy2kKeXbKAjm56H0S3fgESey8yVN9HyviMM6s2/FHbvmaTSc65zOc\nRk5uI+uwIYMdcl0AOJHo1+J2DC456qJvh16mkxIIFrSkqcVCSO48NUdHXsjVsF8Z\ndppY7K0HTSNO5XJMZmAJP4WP7LLvdbpT/YHHvUYd4BvEdQlDOLie7uU8oaTlENnD\nAu4CJ2GDTadnOckcUyXOuR1ew9OnYjK04h6fSYEfRY1NLx/uqQKCAQEAy/MY+mTT\nSMQxMhVMJ/2j2CBTU8Y35aesy3ImGoR4AzZFXGDfBqZkowPG/0KaOGPmJN1PlFol\nCvZmjk4Kh7Dsa0cbt9QxgLH6dIbscna3Mdz6UTIK0A0pXDG8/VYRdOwEDpCxu8VC\n62nMrkdTlK5pYwbgiYXeEi1D8eccsLKl9WArPv5M26P6ZJu8j8wZneRv8rPGhYBh\nfeHvpc3DogKKMPQ74tKy61bcAyMhZlLCHOg+7fYncncaqZyeLzwEySPFtsdxxTxM\nWUnhz18zuegedHDKM0WwQE3Oo3A80N66AvMDrFTAUhLEEZwpN9rckQvk+a0xthU5\nEKAZQonm7Tio2wKCAQEAxiMmvgNF4ZaPZkaEl4w3gMQqehmzHRsty/cq4HzeW8CJ\nFvjY/HMlB2nrz6S6T1Cqg2dfpfPLRIF8IahYo5TqCI+xEQmHaTmp1FrYXMIyt41e\nNui3WzkwF6Lm/4He98CjmTOqJshIYwwaE5pqg6ZaNPbjAiq57P2xg3lY3MdBdPXS\nTMLjsFGkZcHVW+zdIYIjlbFhpR+KyLoKuEy61kfUxGuf8Oe0OKWjBv9Tv3XSr3ny\nATnmBFYBr6NgYR2+7WeG/AWnaTpWzVL8VAuEbx/WQxhe1VDonma6Ysy5ylgIqakD\ngy4CNMYPs+A0ol/jLJXctQCN49rydlmsg/Z2dn/r4wKCAQEArPEeLC3VMC4VnWeL\n5ZliF0IKBs7d1WMi1n2cK/5Kmkap+FS4qjXsvoLUet3qUoj7viTgd2cdZDde7arl\nqPxw7eMlcPOBaqUBQVCsLb/XRnQg2zs5CgUvHlua66PRN7lvEz7FR/lU7rUPeHVJ\nPZnMCcnqGxOmJPm3VOhqXreOnQ0Ifuk7GUDqcefRtIoY6teryj2ByPD9Orac9ZcP\nHlFTB4IDSirqxz8nX42po8/nhIW33ydNefXfaRZC2MDnOfyYio6DPgIMp+ZLkgIj\npbBcKtb9zw54D38rC1KAb4l+aEPTyI0xbCc3lcs69H8la+WPK90ee01xz1RDNzYi\n2OOj4wKCAQBe2w8+InT/FcRbE2GA5/jeZYtsXwdX5N4c6pyVUlJlnJxE6id/XGSa\n0wO4qcUkGZs4Q3IQEdH7Xv4dYunkjnMoXBpJ7MTuBFQgvMkeRz5ej4hOQ0UcoBk9\nB5kNM5CaDZiEzK4l2PaGrJGDVwatNiOzfYqaS/gs1Bt6tMptD9tvcgwXAapdjAhn\nSs+pLZGD7Di6/muf0KTxidd9+gXsdgEPc/LjMxodkHam7++ZFoAh0ACiw6Qx6Tbv\nbgjDFamFIG4IE3DdOLe7noH8fnMNfDFod69W8mAbDVUn3ZkInPKwvqBW2dzmhPeZ\nhrnMDpnEi45Y/QXw0q4HKNElcAWwn3c/AoIBAFuM8PZz9jh9uLKYw59xW9Yyg0kI\nuTN9quOE37wsk1KnSt9vauMvlmCQHrw9FiM+1IRvoqzwlD9sRKQl98z/C0AjDXxq\nxsf472dwAZbC/yPQ9FiE37oXCVQYmOs4ImrTmRGqFXRNWN6FydrZWpVlWp07vuIz\n3TWHq2huOqT4e96KmQm4cSADGOGgUc0ZxZMXKwDFxdNjZUHfm/whqUJ0+B2ulCP0\nQPw4x8AI/23H10v0G1nlJMXnmrIC83aQKo9I49Tzb2LVDJZaBJJ+ZKjG0fxENyYv\nV4036pyDs0yH4F/rVYJjOnN/l24DKPoXLC62SS8B76qwCKKlIXa6UGhoJ9c=\n-----END RSA PRIVATE KEY-----\n",
            "public_key_fingerprint_md5": "75:c4:99:1c:21:5a:5d:78:87:5f:4e:92:9f:f8:ab:c0",
            "public_key_openssh": "ssh-rsa AAAAB3NzaC1yc2EAAAADAQABAAACAQCd2gZrivRtgijLOVtf4k804UV4hLdlJuvaWGgP4yBvJYuv2l70YuNunHF4JaThgjeQ5hPXkgG7iPex3p1Kj1J63bvOjOmVNCFC9u1fctqR+6tYSPj6pIVwI6O62bZELRpZRyZ6ttq1iHNTtTw08KPvh6DErJkDEcnkwdbs16RhozqgrP1hh7+9400hFYeQugSfzDW7us7YZoX2TQ87gVPKbIj6H0KkzfiwZcJDr8xCwEjXTpMSstaG6vjpZgA/uSn604fc2re1lINjzpb1rWLE/Bt2Q1FVFNAjR2DGC7rsPvtQP5wbUBFC9i9Uu0YyHg7qLXlN0P9O79ehr3jb+7U9qd+Y43nFPp9mJ74YzKCXWrgjVb3PiZJNP7z+5rQhHFPJ6cxTOd36BJdysiq3R6FWKRMsWFkNBahf51XzNOznr7Ar+uUXXfMpMSrjlhZljnmUeXgghB3/91x+91Lp89V+iwnOq9veyQqgihuEJwRKD50HWJN6eAXaa/VT6NCwiBuTM8RXoMU4qZSsn3/aIC7Gs07/3xu+owZyEEXkFgldJTyLodIPkup+9dA53rBquDWGhMU4ncLDmx+Xz3NDdvsGBquBn16iq1qHJP9yzILDgWBZff6+zDkvzPs2RVKFrtDzyMo2/xmODbcQXkuQ5L1ohL5t2kA4fLOr8FdqEuPDMQ==\n",
            "public_key_pem": "-----BEGIN PUBLIC KEY-----\nMIICIjANBgkqhkiG9w0BAQEFAAOCAg8AMIICCgKCAgEAndoGa4r0bYIoyzlbX+JP\nNOFFeIS3ZSbr2lhoD+MgbyWLr9pe9GLjbpxxeCWk4YI3kOYT15IBu4j3sd6dSo9S\net27zozplTQhQvbtX3LakfurWEj4+qSFcCOjutm2RC0aWUcmerbatYhzU7U8NPCj\n74egxKyZAxHJ5MHW7NekYaM6oKz9YYe/veNNIRWHkLoEn8w1u7rO2GaF9k0PO4FT\nymyI+h9CpM34sGXCQ6/MQsBI106TErLWhur46WYAP7kp+tOH3Nq3tZSDY86W9a1i\nxPwbdkNRVRTQI0dgxgu67D77UD+cG1ARQvYvVLtGMh4O6i15TdD/Tu/Xoa942/u1\nPanfmON5xT6fZie+GMygl1q4I1W9z4mSTT+8/ua0IRxTyenMUznd+gSXcrIqt0eh\nVikTLFhZDQWoX+dV8zTs56+wK/rlF13zKTEq45YWZY55lHl4IIQd//dcfvdS6fPV\nfosJzqvb3skKoIobhCcESg+dB1iTengF2mv1U+jQsIgbkzPEV6DFOKmUrJ9/2iAu\nxrNO/98bvqMGchBF5BYJXSU8i6HSD5LqfvXQOd6warg1hoTFOJ3Cw5sfl89zQ3b7\nBgargZ9eoqtahyT/csyCw4FgWX3+vsw5L8z7NkVSha7Q88jKNv8Zjg23EF5LkOS9\naIS+bdpAOHyzq/BXahLjwzECAwEAAQ==\n-----END PUBLIC KEY-----\n",
            "rsa_bits": 4096
          },
          "private": "bnVsbA=="
        }
      ]
    },
    {
      "module": "module.ecr",
      "mode": "managed",
      "type": "aws_ecr_lifecycle_policy",
      "name": "ecr-policy-demo",
      "provider": "provider[\"registry.terraform.io/hashicorp/aws\"]",
      "instances": [
        {
          "index_key": 0,
          "schema_version": 0,
          "attributes": {
            "id": "go-demo-1",
            "policy": "{\"rules\":[{\"rulePriority\":1,\"description\":\"remove image more than 5\",\"selection\":{\"tagStatus\":\"any\",\"countType\":\"imageCountMoreThan\",\"countNumber\":5},\"action\":{\"type\":\"expire\"}}]}",
            "registry_id": "518667233221",
            "repository": "go-demo-1"
          },
          "private": "bnVsbA==",
          "dependencies": [
            "module.ecr.aws_ecr_repository.ecr-demo"
          ]
        },
        {
          "index_key": 1,
          "schema_version": 0,
          "attributes": {
            "id": "go-demo-2",
            "policy": "{\"rules\":[{\"rulePriority\":1,\"description\":\"remove image more than 5\",\"selection\":{\"tagStatus\":\"any\",\"countType\":\"imageCountMoreThan\",\"countNumber\":5},\"action\":{\"type\":\"expire\"}}]}",
            "registry_id": "518667233221",
            "repository": "go-demo-2"
          },
          "private": "bnVsbA==",
          "dependencies": [
            "module.ecr.aws_ecr_repository.ecr-demo"
          ]
        }
      ]
    },
    {
      "module": "module.ecr",
      "mode": "managed",
      "type": "aws_ecr_repository",
      "name": "ecr-demo",
      "provider": "provider[\"registry.terraform.io/hashicorp/aws\"]",
      "instances": [
        {
          "index_key": 0,
          "schema_version": 0,
          "attributes": {
            "arn": "arn:aws:ecr:ap-southeast-2:518667233221:repository/go-demo-1",
            "encryption_configuration": [
              {
                "encryption_type": "AES256",
                "kms_key": ""
              }
            ],
            "id": "go-demo-1",
            "image_scanning_configuration": [
              {
                "scan_on_push": false
              }
            ],
            "image_tag_mutability": "MUTABLE",
            "name": "go-demo-1",
            "registry_id": "518667233221",
            "repository_url": "518667233221.dkr.ecr.ap-southeast-2.amazonaws.com/go-demo-1",
            "tags": null,
            "timeouts": null
          },
          "private": "eyJlMmJmYjczMC1lY2FhLTExZTYtOGY4OC0zNDM2M2JjN2M0YzAiOnsiZGVsZXRlIjoxMjAwMDAwMDAwMDAwfX0="
        },
        {
          "index_key": 1,
          "schema_version": 0,
          "attributes": {
            "arn": "arn:aws:ecr:ap-southeast-2:518667233221:repository/go-demo-2",
            "encryption_configuration": [
              {
                "encryption_type": "AES256",
                "kms_key": ""
              }
            ],
            "id": "go-demo-2",
            "image_scanning_configuration": [
              {
                "scan_on_push": false
              }
            ],
            "image_tag_mutability": "MUTABLE",
            "name": "go-demo-2",
            "registry_id": "518667233221",
            "repository_url": "518667233221.dkr.ecr.ap-southeast-2.amazonaws.com/go-demo-2",
            "tags": null,
            "timeouts": null
          },
          "private": "eyJlMmJmYjczMC1lY2FhLTExZTYtOGY4OC0zNDM2M2JjN2M0YzAiOnsiZGVsZXRlIjoxMjAwMDAwMDAwMDAwfX0="
        }
      ]
    },
    {
      "module": "module.ecs",
      "mode": "data",
      "type": "template_file",
      "name": "user_data",
      "provider": "provider[\"registry.terraform.io/hashicorp/template\"]",
      "instances": [
        {
          "schema_version": 0,
          "attributes": {
            "filename": null,
            "id": "0ffc9191def4146bdf1142d5878a0fea0178c7783100ee1de8f4e073b26283f1",
            "rendered": "#!/bin/bash\r\nsudo yum update -y ecs-init\r\necho ECS_CLUSTER=ecs-demo \u003e\u003e /etc/ecs/ecs.config;\r\necho ECS_BACKEND_HOST= \u003e\u003e /etc/ecs/ecs.config;\r\necho ECS_ENGINE_TASK_CLEANUP_WAIT_DURATION=15m \u003e\u003e /etc/ecs/ecs.config;\r\necho ECS_IMAGE_CLEANUP_INTERVAL=10m \u003e\u003e /etc/ecs/ecs.config;\r\necho ECS_IMAGE_MINIMUM_CLEANUP_AGE=15m \u003e\u003e /etc/ecs/ecs.config;\r\ntouch /etc/sysctl.d/50-coredump.conf\r\necho \"kernel.core_pattern=|/bin/false\" \u003e\u003e /etc/sysctl.d/50-coredump.conf\r\nsysctl -p /etc/sysctl.d/50-coredump.conf\r\nsudo service docker restart \u0026\u0026 sudo start ecs",
            "template": "#!/bin/bash\r\nsudo yum update -y ecs-init\r\necho ECS_CLUSTER=${cluster_name} \u003e\u003e /etc/ecs/ecs.config;\r\necho ECS_BACKEND_HOST= \u003e\u003e /etc/ecs/ecs.config;\r\necho ECS_ENGINE_TASK_CLEANUP_WAIT_DURATION=15m \u003e\u003e /etc/ecs/ecs.config;\r\necho ECS_IMAGE_CLEANUP_INTERVAL=10m \u003e\u003e /etc/ecs/ecs.config;\r\necho ECS_IMAGE_MINIMUM_CLEANUP_AGE=15m \u003e\u003e /etc/ecs/ecs.config;\r\ntouch /etc/sysctl.d/50-coredump.conf\r\necho \"kernel.core_pattern=|/bin/false\" \u003e\u003e /etc/sysctl.d/50-coredump.conf\r\nsysctl -p /etc/sysctl.d/50-coredump.conf\r\nsudo service docker restart \u0026\u0026 sudo start ecs",
            "vars": {
              "cluster_name": "ecs-demo"
            }
          }
        }
      ]
    },
    {
      "module": "module.ecs",
      "mode": "managed",
      "type": "aws_appautoscaling_policy",
      "name": "demo-task-autoscale-policy",
      "provider": "provider[\"registry.terraform.io/hashicorp/aws\"]",
      "instances": [
        {
          "schema_version": 0,
          "attributes": {
            "arn": "arn:aws:autoscaling:ap-southeast-2:518667233221:scalingPolicy:be153ed2-3a4c-49b2-b34b-c155d752acbb:resource/ecs/service/ecs-demo/ecs-service-demo:policyName/demo-task-autoscale-policy",
            "id": "demo-task-autoscale-policy",
            "name": "demo-task-autoscale-policy",
            "policy_type": "TargetTrackingScaling",
            "resource_id": "service/ecs-demo/ecs-service-demo",
            "scalable_dimension": "ecs:service:DesiredCount",
            "service_namespace": "ecs",
            "step_scaling_policy_configuration": [],
            "target_tracking_scaling_policy_configuration": [
              {
                "customized_metric_specification": [],
                "disable_scale_in": false,
                "predefined_metric_specification": [
                  {
                    "predefined_metric_type": "ECSServiceAverageCPUUtilization",
                    "resource_label": ""
                  }
                ],
                "scale_in_cooldown": 300,
                "scale_out_cooldown": 300,
                "target_value": 80
              }
            ]
          },
          "private": "bnVsbA==",
          "dependencies": [
            "module.ecs.aws_appautoscaling_target.demo-service-target",
            "module.ecs.aws_iam_role.ecs-autoscaling-role"
          ]
        }
      ]
    },
    {
      "module": "module.ecs",
      "mode": "managed",
      "type": "aws_appautoscaling_target",
      "name": "demo-service-target",
      "provider": "provider[\"registry.terraform.io/hashicorp/aws\"]",
      "instances": [
        {
          "schema_version": 0,
          "attributes": {
            "id": "service/ecs-demo/ecs-service-demo",
            "max_capacity": 6,
            "min_capacity": 1,
            "resource_id": "service/ecs-demo/ecs-service-demo",
            "role_arn": "arn:aws:iam::518667233221:role/aws-service-role/ecs.application-autoscaling.amazonaws.com/AWSServiceRoleForApplicationAutoScaling_ECSService",
            "scalable_dimension": "ecs:service:DesiredCount",
            "service_namespace": "ecs"
          },
          "private": "bnVsbA==",
          "dependencies": [
            "module.ecs.aws_iam_role.ecs-autoscaling-role"
          ]
        }
      ]
    },
    {
      "module": "module.ecs",
      "mode": "managed",
      "type": "aws_autoscaling_group",
      "name": "autoscaling-demo",
      "provider": "provider[\"registry.terraform.io/hashicorp/aws\"]",
      "instances": [
        {
          "schema_version": 0,
          "attributes": {
            "arn": "arn:aws:autoscaling:ap-southeast-2:518667233221:autoScalingGroup:cbc3adf5-761b-409a-ae20-a8deb639f8c9:autoScalingGroupName/autoscaling-instance-demo",
            "availability_zones": [
              "ap-southeast-2a",
              "ap-southeast-2b",
              "ap-southeast-2c"
            ],
            "default_cooldown": 300,
            "desired_capacity": 3,
            "enabled_metrics": null,
            "force_delete": false,
            "health_check_grace_period": 60,
            "health_check_type": "EC2",
            "id": "autoscaling-instance-demo",
            "initial_lifecycle_hook": [],
            "launch_configuration": "",
            "launch_template": [],
            "load_balancers": null,
            "max_instance_lifetime": 0,
            "max_size": 5,
            "metrics_granularity": "1Minute",
            "min_elb_capacity": null,
            "min_size": 1,
            "mixed_instances_policy": [
              {
                "instances_distribution": [
                  {
                    "on_demand_allocation_strategy": "prioritized",
                    "on_demand_base_capacity": 3,
                    "on_demand_percentage_above_base_capacity": 0,
                    "spot_allocation_strategy": "lowest-price",
                    "spot_instance_pools": 2,
                    "spot_max_price": ""
                  }
                ],
                "launch_template": [
                  {
                    "launch_template_specification": [
                      {
                        "launch_template_id": "lt-072a42aa171c71517",
                        "launch_template_name": "ecs-template-demo",
                        "version": "$Latest"
                      }
                    ],
                    "override": [
                      {
                        "instance_type": "t3.large",
                        "weighted_capacity": "3"
                      }
                    ]
                  }
                ]
              }
            ],
            "name": "autoscaling-instance-demo",
            "name_prefix": null,
            "placement_group": "",
            "protect_from_scale_in": true,
            "service_linked_role_arn": "arn:aws:iam::518667233221:role/aws-service-role/autoscaling.amazonaws.com/AWSServiceRoleForAutoScaling",
            "suspended_processes": null,
            "tag": [
              {
                "key": "AmazonECSManaged",
                "propagate_at_launch": true,
                "value": ""
              }
            ],
            "tags": null,
            "target_group_arns": null,
            "termination_policies": null,
            "timeouts": null,
            "vpc_zone_identifier": [
              "subnet-005ca976c8967b663",
              "subnet-06bb188f3cef429b0",
              "subnet-0d7d22dc3015abe77"
            ],
            "wait_for_capacity_timeout": "10m",
            "wait_for_elb_capacity": null
          },
          "private": "eyJlMmJmYjczMC1lY2FhLTExZTYtOGY4OC0zNDM2M2JjN2M0YzAiOnsiZGVsZXRlIjo2MDAwMDAwMDAwMDB9fQ==",
          "dependencies": [
            "module.ecs.aws_iam_instance_profile.demo-profile",
            "module.ecs.aws_iam_role.demo-role",
            "module.ecs.aws_key_pair.this",
            "module.ecs.aws_launch_template.ecs_instance_template",
            "module.ecs.aws_security_group.launch-templates-sg",
            "module.ecs.data.template_file.user_data",
            "module.ecs.tls_private_key.this",
            "module.vpc.aws_subnet.nodes_subnet",
            "module.vpc.aws_vpc.this",
            "module.vpc.data.aws_availability_zones.available"
          ]
        }
      ]
    },
    {
      "module": "module.ecs",
      "mode": "managed",
      "type": "aws_ecs_capacity_provider",
      "name": "capacity-provider",
      "provider": "provider[\"registry.terraform.io/hashicorp/aws\"]",
      "instances": [
        {
          "schema_version": 0,
          "attributes": {
            "arn": "arn:aws:ecs:ap-southeast-2:518667233221:capacity-provider/capacity-provider-demo",
            "auto_scaling_group_provider": [
              {
                "auto_scaling_group_arn": "arn:aws:autoscaling:ap-southeast-2:518667233221:autoScalingGroup:cbc3adf5-761b-409a-ae20-a8deb639f8c9:autoScalingGroupName/autoscaling-instance-demo",
                "managed_scaling": [
                  {
                    "maximum_scaling_step_size": 10000,
                    "minimum_scaling_step_size": 1,
                    "status": "ENABLED",
                    "target_capacity": 100
                  }
                ],
                "managed_termination_protection": "ENABLED"
              }
            ],
            "id": "arn:aws:ecs:ap-southeast-2:518667233221:capacity-provider/capacity-provider-demo",
            "name": "capacity-provider-demo",
            "tags": null
          },
          "private": "bnVsbA==",
          "dependencies": [
            "module.ecs.aws_autoscaling_group.autoscaling-demo",
            "module.ecs.aws_iam_instance_profile.demo-profile",
            "module.ecs.aws_iam_role.demo-role",
            "module.ecs.aws_key_pair.this",
            "module.ecs.aws_launch_template.ecs_instance_template",
            "module.ecs.aws_security_group.launch-templates-sg",
            "module.ecs.data.template_file.user_data",
            "module.ecs.tls_private_key.this",
            "module.vpc.aws_subnet.nodes_subnet",
            "module.vpc.aws_vpc.this",
            "module.vpc.data.aws_availability_zones.available"
          ]
        }
      ]
    },
    {
      "module": "module.ecs",
      "mode": "managed",
      "type": "aws_ecs_cluster",
      "name": "ecs-demo",
      "provider": "provider[\"registry.terraform.io/hashicorp/aws\"]",
      "instances": [
        {
          "schema_version": 0,
          "attributes": {
            "arn": "arn:aws:ecs:ap-southeast-2:518667233221:cluster/ecs-demo",
            "capacity_providers": [
              "capacity-provider-demo"
            ],
            "default_capacity_provider_strategy": [],
            "id": "arn:aws:ecs:ap-southeast-2:518667233221:cluster/ecs-demo",
            "name": "ecs-demo",
            "setting": [
              {
                "name": "containerInsights",
                "value": "disabled"
              }
            ],
            "tags": null
          },
          "private": "bnVsbA==",
          "dependencies": [
            "module.ecs.aws_autoscaling_group.autoscaling-demo",
            "module.ecs.aws_ecs_capacity_provider.capacity-provider",
            "module.ecs.aws_iam_instance_profile.demo-profile",
            "module.ecs.aws_iam_role.demo-role",
            "module.ecs.aws_key_pair.this",
            "module.ecs.aws_launch_template.ecs_instance_template",
            "module.ecs.aws_security_group.launch-templates-sg",
            "module.ecs.data.template_file.user_data",
            "module.ecs.tls_private_key.this",
            "module.vpc.aws_subnet.nodes_subnet",
            "module.vpc.aws_vpc.this",
            "module.vpc.data.aws_availability_zones.available"
          ]
        }
      ]
    },
    {
      "module": "module.ecs",
      "mode": "managed",
      "type": "aws_ecs_service",
      "name": "ecs-service-demo",
      "provider": "provider[\"registry.terraform.io/hashicorp/aws\"]",
      "instances": []
    },
    {
      "module": "module.ecs",
      "mode": "managed",
      "type": "aws_iam_instance_profile",
      "name": "demo-profile",
      "provider": "provider[\"registry.terraform.io/hashicorp/aws\"]",
      "instances": [
        {
          "schema_version": 0,
          "attributes": {
            "arn": "arn:aws:iam::518667233221:instance-profile/demo-profile",
            "create_date": "2020-10-13T09:29:30Z",
            "id": "demo-profile",
            "name": "demo-profile",
            "name_prefix": null,
            "path": "/",
            "role": "demo-role",
            "unique_id": "AIPAXRQXZ47CTVCQ2TZ55"
          },
          "private": "bnVsbA==",
          "dependencies": [
            "module.ecs.aws_iam_role.demo-role"
          ]
        }
      ]
    },
    {
      "module": "module.ecs",
      "mode": "managed",
      "type": "aws_iam_role",
      "name": "demo-role",
      "provider": "provider[\"registry.terraform.io/hashicorp/aws\"]",
      "instances": [
        {
          "schema_version": 0,
          "attributes": {
            "arn": "arn:aws:iam::518667233221:role/demo-role",
            "assume_role_policy": "{\"Version\":\"2012-10-17\",\"Statement\":[{\"Sid\":\"\",\"Effect\":\"Allow\",\"Principal\":{\"Service\":\"ec2.amazonaws.com\"},\"Action\":\"sts:AssumeRole\"}]}",
            "create_date": "2020-10-13T09:29:27Z",
            "description": "",
            "force_detach_policies": false,
            "id": "demo-role",
            "max_session_duration": 3600,
            "name": "demo-role",
            "name_prefix": null,
            "path": "/",
            "permissions_boundary": null,
            "tags": null,
            "unique_id": "AROAXRQXZ47CRU72PG3VW"
          },
          "private": "bnVsbA=="
        }
      ]
    },
    {
      "module": "module.ecs",
      "mode": "managed",
      "type": "aws_iam_role",
      "name": "ecs-autoscaling-role",
      "provider": "provider[\"registry.terraform.io/hashicorp/aws\"]",
      "instances": [
        {
          "schema_version": 0,
          "attributes": {
            "arn": "arn:aws:iam::518667233221:role/ecs-autoscaling-role",
            "assume_role_policy": "{\"Version\":\"2012-10-17\",\"Statement\":[{\"Sid\":\"\",\"Effect\":\"Allow\",\"Principal\":{\"Service\":\"ec2.amazonaws.com\"},\"Action\":\"sts:AssumeRole\"}]}",
            "create_date": "2020-10-13T09:29:27Z",
            "description": "",
            "force_detach_policies": false,
            "id": "ecs-autoscaling-role",
            "max_session_duration": 3600,
            "name": "ecs-autoscaling-role",
            "name_prefix": null,
            "path": "/",
            "permissions_boundary": null,
            "tags": {
              "env": "demo"
            },
            "unique_id": "AROAXRQXZ47CXNDZTE5AP"
          },
          "private": "bnVsbA=="
        }
      ]
    },
    {
      "module": "module.ecs",
      "mode": "managed",
      "type": "aws_iam_role",
      "name": "ecs-service-role",
      "provider": "provider[\"registry.terraform.io/hashicorp/aws\"]",
      "instances": [
        {
          "schema_version": 0,
          "attributes": {
            "arn": "arn:aws:iam::518667233221:role/ecs-service-role",
            "assume_role_policy": "{\"Version\":\"2012-10-17\",\"Statement\":[{\"Sid\":\"\",\"Effect\":\"Allow\",\"Principal\":{\"Service\":\"ec2.amazonaws.com\"},\"Action\":\"sts:AssumeRole\"}]}",
            "create_date": "2020-10-13T09:29:27Z",
            "description": "",
            "force_detach_policies": false,
            "id": "ecs-service-role",
            "max_session_duration": 3600,
            "name": "ecs-service-role",
            "name_prefix": null,
            "path": "/",
            "permissions_boundary": null,
            "tags": null,
            "unique_id": "AROAXRQXZ47CSSG34WV24"
          },
          "private": "bnVsbA=="
        }
      ]
    },
    {
      "module": "module.ecs",
      "mode": "managed",
      "type": "aws_iam_role",
      "name": "task-definition-role-demo",
      "provider": "provider[\"registry.terraform.io/hashicorp/aws\"]",
      "instances": [
        {
          "schema_version": 0,
          "attributes": {
            "arn": "arn:aws:iam::518667233221:role/task-definition-role-demo",
            "assume_role_policy": "{\"Version\":\"2012-10-17\",\"Statement\":[{\"Sid\":\"\",\"Effect\":\"Allow\",\"Principal\":{\"Service\":\"ecs-tasks.amazonaws.com\"},\"Action\":\"sts:AssumeRole\"}]}",
            "create_date": "2020-10-13T09:29:27Z",
            "description": "",
            "force_detach_policies": false,
            "id": "task-definition-role-demo",
            "max_session_duration": 3600,
            "name": "task-definition-role-demo",
            "name_prefix": null,
            "path": "/",
            "permissions_boundary": null,
            "tags": {
              "Name": "Task Definition Role"
            },
            "unique_id": "AROAXRQXZ47CQBTX6JY5H"
          },
          "private": "bnVsbA=="
        }
      ]
    },
    {
      "module": "module.ecs",
      "mode": "managed",
      "type": "aws_iam_role",
      "name": "task-execution-role-demo",
      "provider": "provider[\"registry.terraform.io/hashicorp/aws\"]",
      "instances": [
        {
          "schema_version": 0,
          "attributes": {
            "arn": "arn:aws:iam::518667233221:role/task-execution-role-demo",
            "assume_role_policy": "{\"Version\":\"2012-10-17\",\"Statement\":[{\"Sid\":\"\",\"Effect\":\"Allow\",\"Principal\":{\"Service\":\"ecs-tasks.amazonaws.com\"},\"Action\":\"sts:AssumeRole\"}]}",
            "create_date": "2020-10-13T09:29:27Z",
            "description": "",
            "force_detach_policies": false,
            "id": "task-execution-role-demo",
            "max_session_duration": 3600,
            "name": "task-execution-role-demo",
            "name_prefix": null,
            "path": "/",
            "permissions_boundary": null,
            "tags": {
              "Name": "Task Execution Role"
            },
            "unique_id": "AROAXRQXZ47CQU6WZW3ZD"
          },
          "private": "bnVsbA=="
        }
      ]
    },
    {
      "module": "module.ecs",
      "mode": "managed",
      "type": "aws_iam_role_policy",
      "name": "ecs-service-role-policy",
      "provider": "provider[\"registry.terraform.io/hashicorp/aws\"]",
      "instances": [
        {
          "schema_version": 0,
          "attributes": {
            "id": "ecs-service-role:ecs-service-role-policy",
            "name": "ecs-service-role-policy",
            "name_prefix": null,
            "policy": "{\r\n    \"Version\": \"2012-10-17\",\r\n    \"Statement\": [\r\n        {\r\n            \"Effect\": \"Allow\",\r\n            \"Action\": [\r\n                \"ec2:DescribeTags\",\r\n                \"ecs:CreateCluster\",\r\n                \"ecs:DeregisterContainerInstance\",\r\n                \"ecs:DiscoverPollEndpoint\",\r\n                \"ecs:Poll\",\r\n                \"ecs:RegisterContainerInstance\",\r\n                \"ecs:StartTelemetrySession\",\r\n                \"ecs:UpdateContainerInstancesState\",\r\n                \"ecs:Submit*\",\r\n                \"ecr:GetAuthorizationToken\",\r\n                \"ecr:BatchCheckLayerAvailability\",\r\n                \"ecr:GetDownloadUrlForLayer\",\r\n                \"ecr:BatchGetImage\",\r\n                \"logs:CreateLogStream\",\r\n                \"logs:PutLogEvents\"\r\n            ],\r\n            \"Resource\": \"*\"\r\n        }\r\n    ]\r\n}\r\n",
            "role": "ecs-service-role"
          },
          "private": "bnVsbA==",
          "dependencies": [
            "module.ecs.aws_iam_role.ecs-service-role"
          ]
        }
      ]
    },
    {
      "module": "module.ecs",
      "mode": "managed",
      "type": "aws_iam_role_policy_attachment",
      "name": "demo-profile-attachment",
      "provider": "provider[\"registry.terraform.io/hashicorp/aws\"]",
      "instances": [
        {
          "schema_version": 0,
          "attributes": {
            "id": "demo-role-20201013092930275600000001",
            "policy_arn": "arn:aws:iam::aws:policy/AdministratorAccess",
            "role": "demo-role"
          },
          "private": "bnVsbA==",
          "dependencies": [
            "module.ecs.aws_iam_role.demo-role"
          ]
        }
      ]
    },
    {
      "module": "module.ecs",
      "mode": "managed",
      "type": "aws_iam_role_policy_attachment",
      "name": "demo-role-attach",
      "provider": "provider[\"registry.terraform.io/hashicorp/aws\"]",
      "instances": [
        {
          "schema_version": 0,
          "attributes": {
            "id": "ecs-autoscaling-role-20201013092930323200000002",
            "policy_arn": "arn:aws:iam::aws:policy/service-role/AmazonEC2ContainerServiceAutoscaleRole",
            "role": "ecs-autoscaling-role"
          },
          "private": "bnVsbA==",
          "dependencies": [
            "module.ecs.aws_iam_role.ecs-autoscaling-role"
          ]
        }
      ]
    },
    {
      "module": "module.ecs",
      "mode": "managed",
      "type": "aws_iam_role_policy_attachment",
      "name": "iam-role-policy-attachment-task-definition-demo",
      "provider": "provider[\"registry.terraform.io/hashicorp/aws\"]",
      "instances": [
        {
          "schema_version": 0,
          "attributes": {
            "id": "task-definition-role-demo-20201013092930419900000004",
            "policy_arn": "arn:aws:iam::aws:policy/AdministratorAccess",
            "role": "task-definition-role-demo"
          },
          "private": "bnVsbA==",
          "dependencies": [
            "module.ecs.aws_iam_role.task-definition-role-demo"
          ]
        }
      ]
    },
    {
      "module": "module.ecs",
      "mode": "managed",
      "type": "aws_iam_role_policy_attachment",
      "name": "iam-role-policy-attachment-task-execution-demo",
      "provider": "provider[\"registry.terraform.io/hashicorp/aws\"]",
      "instances": [
        {
          "schema_version": 0,
          "attributes": {
            "id": "task-execution-role-demo-20201013092930355800000003",
            "policy_arn": "arn:aws:iam::aws:policy/service-role/AmazonECSTaskExecutionRolePolicy",
            "role": "task-execution-role-demo"
          },
          "private": "bnVsbA==",
          "dependencies": [
            "module.ecs.aws_iam_role.task-execution-role-demo"
          ]
        }
      ]
    },
    {
      "module": "module.ecs",
      "mode": "managed",
      "type": "aws_key_pair",
      "name": "this",
      "provider": "provider[\"registry.terraform.io/hashicorp/aws\"]",
      "instances": [
        {
          "schema_version": 1,
          "attributes": {
            "arn": "arn:aws:ec2:ap-southeast-2:518667233221:key-pair/deployer-key-autoscaling",
            "fingerprint": "c4:ae:6a:d6:b4:bb:4a:1d:df:a2:4b:21:e6:72:dd:c2",
            "id": "deployer-key-autoscaling",
            "key_name": "deployer-key-autoscaling",
            "key_name_prefix": null,
            "key_pair_id": "key-0dde156bf197bf397",
            "public_key": "ssh-rsa AAAAB3NzaC1yc2EAAAADAQABAAACAQCp6uOJeojAT/hkyj93zttxAFtulPzrJ2DFvAP9kGTvAeKPkayVax13xEgXOA6cDz4Vp/012BaJmb63K2OE8NUSh1bXraa68SiugmAloj+nZhQlwyCYp2ATXJfNnhowbsddNVAKQ094xPE1Mn8u/MkostX3jlqaHHrMN9OxIvYRlej/ajJptE/+OYB41XWptEyUgN+Q+283LBIAXHBCRxMRFLvbn086u0sKSSP2vgk70bDo+w3WYk2X9pIsSB0WlkEelnUoaHux9dyEDNBgDc9BmxxFbfvb3N5m9fNgHzHbV6DAJeZ0Y/KIOjuuvBt37lkrxaWAD6I9xB7Nx1uqYuTUZNfVr+3uH6qJXydcyNxUISe9Xf7ZVMW45DwLVXIchLOCaGNq8p3yrrLPvGye7g6L6KKr8orjz2tYGDJg9BDNUHBOShpcr+iUZgByBBEQCFU3MmEHTpMPrhJDYEHuZRJ0DwuDjVC8HI8T4v8FlH9lUVXFtvYp1LtkHljzMUuDbA9VE8QAdhifGI3bcyUbid1Q8pnt930p19aPhY9p1OnCcUmmqoIBVrCFlpczhUPPmgB7xrkwSvv429gtprhRXnWVmYy2jUtieGLt4+NPTT66FxqE12p/PLKMgI5jARfgx5egNl4DNkoBYL3X1cUGUYZhuyU0pyaSeokTO6HyKTYPqQ==",
            "tags": null
          },
          "private": "eyJzY2hlbWFfdmVyc2lvbiI6IjEifQ==",
          "dependencies": [
            "module.ecs.tls_private_key.this"
          ]
        }
      ]
    },
    {
      "module": "module.ecs",
      "mode": "managed",
      "type": "aws_launch_template",
      "name": "ecs_instance_template",
      "provider": "provider[\"registry.terraform.io/hashicorp/aws\"]",
      "instances": [
        {
          "schema_version": 0,
          "attributes": {
            "arn": "arn:aws:ec2:ap-southeast-2:518667233221:launch-template/lt-072a42aa171c71517",
            "block_device_mappings": [],
            "capacity_reservation_specification": [],
            "cpu_options": [],
            "credit_specification": [],
            "default_version": 1,
            "description": "",
            "disable_api_termination": false,
            "ebs_optimized": "",
            "elastic_gpu_specifications": [],
            "elastic_inference_accelerator": [],
            "hibernation_options": [],
            "iam_instance_profile": [
              {
                "arn": "arn:aws:iam::518667233221:instance-profile/demo-profile",
                "name": ""
              }
            ],
            "id": "lt-072a42aa171c71517",
            "image_id": "ami-05c621ca32de56e7a",
            "instance_initiated_shutdown_behavior": "terminate",
            "instance_market_options": [],
            "instance_type": "t3.large",
            "kernel_id": "",
            "key_name": "deployer-key-autoscaling",
            "latest_version": 1,
            "license_specification": [],
            "metadata_options": [],
            "monitoring": [],
            "name": "ecs-template-demo",
            "name_prefix": null,
            "network_interfaces": [],
            "placement": [],
            "ram_disk_id": "",
            "security_group_names": null,
            "tag_specifications": [
              {
                "resource_type": "instance",
                "tags": {
                  "Name": "ecs-template-demo"
                }
              }
            ],
            "tags": null,
            "update_default_version": null,
            "user_data": "IyEvYmluL2Jhc2gNCnN1ZG8geXVtIHVwZGF0ZSAteSBlY3MtaW5pdA0KZWNobyBFQ1NfQ0xVU1RFUj1lY3MtZGVtbyA+PiAvZXRjL2Vjcy9lY3MuY29uZmlnOw0KZWNobyBFQ1NfQkFDS0VORF9IT1NUPSA+PiAvZXRjL2Vjcy9lY3MuY29uZmlnOw0KZWNobyBFQ1NfRU5HSU5FX1RBU0tfQ0xFQU5VUF9XQUlUX0RVUkFUSU9OPTE1bSA+PiAvZXRjL2Vjcy9lY3MuY29uZmlnOw0KZWNobyBFQ1NfSU1BR0VfQ0xFQU5VUF9JTlRFUlZBTD0xMG0gPj4gL2V0Yy9lY3MvZWNzLmNvbmZpZzsNCmVjaG8gRUNTX0lNQUdFX01JTklNVU1fQ0xFQU5VUF9BR0U9MTVtID4+IC9ldGMvZWNzL2Vjcy5jb25maWc7DQp0b3VjaCAvZXRjL3N5c2N0bC5kLzUwLWNvcmVkdW1wLmNvbmYNCmVjaG8gImtlcm5lbC5jb3JlX3BhdHRlcm49fC9iaW4vZmFsc2UiID4+IC9ldGMvc3lzY3RsLmQvNTAtY29yZWR1bXAuY29uZg0Kc3lzY3RsIC1wIC9ldGMvc3lzY3RsLmQvNTAtY29yZWR1bXAuY29uZg0Kc3VkbyBzZXJ2aWNlIGRvY2tlciByZXN0YXJ0ICYmIHN1ZG8gc3RhcnQgZWNz",
            "vpc_security_group_ids": [
              "sg-00f4e4a809b2a178d"
            ]
          },
          "private": "bnVsbA==",
          "dependencies": [
            "module.ecs.aws_iam_instance_profile.demo-profile",
            "module.ecs.aws_iam_role.demo-role",
            "module.ecs.aws_key_pair.this",
            "module.ecs.aws_security_group.launch-templates-sg",
            "module.ecs.data.template_file.user_data",
            "module.ecs.tls_private_key.this",
            "module.vpc.aws_vpc.this"
          ]
        }
      ]
    },
    {
      "module": "module.ecs",
      "mode": "managed",
      "type": "aws_lb",
      "name": "demo-alb",
      "provider": "provider[\"registry.terraform.io/hashicorp/aws\"]",
      "instances": [
        {
          "schema_version": 0,
          "attributes": {
            "access_logs": [
              {
                "bucket": "",
                "enabled": false,
                "prefix": ""
              }
            ],
            "arn": "arn:aws:elasticloadbalancing:ap-southeast-2:518667233221:loadbalancer/app/demo-alb/afccf1dcee86f4f5",
            "arn_suffix": "app/demo-alb/afccf1dcee86f4f5",
            "customer_owned_ipv4_pool": "",
            "dns_name": "demo-alb-1896910295.ap-southeast-2.elb.amazonaws.com",
            "drop_invalid_header_fields": false,
            "enable_cross_zone_load_balancing": null,
            "enable_deletion_protection": false,
            "enable_http2": true,
            "id": "arn:aws:elasticloadbalancing:ap-southeast-2:518667233221:loadbalancer/app/demo-alb/afccf1dcee86f4f5",
            "idle_timeout": 60,
            "internal": false,
            "ip_address_type": "ipv4",
            "load_balancer_type": "application",
            "name": "demo-alb",
            "name_prefix": null,
            "security_groups": [
              "sg-022545a77986cc706"
            ],
            "subnet_mapping": [
              {
                "allocation_id": "",
                "outpost_id": "",
                "private_ipv4_address": "",
                "subnet_id": "subnet-036833d67f1a3a5ab"
              },
              {
                "allocation_id": "",
                "outpost_id": "",
                "private_ipv4_address": "",
                "subnet_id": "subnet-08985685fd55df739"
              },
              {
                "allocation_id": "",
                "outpost_id": "",
                "private_ipv4_address": "",
                "subnet_id": "subnet-0c80f57e25171bf15"
              }
            ],
            "subnets": [
              "subnet-036833d67f1a3a5ab",
              "subnet-08985685fd55df739",
              "subnet-0c80f57e25171bf15"
            ],
            "tags": {
              "Name": "demo-alb"
            },
            "timeouts": null,
            "vpc_id": "vpc-04d3a949a75864a5e",
            "zone_id": "Z1GM3OXH4ZPM65"
          },
          "private": "eyJlMmJmYjczMC1lY2FhLTExZTYtOGY4OC0zNDM2M2JjN2M0YzAiOnsiY3JlYXRlIjo2MDAwMDAwMDAwMDAsImRlbGV0ZSI6NjAwMDAwMDAwMDAwLCJ1cGRhdGUiOjYwMDAwMDAwMDAwMH19",
          "dependencies": [
            "module.ecs.aws_security_group.alb-demo-sg",
            "module.vpc.aws_subnet.public_subnet",
            "module.vpc.aws_vpc.this",
            "module.vpc.data.aws_availability_zones.available"
          ]
        }
      ]
    },
    {
      "module": "module.ecs",
      "mode": "managed",
      "type": "aws_lb_listener",
      "name": "demo-http-listener",
      "provider": "provider[\"registry.terraform.io/hashicorp/aws\"]",
      "instances": [
        {
          "schema_version": 0,
          "attributes": {
            "arn": "arn:aws:elasticloadbalancing:ap-southeast-2:518667233221:listener/app/demo-alb/afccf1dcee86f4f5/f8594f627d153f76",
            "certificate_arn": null,
            "default_action": [
              {
                "authenticate_cognito": [],
                "authenticate_oidc": [],
                "fixed_response": [],
                "forward": [],
                "order": 1,
                "redirect": [],
                "target_group_arn": "arn:aws:elasticloadbalancing:ap-southeast-2:518667233221:targetgroup/demo-tg/b3fcb3ea18dbe286",
                "type": "forward"
              }
            ],
            "id": "arn:aws:elasticloadbalancing:ap-southeast-2:518667233221:listener/app/demo-alb/afccf1dcee86f4f5/f8594f627d153f76",
            "load_balancer_arn": "arn:aws:elasticloadbalancing:ap-southeast-2:518667233221:loadbalancer/app/demo-alb/afccf1dcee86f4f5",
            "port": 80,
            "protocol": "HTTP",
            "ssl_policy": "",
            "timeouts": null
          },
          "private": "eyJlMmJmYjczMC1lY2FhLTExZTYtOGY4OC0zNDM2M2JjN2M0YzAiOnsicmVhZCI6NjAwMDAwMDAwMDAwfX0=",
          "dependencies": [
            "module.ecs.aws_lb.demo-alb",
            "module.ecs.aws_lb_target_group.demo-tg",
            "module.ecs.aws_security_group.alb-demo-sg",
            "module.vpc.aws_subnet.public_subnet",
            "module.vpc.aws_vpc.this",
            "module.vpc.data.aws_availability_zones.available"
          ]
        }
      ]
    },
    {
      "module": "module.ecs",
      "mode": "managed",
      "type": "aws_lb_listener_rule",
      "name": "listener-rule-demo",
      "provider": "provider[\"registry.terraform.io/hashicorp/aws\"]",
      "instances": [
        {
          "schema_version": 0,
          "attributes": {
            "action": [
              {
                "authenticate_cognito": [],
                "authenticate_oidc": [],
                "fixed_response": [],
                "forward": [],
                "order": 1,
                "redirect": [],
                "target_group_arn": "arn:aws:elasticloadbalancing:ap-southeast-2:518667233221:targetgroup/demo-tg/b3fcb3ea18dbe286",
                "type": "forward"
              }
            ],
            "arn": "arn:aws:elasticloadbalancing:ap-southeast-2:518667233221:listener-rule/app/demo-alb/afccf1dcee86f4f5/f8594f627d153f76/a4acb3ab62f10207",
            "condition": [
              {
                "host_header": [],
                "http_header": [],
                "http_request_method": [
                  {
                    "values": [
                      "GET",
                      "HEAD"
                    ]
                  }
                ],
                "path_pattern": [],
                "query_string": [],
                "source_ip": []
              },
              {
                "host_header": [],
                "http_header": [],
                "http_request_method": [],
                "path_pattern": [
                  {
                    "values": [
                      "/static/*"
                    ]
                  }
                ],
                "query_string": [],
                "source_ip": []
              }
            ],
            "id": "arn:aws:elasticloadbalancing:ap-southeast-2:518667233221:listener-rule/app/demo-alb/afccf1dcee86f4f5/f8594f627d153f76/a4acb3ab62f10207",
            "listener_arn": "arn:aws:elasticloadbalancing:ap-southeast-2:518667233221:listener/app/demo-alb/afccf1dcee86f4f5/f8594f627d153f76",
            "priority": 1
          },
          "private": "bnVsbA==",
          "dependencies": [
            "module.ecs.aws_lb.demo-alb",
            "module.ecs.aws_lb_listener.demo-http-listener",
            "module.ecs.aws_lb_target_group.demo-tg",
            "module.ecs.aws_security_group.alb-demo-sg",
            "module.vpc.aws_subnet.public_subnet",
            "module.vpc.aws_vpc.this",
            "module.vpc.data.aws_availability_zones.available"
          ]
        }
      ]
    },
    {
      "module": "module.ecs",
      "mode": "managed",
      "type": "aws_lb_target_group",
      "name": "demo-tg",
      "provider": "provider[\"registry.terraform.io/hashicorp/aws\"]",
      "instances": [
        {
          "schema_version": 0,
          "attributes": {
            "arn": "arn:aws:elasticloadbalancing:ap-southeast-2:518667233221:targetgroup/demo-tg/b3fcb3ea18dbe286",
            "arn_suffix": "targetgroup/demo-tg/b3fcb3ea18dbe286",
            "deregistration_delay": 300,
            "health_check": [
              {
                "enabled": true,
                "healthy_threshold": 5,
                "interval": 30,
                "matcher": "200",
                "path": "/",
                "port": "traffic-port",
                "protocol": "HTTP",
                "timeout": 5,
                "unhealthy_threshold": 2
              }
            ],
            "id": "arn:aws:elasticloadbalancing:ap-southeast-2:518667233221:targetgroup/demo-tg/b3fcb3ea18dbe286",
            "lambda_multi_value_headers_enabled": false,
            "load_balancing_algorithm_type": "round_robin",
            "name": "demo-tg",
            "name_prefix": null,
            "port": 80,
            "protocol": "HTTP",
            "proxy_protocol_v2": false,
            "slow_start": 0,
            "stickiness": [
              {
                "cookie_duration": 86400,
                "enabled": false,
                "type": "lb_cookie"
              }
            ],
            "tags": null,
            "target_type": "ip",
            "vpc_id": "vpc-04d3a949a75864a5e"
          },
          "private": "bnVsbA==",
          "dependencies": [
            "module.ecs.aws_lb.demo-alb",
            "module.ecs.aws_security_group.alb-demo-sg",
            "module.vpc.aws_subnet.public_subnet",
            "module.vpc.aws_vpc.this",
            "module.vpc.data.aws_availability_zones.available"
          ]
        }
      ]
    },
    {
      "module": "module.ecs",
      "mode": "managed",
      "type": "aws_security_group",
      "name": "alb-demo-sg",
      "provider": "provider[\"registry.terraform.io/hashicorp/aws\"]",
      "instances": [
        {
          "schema_version": 1,
          "attributes": {
            "arn": "arn:aws:ec2:ap-southeast-2:518667233221:security-group/sg-022545a77986cc706",
            "description": "Security Group for application Load Balancer",
            "egress": [
              {
                "cidr_blocks": [
                  "0.0.0.0/0"
                ],
                "description": "",
                "from_port": 0,
                "ipv6_cidr_blocks": [],
                "prefix_list_ids": [],
                "protocol": "-1",
                "security_groups": [],
                "self": false,
                "to_port": 0
              }
            ],
            "id": "sg-022545a77986cc706",
            "ingress": [
              {
                "cidr_blocks": [
                  "0.0.0.0/0"
                ],
                "description": "",
                "from_port": 0,
                "ipv6_cidr_blocks": [],
                "prefix_list_ids": [],
                "protocol": "-1",
                "security_groups": [],
                "self": false,
                "to_port": 0
              }
            ],
            "name": "alb-demo-sg",
            "name_prefix": "",
            "owner_id": "518667233221",
            "revoke_rules_on_delete": false,
            "tags": {
              "Name": "alb-security-group"
            },
            "timeouts": null,
            "vpc_id": "vpc-04d3a949a75864a5e"
          },
          "private": "eyJlMmJmYjczMC1lY2FhLTExZTYtOGY4OC0zNDM2M2JjN2M0YzAiOnsiY3JlYXRlIjo2MDAwMDAwMDAwMDAsImRlbGV0ZSI6NjAwMDAwMDAwMDAwfSwic2NoZW1hX3ZlcnNpb24iOiIxIn0=",
          "dependencies": [
            "module.vpc.aws_vpc.this"
          ]
        }
      ]
    },
    {
      "module": "module.ecs",
      "mode": "managed",
      "type": "aws_security_group",
      "name": "ecs-service-demo-sg",
      "provider": "provider[\"registry.terraform.io/hashicorp/aws\"]",
      "instances": [
        {
          "schema_version": 1,
          "attributes": {
            "arn": "arn:aws:ec2:ap-southeast-2:518667233221:security-group/sg-05139be117326ae35",
            "description": "Security Group for ECS Services",
            "egress": [
              {
                "cidr_blocks": [
                  "0.0.0.0/0"
                ],
                "description": "",
                "from_port": 0,
                "ipv6_cidr_blocks": [],
                "prefix_list_ids": [],
                "protocol": "-1",
                "security_groups": [],
                "self": false,
                "to_port": 0
              }
            ],
            "id": "sg-05139be117326ae35",
            "ingress": [
              {
                "cidr_blocks": [
                  "0.0.0.0/0"
                ],
                "description": "",
                "from_port": 0,
                "ipv6_cidr_blocks": [],
                "prefix_list_ids": [],
                "protocol": "-1",
                "security_groups": [],
                "self": false,
                "to_port": 0
              }
            ],
            "name": "ecs-service-demo-sg",
            "name_prefix": "",
            "owner_id": "518667233221",
            "revoke_rules_on_delete": false,
            "tags": {
              "Name": "ecs-service-demo-sg"
            },
            "timeouts": null,
            "vpc_id": "vpc-04d3a949a75864a5e"
          },
          "private": "eyJlMmJmYjczMC1lY2FhLTExZTYtOGY4OC0zNDM2M2JjN2M0YzAiOnsiY3JlYXRlIjo2MDAwMDAwMDAwMDAsImRlbGV0ZSI6NjAwMDAwMDAwMDAwfSwic2NoZW1hX3ZlcnNpb24iOiIxIn0=",
          "dependencies": [
            "module.vpc.aws_vpc.this"
          ]
        }
      ]
    },
    {
      "module": "module.ecs",
      "mode": "managed",
      "type": "aws_security_group",
      "name": "launch-templates-sg",
      "provider": "provider[\"registry.terraform.io/hashicorp/aws\"]",
      "instances": [
        {
          "schema_version": 1,
          "attributes": {
            "arn": "arn:aws:ec2:ap-southeast-2:518667233221:security-group/sg-00f4e4a809b2a178d",
            "description": "Security Group for Launch Template",
            "egress": [
              {
                "cidr_blocks": [
                  "0.0.0.0/0"
                ],
                "description": "",
                "from_port": 0,
                "ipv6_cidr_blocks": [],
                "prefix_list_ids": [],
                "protocol": "-1",
                "security_groups": [],
                "self": false,
                "to_port": 0
              }
            ],
            "id": "sg-00f4e4a809b2a178d",
            "ingress": [
              {
                "cidr_blocks": [
                  "0.0.0.0/0"
                ],
                "description": "",
                "from_port": 0,
                "ipv6_cidr_blocks": [],
                "prefix_list_ids": [],
                "protocol": "-1",
                "security_groups": [],
                "self": false,
                "to_port": 0
              }
            ],
            "name": "launch-template-sg",
            "name_prefix": "",
            "owner_id": "518667233221",
            "revoke_rules_on_delete": false,
            "tags": {
              "Name": "launch-template-security-group"
            },
            "timeouts": null,
            "vpc_id": "vpc-04d3a949a75864a5e"
          },
          "private": "eyJlMmJmYjczMC1lY2FhLTExZTYtOGY4OC0zNDM2M2JjN2M0YzAiOnsiY3JlYXRlIjo2MDAwMDAwMDAwMDAsImRlbGV0ZSI6NjAwMDAwMDAwMDAwfSwic2NoZW1hX3ZlcnNpb24iOiIxIn0=",
          "dependencies": [
            "module.vpc.aws_vpc.this"
          ]
        }
      ]
    },
    {
      "module": "module.ecs",
      "mode": "managed",
      "type": "aws_service_discovery_private_dns_namespace",
      "name": "demo-service-discovery-private-dns",
      "provider": "provider[\"registry.terraform.io/hashicorp/aws\"]",
      "instances": [
        {
          "schema_version": 0,
          "attributes": {
            "arn": "arn:aws:servicediscovery:ap-southeast-2:518667233221:namespace/ns-noeaeg6k2ysmsvmb",
            "description": "Sample Service Discovery Private DNS",
            "hosted_zone": "Z038503352VQX5TE88TI",
            "id": "ns-noeaeg6k2ysmsvmb",
            "name": "demo.ralali.local",
            "tags": null,
            "vpc": "vpc-04d3a949a75864a5e"
          },
          "private": "bnVsbA==",
          "dependencies": [
            "module.vpc.aws_vpc.this"
          ]
        }
      ]
    },
    {
      "module": "module.ecs",
      "mode": "managed",
      "type": "aws_service_discovery_service",
      "name": "service-discovery-demo",
      "provider": "provider[\"registry.terraform.io/hashicorp/aws\"]",
      "instances": [
        {
          "schema_version": 0,
          "attributes": {
            "arn": "arn:aws:servicediscovery:ap-southeast-2:518667233221:service/srv-mozmtsq23egqq6ak",
            "description": "",
            "dns_config": [
              {
                "dns_records": [
                  {
                    "ttl": 60,
                    "type": "A"
                  }
                ],
                "namespace_id": "ns-noeaeg6k2ysmsvmb",
                "routing_policy": "MULTIVALUE"
              }
            ],
            "health_check_config": [],
            "health_check_custom_config": [
              {
                "failure_threshold": 1
              }
            ],
            "id": "srv-mozmtsq23egqq6ak",
            "name": "service-discovery-demo",
            "namespace_id": "ns-noeaeg6k2ysmsvmb",
            "tags": null
          },
          "private": "bnVsbA==",
          "dependencies": [
            "module.ecs.aws_service_discovery_private_dns_namespace.demo-service-discovery-private-dns",
            "module.vpc.aws_vpc.this"
          ]
        }
      ]
    },
    {
      "module": "module.ecs",
      "mode": "managed",
      "type": "tls_private_key",
      "name": "this",
      "provider": "provider[\"registry.terraform.io/hashicorp/tls\"]",
      "instances": [
        {
          "schema_version": 0,
          "attributes": {
            "algorithm": "RSA",
            "ecdsa_curve": "P224",
            "id": "27ae358955b3aa908ab4c6981a4567c9e2d97b03",
            "private_key_pem": "-----BEGIN RSA PRIVATE KEY-----\nMIIJKAIBAAKCAgEAqerjiXqIwE/4ZMo/d87bcQBbbpT86ydgxbwD/ZBk7wHij5Gs\nlWsdd8RIFzgOnA8+Faf9NdgWiZm+tytjhPDVEodW162muvEoroJgJaI/p2YUJcMg\nmKdgE1yXzZ4aMG7HXTVQCkNPeMTxNTJ/LvzJKLLV945amhx6zDfTsSL2EZXo/2oy\nabRP/jmAeNV1qbRMlIDfkPtvNywSAFxwQkcTERS7259POrtLCkkj9r4JO9Gw6PsN\n1mJNl/aSLEgdFpZBHpZ1KGh7sfXchAzQYA3PQZscRW3729zeZvXzYB8x21egwCXm\ndGPyiDo7rrwbd+5ZK8WlgA+iPcQezcdbqmLk1GTX1a/t7h+qiV8nXMjcVCEnvV3+\n2VTFuOQ8C1VyHISzgmhjavKd8q6yz7xsnu4Oi+iiq/KK489rWBgyYPQQzVBwTkoa\nXK/olGYAcgQREAhVNzJhB06TD64SQ2BB7mUSdA8Lg41QvByPE+L/BZR/ZVFVxbb2\nKdS7ZB5Y8zFLg2wPVRPEAHYYnxiN23MlG4ndUPKZ7fd9KdfWj4WPadTpwnFJpqqC\nAVawhZaXM4VDz5oAe8a5MEr7+NvYLaa4UV51lZmMto1LYnhi7ePjT00+uhcahNdq\nfzyyjICOYwEX4MeXoDZeAzZKAWC919XFBlGGYbslNKcmknqJEzuh8ik2D6kCAwEA\nAQKCAgEAlL+ICaY3aQOZE8Lp5Nw1xqrlX90VvFZwpSl+5M8vTPx9dem1B+kJlvtB\nkPIF+CBv3U1+oVBWCoeJKZjWOl8KaHoKUC04tJbBYmPH/6oVx1nZcWVsd7auqMR6\nMAqkKpoP9UzikNl0DOl7r3JRXLT29KX6IgmAz0D3TyfgLkXI3IQ7wL0a/OZY0NlN\n2noj0zh/gdF/5c/3AHmYGLDTpXHLAzz/Z7gDCAtGGe8FiM+8DZ34HT0KVA8illHI\njPNkY42N3FUiowk0oAn3zbHaCPyN34UGLtGllke4erH9KLymTLpdg1iqcmG8w/0W\nmlUaRtdlQKh5xa3p/eBehw5q9LI2Vzvuo82TdeHjMwhb+TVHL1XhT850wXiMfoNH\nLxi/1mMaIm+7ryNYRdLO6nh5sK9mxQk5FGbPTs7OpRukXYOCpR9wqS0NpdbJGAQk\nsukFYPRAZFMJdmRsbBVw9Up+RSPqVgBEYRfeEEYGxX78lLgdofXPQV6621vY3Ct8\n84rqAbG2yaYygGbZ2fE8tWRQnaKZhYSB0HoyCkk0BLFKJ3fxFIIABAIZjAQlnZCF\nOdLDmSYX4hPemEYtEPDuIZIma4rNSh2dSw1tm7uxpIFezvSklb6Q9aYJKAW34q3c\n9skH/0Ey6EX5UbW8Op5nDKrHPFsaihxCJ54pz9X7iSYQERa6xzECggEBAM3kPrbd\n0jg1hb/cMBl72y/9m0UfnY0revJFU7y22yynaCVRV4BwzBCXnov4Bu9RyTYWsj90\ngS4EzG+YlDjUphfFm2rV/meAjvPWp3wkDW6bZaJxWrnlTbJVbRnq+Ywz1tfHDryz\nmvEPEX6f+QfTrIYsdNL4yRarwjnR7SEYGVNZM2wBBd1EoC+DMpGk8cbTxNEI4rh3\nY135nZFgCZ/90N0jJAU4/nXTHOvyZ4pVO6eJoNyQxh7L04IPuChsqVRJGBUnjWyQ\nQHS1v3Sj32mFj+F5kwlDG6BFpJUdb+KKcmZFVzKI32tVOVqQZbekUNM6jR50IXHa\nVG5iHZ9UqOB68ocCggEBANNFVjMy05yq10VXjervb4NpZfnLnlCm3XCSqognsDSL\nX3O3STpHGOVxbhdAtAMhZ+cMI0BONTuD6BXcvniWlp83RSsFYtmgOze9/ai2S8EB\nFbXI5qaxbqiYUyUSeUE/4Sc6mRBfRCuX8js9PtNN60oO6/wMZZ7us7QwWyW4GNDn\nswtRyli+AMC10HthfacpbJV6LPrLbTgrqoTDMW864qA2sJ0fHI4BVIGUdHy8ukcr\nFnnaQX4bO0J6JZEbmdOyWXNMi3FU38FT5xS5QEpM3ik/ZuU8ugUyM2ACyUqkvWzu\nXPcwVC8heOPrQAbfJ9HnNqiqtCVjdEoto3uZIMYHCE8CggEAafw8bFXziQvENeda\nu0OOqT2bWBHWQH1JZL1bRaG7YVkru0oMCQoHgeMKsnKS307yjO1SBGgst0uxESEx\n669LcKFAR9awhwcej1bIEJdecrl7sAs58MehH1PqPZU/sHRe++R0KZ8q+zwOfWhM\nAUNtZAQufwuiOBFigfEWaBrHrqgUWFyOcECLVOnsdhy6eOc6QYCZdOvAMvfzrIoL\nalh109/rAuU719s84BiARC1r7+pg7Cl6UxAJaMI+wlBtOf4Gb51Up7X5+Bo23Awf\nTWp7jk3O6s2owvAWsMvedHdgPFUlddYPbGkKhRwfwFDNam6RhkOxk7IYFFpddU9X\nP3cKsQKCAQB6UCwlnAlzLF1RIe1h1Jkk5YJKah4P52tQXzkndoLHCOGMJtLYUI0T\nWOY5xBXzsgVreFV4R07+U9Grxo7nVZeCOgdrbsTZ5bAjB3WxlUiqRqyA//y5CQRd\ny0JnthhJNGhvw7cWCXF4I5HzxfN3dicASz9IPw0eRGf5q/05Cyoi1+GKbiHN2sKo\nzxoSNFEA1DSvHXqo/9kNqgogrrkSAm9t/fumG3r2o8J++qmuBb16snFivn8oOS/H\nvtu89NPMAfdTjz8zr8WTMbYZA187JOGB09kIYm330CZ6MWLEOjgItr9PxMUYPDK3\nEV2SHOP62/eDEsEU3E1ZHK8HQZH909h1AoIBACl3iVDYMWU8itVnetOgyJx/AB3t\nLjdj1ukJc6smZ9FfGIga+qQedHgZDNHgeF7s/B19co+FIv3J/OhikjVgXK2NIrpF\nNTiWDUp/9DQAau1q2HPsx91pepvWWnSGSRMGWDUgWAR1Wp4i/+tnkbs7o0e9Joc3\nDoeFNNr1x1fw9jHKJgAvnjVVjJjSA8RsTRU1BQMpRUtlnMp7q+ZVWWVt6fvP88+o\nd55nbgwCU8tBgPdR9Ml85RfifSKT/JPB0SjrPvdspXo4vAsh4rztcLHVk6dFMyg6\nJktTvRoChWJTzmhwqwtu989afOFgnDBSviRV2WKLgHU7IsBNSuI2PrCC98M=\n-----END RSA PRIVATE KEY-----\n",
            "public_key_fingerprint_md5": "78:81:b5:6e:14:e1:7d:b7:aa:8f:f6:90:61:ca:56:9c",
            "public_key_openssh": "ssh-rsa AAAAB3NzaC1yc2EAAAADAQABAAACAQCp6uOJeojAT/hkyj93zttxAFtulPzrJ2DFvAP9kGTvAeKPkayVax13xEgXOA6cDz4Vp/012BaJmb63K2OE8NUSh1bXraa68SiugmAloj+nZhQlwyCYp2ATXJfNnhowbsddNVAKQ094xPE1Mn8u/MkostX3jlqaHHrMN9OxIvYRlej/ajJptE/+OYB41XWptEyUgN+Q+283LBIAXHBCRxMRFLvbn086u0sKSSP2vgk70bDo+w3WYk2X9pIsSB0WlkEelnUoaHux9dyEDNBgDc9BmxxFbfvb3N5m9fNgHzHbV6DAJeZ0Y/KIOjuuvBt37lkrxaWAD6I9xB7Nx1uqYuTUZNfVr+3uH6qJXydcyNxUISe9Xf7ZVMW45DwLVXIchLOCaGNq8p3yrrLPvGye7g6L6KKr8orjz2tYGDJg9BDNUHBOShpcr+iUZgByBBEQCFU3MmEHTpMPrhJDYEHuZRJ0DwuDjVC8HI8T4v8FlH9lUVXFtvYp1LtkHljzMUuDbA9VE8QAdhifGI3bcyUbid1Q8pnt930p19aPhY9p1OnCcUmmqoIBVrCFlpczhUPPmgB7xrkwSvv429gtprhRXnWVmYy2jUtieGLt4+NPTT66FxqE12p/PLKMgI5jARfgx5egNl4DNkoBYL3X1cUGUYZhuyU0pyaSeokTO6HyKTYPqQ==\n",
            "public_key_pem": "-----BEGIN PUBLIC KEY-----\nMIICIjANBgkqhkiG9w0BAQEFAAOCAg8AMIICCgKCAgEAqerjiXqIwE/4ZMo/d87b\ncQBbbpT86ydgxbwD/ZBk7wHij5GslWsdd8RIFzgOnA8+Faf9NdgWiZm+tytjhPDV\nEodW162muvEoroJgJaI/p2YUJcMgmKdgE1yXzZ4aMG7HXTVQCkNPeMTxNTJ/LvzJ\nKLLV945amhx6zDfTsSL2EZXo/2oyabRP/jmAeNV1qbRMlIDfkPtvNywSAFxwQkcT\nERS7259POrtLCkkj9r4JO9Gw6PsN1mJNl/aSLEgdFpZBHpZ1KGh7sfXchAzQYA3P\nQZscRW3729zeZvXzYB8x21egwCXmdGPyiDo7rrwbd+5ZK8WlgA+iPcQezcdbqmLk\n1GTX1a/t7h+qiV8nXMjcVCEnvV3+2VTFuOQ8C1VyHISzgmhjavKd8q6yz7xsnu4O\ni+iiq/KK489rWBgyYPQQzVBwTkoaXK/olGYAcgQREAhVNzJhB06TD64SQ2BB7mUS\ndA8Lg41QvByPE+L/BZR/ZVFVxbb2KdS7ZB5Y8zFLg2wPVRPEAHYYnxiN23MlG4nd\nUPKZ7fd9KdfWj4WPadTpwnFJpqqCAVawhZaXM4VDz5oAe8a5MEr7+NvYLaa4UV51\nlZmMto1LYnhi7ePjT00+uhcahNdqfzyyjICOYwEX4MeXoDZeAzZKAWC919XFBlGG\nYbslNKcmknqJEzuh8ik2D6kCAwEAAQ==\n-----END PUBLIC KEY-----\n",
            "rsa_bits": 4096
          },
          "private": "bnVsbA=="
        }
      ]
    },
    {
      "module": "module.vpc",
      "mode": "data",
      "type": "aws_availability_zones",
      "name": "available",
      "provider": "provider[\"registry.terraform.io/hashicorp/aws\"]",
      "instances": [
        {
          "schema_version": 0,
          "attributes": {
            "all_availability_zones": null,
            "exclude_names": null,
            "exclude_zone_ids": null,
            "filter": null,
            "group_names": [
              "ap-southeast-2"
            ],
            "id": "2020-10-13 09:29:19.0001204 +0000 UTC",
            "names": [
              "ap-southeast-2a",
              "ap-southeast-2b",
              "ap-southeast-2c"
            ],
            "state": null,
            "zone_ids": [
              "apse2-az3",
              "apse2-az1",
              "apse2-az2"
            ]
          }
        }
      ]
    },
    {
      "module": "module.vpc",
      "mode": "managed",
      "type": "aws_eip",
      "name": "eip",
      "provider": "provider[\"registry.terraform.io/hashicorp/aws\"]",
      "instances": [
        {
          "index_key": 0,
          "schema_version": 0,
          "attributes": {
            "allocation_id": null,
            "associate_with_private_ip": null,
            "association_id": "",
            "customer_owned_ip": "",
            "customer_owned_ipv4_pool": "",
            "domain": "vpc",
            "id": "eipalloc-0dfff63227f00f2cc",
            "instance": "",
            "network_interface": "",
            "private_dns": null,
            "private_ip": "",
            "public_dns": "ec2-54-66-159-158.ap-southeast-2.compute.amazonaws.com",
            "public_ip": "54.66.159.158",
            "public_ipv4_pool": "amazon",
            "tags": {
              "Name": "Elastic IP Nat"
            },
            "timeouts": null,
            "vpc": true
          },
          "private": "eyJlMmJmYjczMC1lY2FhLTExZTYtOGY4OC0zNDM2M2JjN2M0YzAiOnsiZGVsZXRlIjoxODAwMDAwMDAwMDAsInJlYWQiOjkwMDAwMDAwMDAwMCwidXBkYXRlIjozMDAwMDAwMDAwMDB9fQ=="
        },
        {
          "index_key": 1,
          "schema_version": 0,
          "attributes": {
            "allocation_id": null,
            "associate_with_private_ip": null,
            "association_id": "",
            "customer_owned_ip": "",
            "customer_owned_ipv4_pool": "",
            "domain": "vpc",
            "id": "eipalloc-09150f83a413453e2",
            "instance": "",
            "network_interface": "",
            "private_dns": null,
            "private_ip": "",
            "public_dns": "ec2-54-66-115-85.ap-southeast-2.compute.amazonaws.com",
            "public_ip": "54.66.115.85",
            "public_ipv4_pool": "amazon",
            "tags": {
              "Name": "Elastic IP Nat"
            },
            "timeouts": null,
            "vpc": true
          },
          "private": "eyJlMmJmYjczMC1lY2FhLTExZTYtOGY4OC0zNDM2M2JjN2M0YzAiOnsiZGVsZXRlIjoxODAwMDAwMDAwMDAsInJlYWQiOjkwMDAwMDAwMDAwMCwidXBkYXRlIjozMDAwMDAwMDAwMDB9fQ=="
        },
        {
          "index_key": 2,
          "schema_version": 0,
          "attributes": {
            "allocation_id": null,
            "associate_with_private_ip": null,
            "association_id": "",
            "customer_owned_ip": "",
            "customer_owned_ipv4_pool": "",
            "domain": "vpc",
            "id": "eipalloc-06778095b532e5d96",
            "instance": "",
            "network_interface": "",
            "private_dns": null,
            "private_ip": "",
            "public_dns": "ec2-52-62-183-192.ap-southeast-2.compute.amazonaws.com",
            "public_ip": "52.62.183.192",
            "public_ipv4_pool": "amazon",
            "tags": {
              "Name": "Elastic IP Nat"
            },
            "timeouts": null,
            "vpc": true
          },
          "private": "eyJlMmJmYjczMC1lY2FhLTExZTYtOGY4OC0zNDM2M2JjN2M0YzAiOnsiZGVsZXRlIjoxODAwMDAwMDAwMDAsInJlYWQiOjkwMDAwMDAwMDAwMCwidXBkYXRlIjozMDAwMDAwMDAwMDB9fQ=="
        }
      ]
    },
    {
      "module": "module.vpc",
      "mode": "managed",
      "type": "aws_internet_gateway",
      "name": "igw",
      "provider": "provider[\"registry.terraform.io/hashicorp/aws\"]",
      "instances": [
        {
          "schema_version": 0,
          "attributes": {
            "arn": "arn:aws:ec2:ap-southeast-2:518667233221:internet-gateway/igw-0f99f7853077d18e3",
            "id": "igw-0f99f7853077d18e3",
            "owner_id": "518667233221",
            "tags": {
              "Name": "Internet-Gateway"
            },
            "vpc_id": "vpc-04d3a949a75864a5e"
          },
          "private": "bnVsbA==",
          "dependencies": [
            "module.vpc.aws_vpc.this"
          ]
        }
      ]
    },
    {
      "module": "module.vpc",
      "mode": "managed",
      "type": "aws_nat_gateway",
      "name": "nat-gw",
      "provider": "provider[\"registry.terraform.io/hashicorp/aws\"]",
      "instances": [
        {
          "index_key": 0,
          "schema_version": 0,
          "attributes": {
            "allocation_id": "eipalloc-0dfff63227f00f2cc",
            "id": "nat-0bea98838a097ccc6",
            "network_interface_id": "eni-0af35e4aa6eaae3d6",
            "private_ip": "10.43.192.181",
            "public_ip": "54.66.159.158",
            "subnet_id": "subnet-08985685fd55df739",
            "tags": {
              "Name": "NAT-ap-southeast-2a"
            }
          },
          "private": "bnVsbA==",
          "dependencies": [
            "module.vpc.aws_eip.eip",
            "module.vpc.aws_subnet.public_subnet",
            "module.vpc.aws_vpc.this",
            "module.vpc.data.aws_availability_zones.available"
          ]
        },
        {
          "index_key": 1,
          "schema_version": 0,
          "attributes": {
            "allocation_id": "eipalloc-09150f83a413453e2",
            "id": "nat-09307d95182f61832",
            "network_interface_id": "eni-09e1363a2026889a1",
            "private_ip": "10.43.192.200",
            "public_ip": "54.66.115.85",
            "subnet_id": "subnet-0c80f57e25171bf15",
            "tags": {
              "Name": "NAT-ap-southeast-2b"
            }
          },
          "private": "bnVsbA==",
          "dependencies": [
            "module.vpc.aws_eip.eip",
            "module.vpc.aws_subnet.public_subnet",
            "module.vpc.aws_vpc.this",
            "module.vpc.data.aws_availability_zones.available"
          ]
        },
        {
          "index_key": 2,
          "schema_version": 0,
          "attributes": {
            "allocation_id": "eipalloc-06778095b532e5d96",
            "id": "nat-0b085b22b6f5b796e",
            "network_interface_id": "eni-0102fa684686e145a",
            "private_ip": "10.43.192.221",
            "public_ip": "52.62.183.192",
            "subnet_id": "subnet-036833d67f1a3a5ab",
            "tags": {
              "Name": "NAT-ap-southeast-2c"
            }
          },
          "private": "bnVsbA==",
          "dependencies": [
            "module.vpc.aws_eip.eip",
            "module.vpc.aws_subnet.public_subnet",
            "module.vpc.aws_vpc.this",
            "module.vpc.data.aws_availability_zones.available"
          ]
        }
      ]
    },
    {
      "module": "module.vpc",
      "mode": "managed",
      "type": "aws_route_table",
      "name": "node-rt",
      "provider": "provider[\"registry.terraform.io/hashicorp/aws\"]",
      "instances": [
        {
          "index_key": 0,
          "schema_version": 0,
          "attributes": {
            "id": "rtb-0db28355a5365a3b0",
            "owner_id": "518667233221",
            "propagating_vgws": [],
            "route": [
              {
                "cidr_block": "0.0.0.0/0",
                "egress_only_gateway_id": "",
                "gateway_id": "nat-0bea98838a097ccc6",
                "instance_id": "",
                "ipv6_cidr_block": "",
                "local_gateway_id": "",
                "nat_gateway_id": "",
                "network_interface_id": "",
                "transit_gateway_id": "",
                "vpc_peering_connection_id": ""
              }
            ],
            "tags": {
              "Name": "Nodes-RT-ap-southeast-2a"
            },
            "vpc_id": "vpc-04d3a949a75864a5e"
          },
          "private": "bnVsbA==",
          "dependencies": [
            "module.vpc.aws_eip.eip",
            "module.vpc.aws_nat_gateway.nat-gw",
            "module.vpc.aws_subnet.public_subnet",
            "module.vpc.aws_vpc.this",
            "module.vpc.data.aws_availability_zones.available"
          ]
        },
        {
          "index_key": 1,
          "schema_version": 0,
          "attributes": {
            "id": "rtb-0e6177812af0ea899",
            "owner_id": "518667233221",
            "propagating_vgws": [],
            "route": [
              {
                "cidr_block": "0.0.0.0/0",
                "egress_only_gateway_id": "",
                "gateway_id": "nat-09307d95182f61832",
                "instance_id": "",
                "ipv6_cidr_block": "",
                "local_gateway_id": "",
                "nat_gateway_id": "",
                "network_interface_id": "",
                "transit_gateway_id": "",
                "vpc_peering_connection_id": ""
              }
            ],
            "tags": {
              "Name": "Nodes-RT-ap-southeast-2b"
            },
            "vpc_id": "vpc-04d3a949a75864a5e"
          },
          "private": "bnVsbA==",
          "dependencies": [
            "module.vpc.aws_eip.eip",
            "module.vpc.aws_nat_gateway.nat-gw",
            "module.vpc.aws_subnet.public_subnet",
            "module.vpc.aws_vpc.this",
            "module.vpc.data.aws_availability_zones.available"
          ]
        },
        {
          "index_key": 2,
          "schema_version": 0,
          "attributes": {
            "id": "rtb-059d8b478fff0dd33",
            "owner_id": "518667233221",
            "propagating_vgws": [],
            "route": [
              {
                "cidr_block": "0.0.0.0/0",
                "egress_only_gateway_id": "",
                "gateway_id": "nat-0b085b22b6f5b796e",
                "instance_id": "",
                "ipv6_cidr_block": "",
                "local_gateway_id": "",
                "nat_gateway_id": "",
                "network_interface_id": "",
                "transit_gateway_id": "",
                "vpc_peering_connection_id": ""
              }
            ],
            "tags": {
              "Name": "Nodes-RT-ap-southeast-2c"
            },
            "vpc_id": "vpc-04d3a949a75864a5e"
          },
          "private": "bnVsbA==",
          "dependencies": [
            "module.vpc.aws_eip.eip",
            "module.vpc.aws_nat_gateway.nat-gw",
            "module.vpc.aws_subnet.public_subnet",
            "module.vpc.aws_vpc.this",
            "module.vpc.data.aws_availability_zones.available"
          ]
        }
      ]
    },
    {
      "module": "module.vpc",
      "mode": "managed",
      "type": "aws_route_table",
      "name": "public-rt",
      "provider": "provider[\"registry.terraform.io/hashicorp/aws\"]",
      "instances": [
        {
          "schema_version": 0,
          "attributes": {
            "id": "rtb-03e1157875d8f7400",
            "owner_id": "518667233221",
            "propagating_vgws": [],
            "route": [
              {
                "cidr_block": "0.0.0.0/0",
                "egress_only_gateway_id": "",
                "gateway_id": "igw-0f99f7853077d18e3",
                "instance_id": "",
                "ipv6_cidr_block": "",
                "local_gateway_id": "",
                "nat_gateway_id": "",
                "network_interface_id": "",
                "transit_gateway_id": "",
                "vpc_peering_connection_id": ""
              }
            ],
            "tags": {
              "Name": "Public RT"
            },
            "vpc_id": "vpc-04d3a949a75864a5e"
          },
          "private": "bnVsbA==",
          "dependencies": [
            "module.vpc.aws_internet_gateway.igw",
            "module.vpc.aws_vpc.this"
          ]
        }
      ]
    },
    {
      "module": "module.vpc",
      "mode": "managed",
      "type": "aws_route_table_association",
      "name": "node_route_assc",
      "provider": "provider[\"registry.terraform.io/hashicorp/aws\"]",
      "instances": [
        {
          "index_key": 0,
          "schema_version": 0,
          "attributes": {
            "gateway_id": null,
            "id": "rtbassoc-0819bdb1609f91824",
            "route_table_id": "rtb-0db28355a5365a3b0",
            "subnet_id": "subnet-005ca976c8967b663"
          },
          "private": "bnVsbA==",
          "dependencies": [
            "module.vpc.aws_eip.eip",
            "module.vpc.aws_nat_gateway.nat-gw",
            "module.vpc.aws_route_table.node-rt",
            "module.vpc.aws_subnet.nodes_subnet",
            "module.vpc.aws_subnet.public_subnet",
            "module.vpc.aws_vpc.this",
            "module.vpc.data.aws_availability_zones.available"
          ]
        },
        {
          "index_key": 1,
          "schema_version": 0,
          "attributes": {
            "gateway_id": null,
            "id": "rtbassoc-044a93968c0c5df3a",
            "route_table_id": "rtb-0e6177812af0ea899",
            "subnet_id": "subnet-06bb188f3cef429b0"
          },
          "private": "bnVsbA==",
          "dependencies": [
            "module.vpc.aws_eip.eip",
            "module.vpc.aws_nat_gateway.nat-gw",
            "module.vpc.aws_route_table.node-rt",
            "module.vpc.aws_subnet.nodes_subnet",
            "module.vpc.aws_subnet.public_subnet",
            "module.vpc.aws_vpc.this",
            "module.vpc.data.aws_availability_zones.available"
          ]
        },
        {
          "index_key": 2,
          "schema_version": 0,
          "attributes": {
            "gateway_id": null,
            "id": "rtbassoc-0792108071c7eed03",
            "route_table_id": "rtb-059d8b478fff0dd33",
            "subnet_id": "subnet-0d7d22dc3015abe77"
          },
          "private": "bnVsbA==",
          "dependencies": [
            "module.vpc.aws_eip.eip",
            "module.vpc.aws_nat_gateway.nat-gw",
            "module.vpc.aws_route_table.node-rt",
            "module.vpc.aws_subnet.nodes_subnet",
            "module.vpc.aws_subnet.public_subnet",
            "module.vpc.aws_vpc.this",
            "module.vpc.data.aws_availability_zones.available"
          ]
        }
      ]
    },
    {
      "module": "module.vpc",
      "mode": "managed",
      "type": "aws_route_table_association",
      "name": "public_route_assc",
      "provider": "provider[\"registry.terraform.io/hashicorp/aws\"]",
      "instances": [
        {
          "index_key": 0,
          "schema_version": 0,
          "attributes": {
            "gateway_id": null,
            "id": "rtbassoc-00edc0174e033b47f",
            "route_table_id": "rtb-03e1157875d8f7400",
            "subnet_id": "subnet-08985685fd55df739"
          },
          "private": "bnVsbA==",
          "dependencies": [
            "module.vpc.aws_internet_gateway.igw",
            "module.vpc.aws_route_table.public-rt",
            "module.vpc.aws_subnet.public_subnet",
            "module.vpc.aws_vpc.this",
            "module.vpc.data.aws_availability_zones.available"
          ]
        },
        {
          "index_key": 1,
          "schema_version": 0,
          "attributes": {
            "gateway_id": null,
            "id": "rtbassoc-0379af096a2264d15",
            "route_table_id": "rtb-03e1157875d8f7400",
            "subnet_id": "subnet-0c80f57e25171bf15"
          },
          "private": "bnVsbA==",
          "dependencies": [
            "module.vpc.aws_internet_gateway.igw",
            "module.vpc.aws_route_table.public-rt",
            "module.vpc.aws_subnet.public_subnet",
            "module.vpc.aws_vpc.this",
            "module.vpc.data.aws_availability_zones.available"
          ]
        },
        {
          "index_key": 2,
          "schema_version": 0,
          "attributes": {
            "gateway_id": null,
            "id": "rtbassoc-03869216af1e23bb2",
            "route_table_id": "rtb-03e1157875d8f7400",
            "subnet_id": "subnet-036833d67f1a3a5ab"
          },
          "private": "bnVsbA==",
          "dependencies": [
            "module.vpc.aws_internet_gateway.igw",
            "module.vpc.aws_route_table.public-rt",
            "module.vpc.aws_subnet.public_subnet",
            "module.vpc.aws_vpc.this",
            "module.vpc.data.aws_availability_zones.available"
          ]
        }
      ]
    },
    {
      "module": "module.vpc",
      "mode": "managed",
      "type": "aws_subnet",
      "name": "nodes_subnet",
      "provider": "provider[\"registry.terraform.io/hashicorp/aws\"]",
      "instances": [
        {
          "index_key": 0,
          "schema_version": 1,
          "attributes": {
            "arn": "arn:aws:ec2:ap-southeast-2:518667233221:subnet/subnet-005ca976c8967b663",
            "assign_ipv6_address_on_creation": false,
            "availability_zone": "ap-southeast-2a",
            "availability_zone_id": "apse2-az3",
            "cidr_block": "10.43.192.128/28",
            "id": "subnet-005ca976c8967b663",
            "ipv6_cidr_block": "",
            "ipv6_cidr_block_association_id": "",
            "map_public_ip_on_launch": false,
            "outpost_arn": "",
            "owner_id": "518667233221",
            "tags": {
              "Name": "nodes-subnet-ap-southeast-2a"
            },
            "timeouts": null,
            "vpc_id": "vpc-04d3a949a75864a5e"
          },
          "private": "eyJlMmJmYjczMC1lY2FhLTExZTYtOGY4OC0zNDM2M2JjN2M0YzAiOnsiY3JlYXRlIjo2MDAwMDAwMDAwMDAsImRlbGV0ZSI6MTIwMDAwMDAwMDAwMH0sInNjaGVtYV92ZXJzaW9uIjoiMSJ9",
          "dependencies": [
            "module.vpc.aws_vpc.this",
            "module.vpc.data.aws_availability_zones.available"
          ]
        },
        {
          "index_key": 1,
          "schema_version": 1,
          "attributes": {
            "arn": "arn:aws:ec2:ap-southeast-2:518667233221:subnet/subnet-06bb188f3cef429b0",
            "assign_ipv6_address_on_creation": false,
            "availability_zone": "ap-southeast-2b",
            "availability_zone_id": "apse2-az1",
            "cidr_block": "10.43.192.144/28",
            "id": "subnet-06bb188f3cef429b0",
            "ipv6_cidr_block": "",
            "ipv6_cidr_block_association_id": "",
            "map_public_ip_on_launch": false,
            "outpost_arn": "",
            "owner_id": "518667233221",
            "tags": {
              "Name": "nodes-subnet-ap-southeast-2b"
            },
            "timeouts": null,
            "vpc_id": "vpc-04d3a949a75864a5e"
          },
          "private": "eyJlMmJmYjczMC1lY2FhLTExZTYtOGY4OC0zNDM2M2JjN2M0YzAiOnsiY3JlYXRlIjo2MDAwMDAwMDAwMDAsImRlbGV0ZSI6MTIwMDAwMDAwMDAwMH0sInNjaGVtYV92ZXJzaW9uIjoiMSJ9",
          "dependencies": [
            "module.vpc.aws_vpc.this",
            "module.vpc.data.aws_availability_zones.available"
          ]
        },
        {
          "index_key": 2,
          "schema_version": 1,
          "attributes": {
            "arn": "arn:aws:ec2:ap-southeast-2:518667233221:subnet/subnet-0d7d22dc3015abe77",
            "assign_ipv6_address_on_creation": false,
            "availability_zone": "ap-southeast-2c",
            "availability_zone_id": "apse2-az2",
            "cidr_block": "10.43.192.160/28",
            "id": "subnet-0d7d22dc3015abe77",
            "ipv6_cidr_block": "",
            "ipv6_cidr_block_association_id": "",
            "map_public_ip_on_launch": false,
            "outpost_arn": "",
            "owner_id": "518667233221",
            "tags": {
              "Name": "nodes-subnet-ap-southeast-2c"
            },
            "timeouts": null,
            "vpc_id": "vpc-04d3a949a75864a5e"
          },
          "private": "eyJlMmJmYjczMC1lY2FhLTExZTYtOGY4OC0zNDM2M2JjN2M0YzAiOnsiY3JlYXRlIjo2MDAwMDAwMDAwMDAsImRlbGV0ZSI6MTIwMDAwMDAwMDAwMH0sInNjaGVtYV92ZXJzaW9uIjoiMSJ9",
          "dependencies": [
            "module.vpc.aws_vpc.this",
            "module.vpc.data.aws_availability_zones.available"
          ]
        }
      ]
    },
    {
      "module": "module.vpc",
      "mode": "managed",
      "type": "aws_subnet",
      "name": "public_subnet",
      "provider": "provider[\"registry.terraform.io/hashicorp/aws\"]",
      "instances": [
        {
          "index_key": 0,
          "schema_version": 1,
          "attributes": {
            "arn": "arn:aws:ec2:ap-southeast-2:518667233221:subnet/subnet-08985685fd55df739",
            "assign_ipv6_address_on_creation": false,
            "availability_zone": "ap-southeast-2a",
            "availability_zone_id": "apse2-az3",
            "cidr_block": "10.43.192.176/28",
            "id": "subnet-08985685fd55df739",
            "ipv6_cidr_block": "",
            "ipv6_cidr_block_association_id": "",
            "map_public_ip_on_launch": false,
            "outpost_arn": "",
            "owner_id": "518667233221",
            "tags": {
              "Name": "public-subnet-ap-southeast-2a"
            },
            "timeouts": null,
            "vpc_id": "vpc-04d3a949a75864a5e"
          },
          "private": "eyJlMmJmYjczMC1lY2FhLTExZTYtOGY4OC0zNDM2M2JjN2M0YzAiOnsiY3JlYXRlIjo2MDAwMDAwMDAwMDAsImRlbGV0ZSI6MTIwMDAwMDAwMDAwMH0sInNjaGVtYV92ZXJzaW9uIjoiMSJ9",
          "dependencies": [
            "module.vpc.aws_vpc.this",
            "module.vpc.data.aws_availability_zones.available"
          ]
        },
        {
          "index_key": 1,
          "schema_version": 1,
          "attributes": {
            "arn": "arn:aws:ec2:ap-southeast-2:518667233221:subnet/subnet-0c80f57e25171bf15",
            "assign_ipv6_address_on_creation": false,
            "availability_zone": "ap-southeast-2b",
            "availability_zone_id": "apse2-az1",
            "cidr_block": "10.43.192.192/28",
            "id": "subnet-0c80f57e25171bf15",
            "ipv6_cidr_block": "",
            "ipv6_cidr_block_association_id": "",
            "map_public_ip_on_launch": false,
            "outpost_arn": "",
            "owner_id": "518667233221",
            "tags": {
              "Name": "public-subnet-ap-southeast-2b"
            },
            "timeouts": null,
            "vpc_id": "vpc-04d3a949a75864a5e"
          },
          "private": "eyJlMmJmYjczMC1lY2FhLTExZTYtOGY4OC0zNDM2M2JjN2M0YzAiOnsiY3JlYXRlIjo2MDAwMDAwMDAwMDAsImRlbGV0ZSI6MTIwMDAwMDAwMDAwMH0sInNjaGVtYV92ZXJzaW9uIjoiMSJ9",
          "dependencies": [
            "module.vpc.aws_vpc.this",
            "module.vpc.data.aws_availability_zones.available"
          ]
        },
        {
          "index_key": 2,
          "schema_version": 1,
          "attributes": {
            "arn": "arn:aws:ec2:ap-southeast-2:518667233221:subnet/subnet-036833d67f1a3a5ab",
            "assign_ipv6_address_on_creation": false,
            "availability_zone": "ap-southeast-2c",
            "availability_zone_id": "apse2-az2",
            "cidr_block": "10.43.192.208/28",
            "id": "subnet-036833d67f1a3a5ab",
            "ipv6_cidr_block": "",
            "ipv6_cidr_block_association_id": "",
            "map_public_ip_on_launch": false,
            "outpost_arn": "",
            "owner_id": "518667233221",
            "tags": {
              "Name": "public-subnet-ap-southeast-2c"
            },
            "timeouts": null,
            "vpc_id": "vpc-04d3a949a75864a5e"
          },
          "private": "eyJlMmJmYjczMC1lY2FhLTExZTYtOGY4OC0zNDM2M2JjN2M0YzAiOnsiY3JlYXRlIjo2MDAwMDAwMDAwMDAsImRlbGV0ZSI6MTIwMDAwMDAwMDAwMH0sInNjaGVtYV92ZXJzaW9uIjoiMSJ9",
          "dependencies": [
            "module.vpc.aws_vpc.this",
            "module.vpc.data.aws_availability_zones.available"
          ]
        }
      ]
    },
    {
      "module": "module.vpc",
      "mode": "managed",
      "type": "aws_vpc",
      "name": "this",
      "provider": "provider[\"registry.terraform.io/hashicorp/aws\"]",
      "instances": [
        {
          "schema_version": 1,
          "attributes": {
            "arn": "arn:aws:ec2:ap-southeast-2:518667233221:vpc/vpc-04d3a949a75864a5e",
            "assign_generated_ipv6_cidr_block": false,
            "cidr_block": "10.43.192.128/25",
            "default_network_acl_id": "acl-0c46de5647eb9bcce",
            "default_route_table_id": "rtb-031712da12af2f3d3",
            "default_security_group_id": "sg-09e24249a2c91df42",
            "dhcp_options_id": "dopt-41d6ac26",
            "enable_classiclink": false,
            "enable_classiclink_dns_support": false,
            "enable_dns_hostnames": true,
            "enable_dns_support": true,
            "id": "vpc-04d3a949a75864a5e",
            "instance_tenancy": "default",
            "ipv6_association_id": "",
            "ipv6_cidr_block": "",
            "main_route_table_id": "rtb-031712da12af2f3d3",
            "owner_id": "518667233221",
            "tags": {
              "Name": "Demo-VPC"
            }
          },
          "private": "eyJzY2hlbWFfdmVyc2lvbiI6IjEifQ=="
        }
      ]
    }
  ]
}
